// !$*UTF8*$!
{
	archiveVersion = 1;
	classes = {
	};
	objectVersion = 46;
	objects = {

/* Begin PBXBuildFile section */
		042BE11D0A94770D0008B638 /* MiscUtils.c in Sources */ = {isa = PBXBuildFile; fileRef = 041C1E3F0A5D702200991CC7 /* MiscUtils.c */; };
		042BE11E0A94770D0008B638 /* MaxUtils.c in Sources */ = {isa = PBXBuildFile; fileRef = 041C1F980A5D781D00991CC7 /* MaxUtils.c */; };
		042BE1230A94770D0008B638 /* Carbon.framework in Frameworks */ = {isa = PBXBuildFile; fileRef = 08EA7FFBFE8413EDC02AAC07 /* Carbon.framework */; };
		042BEA4E0A94F9090008B638 /* LitterLib.c in Sources */ = {isa = PBXBuildFile; fileRef = 041C1E3D0A5D702200991CC7 /* LitterLib.c */; };
		046B79450D1F015C00B77640 /* Carbon.framework in Frameworks */ = {isa = PBXBuildFile; fileRef = 08EA7FFBFE8413EDC02AAC07 /* Carbon.framework */; };
		046B79470D1F015C00B77640 /* MaxAudioAPI.framework in Frameworks */ = {isa = PBXBuildFile; fileRef = 04E4A2640A95E65A004B0E9C /* MaxAudioAPI.framework */; };
		04E4A26B0A95E65A004B0E9C /* MaxAudioAPI.framework in Frameworks */ = {isa = PBXBuildFile; fileRef = 04E4A2640A95E65A004B0E9C /* MaxAudioAPI.framework */; };
		04E4A2A60A95E992004B0E9C /* MiscUtils.c in Sources */ = {isa = PBXBuildFile; fileRef = 041C1E3F0A5D702200991CC7 /* MiscUtils.c */; };
		04E4A2A70A95E992004B0E9C /* MaxUtils.c in Sources */ = {isa = PBXBuildFile; fileRef = 041C1F980A5D781D00991CC7 /* MaxUtils.c */; };
		04E4A2A80A95E992004B0E9C /* LitterLib.c in Sources */ = {isa = PBXBuildFile; fileRef = 041C1E3D0A5D702200991CC7 /* LitterLib.c */; };
		04E4A2AB0A95E992004B0E9C /* Carbon.framework in Frameworks */ = {isa = PBXBuildFile; fileRef = 08EA7FFBFE8413EDC02AAC07 /* Carbon.framework */; };
		04E4A2AD0A95E992004B0E9C /* MaxAudioAPI.framework in Frameworks */ = {isa = PBXBuildFile; fileRef = 04E4A2640A95E65A004B0E9C /* MaxAudioAPI.framework */; };
		04E4A2BB0A95E9DA004B0E9C /* Taus88.c in Sources */ = {isa = PBXBuildFile; fileRef = 042BEE550A9507350008B638 /* Taus88.c */; };
		04E4A2C20A95E9F9004B0E9C /* MiscUtils.c in Sources */ = {isa = PBXBuildFile; fileRef = 041C1E3F0A5D702200991CC7 /* MiscUtils.c */; };
		04E4A2C30A95E9F9004B0E9C /* MaxUtils.c in Sources */ = {isa = PBXBuildFile; fileRef = 041C1F980A5D781D00991CC7 /* MaxUtils.c */; };
		04E4A2C40A95E9F9004B0E9C /* LitterLib.c in Sources */ = {isa = PBXBuildFile; fileRef = 041C1E3D0A5D702200991CC7 /* LitterLib.c */; };
		04E4A2C60A95E9F9004B0E9C /* Taus88.c in Sources */ = {isa = PBXBuildFile; fileRef = 042BEE550A9507350008B638 /* Taus88.c */; };
		04E4A2C80A95E9F9004B0E9C /* Carbon.framework in Frameworks */ = {isa = PBXBuildFile; fileRef = 08EA7FFBFE8413EDC02AAC07 /* Carbon.framework */; };
		04E4A2CA0A95E9F9004B0E9C /* MaxAudioAPI.framework in Frameworks */ = {isa = PBXBuildFile; fileRef = 04E4A2640A95E65A004B0E9C /* MaxAudioAPI.framework */; };
		04E4A2DF0A95EA47004B0E9C /* MiscUtils.c in Sources */ = {isa = PBXBuildFile; fileRef = 041C1E3F0A5D702200991CC7 /* MiscUtils.c */; };
		04E4A2E00A95EA47004B0E9C /* MaxUtils.c in Sources */ = {isa = PBXBuildFile; fileRef = 041C1F980A5D781D00991CC7 /* MaxUtils.c */; };
		04E4A2E10A95EA47004B0E9C /* LitterLib.c in Sources */ = {isa = PBXBuildFile; fileRef = 041C1E3D0A5D702200991CC7 /* LitterLib.c */; };
		04E4A2E20A95EA47004B0E9C /* Taus88.c in Sources */ = {isa = PBXBuildFile; fileRef = 042BEE550A9507350008B638 /* Taus88.c */; };
		04E4A2E50A95EA47004B0E9C /* Carbon.framework in Frameworks */ = {isa = PBXBuildFile; fileRef = 08EA7FFBFE8413EDC02AAC07 /* Carbon.framework */; };
		04E4A2E70A95EA47004B0E9C /* MaxAudioAPI.framework in Frameworks */ = {isa = PBXBuildFile; fileRef = 04E4A2640A95E65A004B0E9C /* MaxAudioAPI.framework */; };
		04E4A2F90A95EAB7004B0E9C /* MiscUtils.c in Sources */ = {isa = PBXBuildFile; fileRef = 041C1E3F0A5D702200991CC7 /* MiscUtils.c */; };
		04E4A2FA0A95EAB7004B0E9C /* MaxUtils.c in Sources */ = {isa = PBXBuildFile; fileRef = 041C1F980A5D781D00991CC7 /* MaxUtils.c */; };
		04E4A2FB0A95EAB7004B0E9C /* LitterLib.c in Sources */ = {isa = PBXBuildFile; fileRef = 041C1E3D0A5D702200991CC7 /* LitterLib.c */; };
		04E4A2FC0A95EAB7004B0E9C /* Taus88.c in Sources */ = {isa = PBXBuildFile; fileRef = 042BEE550A9507350008B638 /* Taus88.c */; };
		04E4A2FF0A95EAB7004B0E9C /* Carbon.framework in Frameworks */ = {isa = PBXBuildFile; fileRef = 08EA7FFBFE8413EDC02AAC07 /* Carbon.framework */; };
		04E4A3010A95EAB7004B0E9C /* MaxAudioAPI.framework in Frameworks */ = {isa = PBXBuildFile; fileRef = 04E4A2640A95E65A004B0E9C /* MaxAudioAPI.framework */; };
		04E4A3170A95EB5E004B0E9C /* MiscUtils.c in Sources */ = {isa = PBXBuildFile; fileRef = 041C1E3F0A5D702200991CC7 /* MiscUtils.c */; };
		04E4A3180A95EB5E004B0E9C /* MaxUtils.c in Sources */ = {isa = PBXBuildFile; fileRef = 041C1F980A5D781D00991CC7 /* MaxUtils.c */; };
		04E4A3190A95EB5E004B0E9C /* LitterLib.c in Sources */ = {isa = PBXBuildFile; fileRef = 041C1E3D0A5D702200991CC7 /* LitterLib.c */; };
		04E4A31A0A95EB5E004B0E9C /* Taus88.c in Sources */ = {isa = PBXBuildFile; fileRef = 042BEE550A9507350008B638 /* Taus88.c */; };
		04E4A31D0A95EB5E004B0E9C /* Carbon.framework in Frameworks */ = {isa = PBXBuildFile; fileRef = 08EA7FFBFE8413EDC02AAC07 /* Carbon.framework */; };
		04E4A31F0A95EB5E004B0E9C /* MaxAudioAPI.framework in Frameworks */ = {isa = PBXBuildFile; fileRef = 04E4A2640A95E65A004B0E9C /* MaxAudioAPI.framework */; };
		04E4A3310A95EB95004B0E9C /* MiscUtils.c in Sources */ = {isa = PBXBuildFile; fileRef = 041C1E3F0A5D702200991CC7 /* MiscUtils.c */; };
		04E4A3320A95EB95004B0E9C /* MaxUtils.c in Sources */ = {isa = PBXBuildFile; fileRef = 041C1F980A5D781D00991CC7 /* MaxUtils.c */; };
		04E4A3330A95EB95004B0E9C /* LitterLib.c in Sources */ = {isa = PBXBuildFile; fileRef = 041C1E3D0A5D702200991CC7 /* LitterLib.c */; };
		04E4A3340A95EB95004B0E9C /* Taus88.c in Sources */ = {isa = PBXBuildFile; fileRef = 042BEE550A9507350008B638 /* Taus88.c */; };
		04E4A3370A95EB95004B0E9C /* Carbon.framework in Frameworks */ = {isa = PBXBuildFile; fileRef = 08EA7FFBFE8413EDC02AAC07 /* Carbon.framework */; };
		04E4A3390A95EB95004B0E9C /* MaxAudioAPI.framework in Frameworks */ = {isa = PBXBuildFile; fileRef = 04E4A2640A95E65A004B0E9C /* MaxAudioAPI.framework */; };
		04E4A46A0A95F436004B0E9C /* schhh~.c in Sources */ = {isa = PBXBuildFile; fileRef = 04E4A45F0A95F36F004B0E9C /* schhh~.c */; };
		04E4A46B0A95F441004B0E9C /* schhh~.r in Rez */ = {isa = PBXBuildFile; fileRef = 04E4A45A0A95F33E004B0E9C /* schhh~.r */; };
		04E4A46C0A95F449004B0E9C /* sss~.r in Rez */ = {isa = PBXBuildFile; fileRef = 04E4A45B0A95F33E004B0E9C /* sss~.r */; };
		04E4A46D0A95F44E004B0E9C /* sss~.c in Sources */ = {isa = PBXBuildFile; fileRef = 04E4A4600A95F36F004B0E9C /* sss~.c */; };
		04E4A46E0A95F456004B0E9C /* zzz~.c in Sources */ = {isa = PBXBuildFile; fileRef = 04E4A4610A95F36F004B0E9C /* zzz~.c */; };
		04E4A46F0A95F45A004B0E9C /* zzz~.r in Rez */ = {isa = PBXBuildFile; fileRef = 04E4A45C0A95F33E004B0E9C /* zzz~.r */; };
		04E4A4700A95F460004B0E9C /* grrr~.r in Rez */ = {isa = PBXBuildFile; fileRef = 04E4A4560A95F33E004B0E9C /* grrr~.r */; };
		04E4A4710A95F464004B0E9C /* grrr~.c in Sources */ = {isa = PBXBuildFile; fileRef = 04E4A45D0A95F36F004B0E9C /* grrr~.c */; };
		04E4A4720A95F46C004B0E9C /* pvvv~.r in Rez */ = {isa = PBXBuildFile; fileRef = 04E4A4590A95F33E004B0E9C /* pvvv~.r */; };
		04E4A4730A95F472004B0E9C /* phhh~.r in Rez */ = {isa = PBXBuildFile; fileRef = 04E4A4580A95F33E004B0E9C /* phhh~.r */; };
		04E4A4740A95F476004B0E9C /* pfff~.r in Rez */ = {isa = PBXBuildFile; fileRef = 04E4A4570A95F33E004B0E9C /* pfff~.r */; };
		04E4A4750A95F48C004B0E9C /* pfff~.c in Sources */ = {isa = PBXBuildFile; fileRef = 04E4A45E0A95F36F004B0E9C /* pfff~.c */; };
		04E4A4770A95F500004B0E9C /* pfff~.c in Sources */ = {isa = PBXBuildFile; fileRef = 04E4A45E0A95F36F004B0E9C /* pfff~.c */; };
		04E4A47E0A95F5A3004B0E9C /* pfff~.c in Sources */ = {isa = PBXBuildFile; fileRef = 04E4A45E0A95F36F004B0E9C /* pfff~.c */; };
		04E4A48B0A95F681004B0E9C /* Taus88.c in Sources */ = {isa = PBXBuildFile; fileRef = 042BEE550A9507350008B638 /* Taus88.c */; };
		353801D320275E910092DA61 /* qvvv~.c in Sources */ = {isa = PBXBuildFile; fileRef = 046CDDFD0D44E3B5003E1133 /* qvvv~.c */; };
		353801D420275EB40092DA61 /* LitterLib.c in Sources */ = {isa = PBXBuildFile; fileRef = 041C1E3D0A5D702200991CC7 /* LitterLib.c */; };
		353801D520275EB80092DA61 /* MaxUtils.c in Sources */ = {isa = PBXBuildFile; fileRef = 041C1F980A5D781D00991CC7 /* MaxUtils.c */; };
		353801D620275EBE0092DA61 /* MiscUtils.c in Sources */ = {isa = PBXBuildFile; fileRef = 041C1E3F0A5D702200991CC7 /* MiscUtils.c */; };
		353801D720275ECC0092DA61 /* Taus88.c in Sources */ = {isa = PBXBuildFile; fileRef = 042BEE550A9507350008B638 /* Taus88.c */; };
		357EC1D620274D9500F0A976 /* MaxAudioAPI.framework in Frameworks */ = {isa = PBXBuildFile; fileRef = 04E4A2640A95E65A004B0E9C /* MaxAudioAPI.framework */; };
		357EC1E020274DDB00F0A976 /* adummy~.c in Sources */ = {isa = PBXBuildFile; fileRef = 357EC1C920274D8600F0A976 /* adummy~.c */; };
/* End PBXBuildFile section */

/* Begin PBXFileReference section */
		041C1E3D0A5D702200991CC7 /* LitterLib.c */ = {isa = PBXFileReference; fileEncoding = 30; lastKnownFileType = sourcecode.c.c; name = LitterLib.c; path = ../LitterLib/LitterLib.c; sourceTree = "<group>"; };
		041C1E3E0A5D702200991CC7 /* LitterLib.h */ = {isa = PBXFileReference; fileEncoding = 30; lastKnownFileType = sourcecode.c.h; name = LitterLib.h; path = ../LitterLib/LitterLib.h; sourceTree = "<group>"; };
		041C1E3F0A5D702200991CC7 /* MiscUtils.c */ = {isa = PBXFileReference; fileEncoding = 30; lastKnownFileType = sourcecode.c.c; name = MiscUtils.c; path = ../LitterLib/MiscUtils.c; sourceTree = "<group>"; };
		041C1E400A5D702200991CC7 /* MiscUtils.h */ = {isa = PBXFileReference; fileEncoding = 30; lastKnownFileType = sourcecode.c.h; name = MiscUtils.h; path = ../LitterLib/MiscUtils.h; sourceTree = "<group>"; };
		041C1F980A5D781D00991CC7 /* MaxUtils.c */ = {isa = PBXFileReference; fileEncoding = 30; lastKnownFileType = sourcecode.c.c; name = MaxUtils.c; path = ../LitterLib/MaxUtils.c; sourceTree = "<group>"; };
		041C1F990A5D781D00991CC7 /* MaxUtils.h */ = {isa = PBXFileReference; fileEncoding = 30; lastKnownFileType = sourcecode.c.h; name = MaxUtils.h; path = ../LitterLib/MaxUtils.h; sourceTree = "<group>"; };
		042BE12D0A94770D0008B638 /* lp.shhh~.mxo */ = {isa = PBXFileReference; explicitFileType = wrapper.cfbundle; includeInIndex = 0; path = "lp.shhh~.mxo"; sourceTree = BUILT_PRODUCTS_DIR; };
		042BEA5C0A94F9810008B638 /* Litter Globals.r */ = {isa = PBXFileReference; fileEncoding = 30; lastKnownFileType = sourcecode.rez; name = "Litter Globals.r"; path = "../Resources/Litter Globals.r"; sourceTree = "<group>"; };
		042BEE550A9507350008B638 /* Taus88.c */ = {isa = PBXFileReference; fileEncoding = 30; lastKnownFileType = sourcecode.c.c; name = Taus88.c; path = ../LitterLib/Taus88.c; sourceTree = "<group>"; };
		046B794F0D1F015C00B77640 /* lp.qvvv~.mxo */ = {isa = PBXFileReference; explicitFileType = wrapper.cfbundle; includeInIndex = 0; path = "lp.qvvv~.mxo"; sourceTree = BUILT_PRODUCTS_DIR; };
		046CDDFD0D44E3B5003E1133 /* qvvv~.c */ = {isa = PBXFileReference; fileEncoding = 30; lastKnownFileType = sourcecode.c.c; path = "qvvv~.c"; sourceTree = "<group>"; };
		046CDE010D44E3EA003E1133 /* qvvv~.r */ = {isa = PBXFileReference; fileEncoding = 30; lastKnownFileType = sourcecode.rez; name = "qvvv~.r"; path = "../Resources/Signals/qvvv~.r"; sourceTree = "<group>"; };
		04E4A2640A95E65A004B0E9C /* MaxAudioAPI.framework */ = {isa = PBXFileReference; lastKnownFileType = wrapper.framework; name = MaxAudioAPI.framework; path = "/Users/vb/Documents/coding/GitHub/LitterPower/c74support/msp-includes/MaxAudioAPI.framework"; sourceTree = "<absolute>"; };
		04E4A2B50A95E992004B0E9C /* lp.sss~.mxo */ = {isa = PBXFileReference; explicitFileType = wrapper.cfbundle; includeInIndex = 0; path = "lp.sss~.mxo"; sourceTree = BUILT_PRODUCTS_DIR; };
		04E4A2D20A95E9F9004B0E9C /* lp.zzz~.mxo */ = {isa = PBXFileReference; explicitFileType = wrapper.cfbundle; includeInIndex = 0; path = "lp.zzz~.mxo"; sourceTree = BUILT_PRODUCTS_DIR; };
		04E4A2EF0A95EA47004B0E9C /* lp.pfff~.mxo */ = {isa = PBXFileReference; explicitFileType = wrapper.cfbundle; includeInIndex = 0; path = "lp.pfff~.mxo"; sourceTree = BUILT_PRODUCTS_DIR; };
		04E4A3090A95EAB7004B0E9C /* lp.phhh~.mxo */ = {isa = PBXFileReference; explicitFileType = wrapper.cfbundle; includeInIndex = 0; path = "lp.phhh~.mxo"; sourceTree = BUILT_PRODUCTS_DIR; };
		04E4A3270A95EB5E004B0E9C /* lp.pvvv~.mxo */ = {isa = PBXFileReference; explicitFileType = wrapper.cfbundle; includeInIndex = 0; path = "lp.pvvv~.mxo"; sourceTree = BUILT_PRODUCTS_DIR; };
		04E4A3410A95EB95004B0E9C /* lp.grrr~.mxo */ = {isa = PBXFileReference; explicitFileType = wrapper.cfbundle; includeInIndex = 0; path = "lp.grrr~.mxo"; sourceTree = BUILT_PRODUCTS_DIR; };
		04E4A4560A95F33E004B0E9C /* grrr~.r */ = {isa = PBXFileReference; fileEncoding = 30; lastKnownFileType = sourcecode.rez; name = "grrr~.r"; path = "Resources/Signals/grrr~.r"; sourceTree = "<group>"; };
		04E4A4570A95F33E004B0E9C /* pfff~.r */ = {isa = PBXFileReference; fileEncoding = 30; lastKnownFileType = sourcecode.rez; name = "pfff~.r"; path = "Resources/Signals/pfff~.r"; sourceTree = "<group>"; };
		04E4A4580A95F33E004B0E9C /* phhh~.r */ = {isa = PBXFileReference; fileEncoding = 30; lastKnownFileType = sourcecode.rez; name = "phhh~.r"; path = "Resources/Signals/phhh~.r"; sourceTree = "<group>"; };
		04E4A4590A95F33E004B0E9C /* pvvv~.r */ = {isa = PBXFileReference; fileEncoding = 30; lastKnownFileType = sourcecode.rez; name = "pvvv~.r"; path = "Resources/Signals/pvvv~.r"; sourceTree = "<group>"; };
		04E4A45A0A95F33E004B0E9C /* schhh~.r */ = {isa = PBXFileReference; fileEncoding = 30; lastKnownFileType = sourcecode.rez; name = "schhh~.r"; path = "Resources/Signals/schhh~.r"; sourceTree = "<group>"; };
		04E4A45B0A95F33E004B0E9C /* sss~.r */ = {isa = PBXFileReference; fileEncoding = 30; lastKnownFileType = sourcecode.rez; name = "sss~.r"; path = "Resources/Signals/sss~.r"; sourceTree = "<group>"; };
		04E4A45C0A95F33E004B0E9C /* zzz~.r */ = {isa = PBXFileReference; fileEncoding = 30; lastKnownFileType = sourcecode.rez; name = "zzz~.r"; path = "Resources/Signals/zzz~.r"; sourceTree = "<group>"; };
		04E4A45D0A95F36F004B0E9C /* grrr~.c */ = {isa = PBXFileReference; fileEncoding = 30; lastKnownFileType = sourcecode.c.c; path = "grrr~.c"; sourceTree = "<group>"; };
		04E4A45E0A95F36F004B0E9C /* pfff~.c */ = {isa = PBXFileReference; fileEncoding = 30; lastKnownFileType = sourcecode.c.c; path = "pfff~.c"; sourceTree = "<group>"; };
		04E4A45F0A95F36F004B0E9C /* schhh~.c */ = {isa = PBXFileReference; fileEncoding = 30; lastKnownFileType = sourcecode.c.c; path = "schhh~.c"; sourceTree = "<group>"; };
		04E4A4600A95F36F004B0E9C /* sss~.c */ = {isa = PBXFileReference; fileEncoding = 30; lastKnownFileType = sourcecode.c.c; path = "sss~.c"; sourceTree = "<group>"; };
		04E4A4610A95F36F004B0E9C /* zzz~.c */ = {isa = PBXFileReference; fileEncoding = 30; lastKnownFileType = sourcecode.c.c; path = "zzz~.c"; sourceTree = "<group>"; };
		08EA7FFBFE8413EDC02AAC07 /* Carbon.framework */ = {isa = PBXFileReference; lastKnownFileType = wrapper.framework; name = Carbon.framework; path = /System/Library/Frameworks/Carbon.framework; sourceTree = "<absolute>"; };
		357EC1C920274D8600F0A976 /* adummy~.c */ = {isa = PBXFileReference; lastKnownFileType = sourcecode.c.c; path = "adummy~.c"; sourceTree = "<group>"; };
		357EC1DE20274D9500F0A976 /* adummy~.mxo */ = {isa = PBXFileReference; explicitFileType = wrapper.cfbundle; includeInIndex = 0; path = "adummy~.mxo"; sourceTree = BUILT_PRODUCTS_DIR; };
/* End PBXFileReference section */

/* Begin PBXFrameworksBuildPhase section */
		042BE1220A94770D0008B638 /* Frameworks */ = {
			isa = PBXFrameworksBuildPhase;
			buildActionMask = 2147483647;
			files = (
				042BE1230A94770D0008B638 /* Carbon.framework in Frameworks */,
				04E4A26B0A95E65A004B0E9C /* MaxAudioAPI.framework in Frameworks */,
			);
			runOnlyForDeploymentPostprocessing = 0;
		};
		046B79440D1F015C00B77640 /* Frameworks */ = {
			isa = PBXFrameworksBuildPhase;
			buildActionMask = 2147483647;
			files = (
				046B79450D1F015C00B77640 /* Carbon.framework in Frameworks */,
				046B79470D1F015C00B77640 /* MaxAudioAPI.framework in Frameworks */,
			);
			runOnlyForDeploymentPostprocessing = 0;
		};
		04E4A2AA0A95E992004B0E9C /* Frameworks */ = {
			isa = PBXFrameworksBuildPhase;
			buildActionMask = 2147483647;
			files = (
				04E4A2AB0A95E992004B0E9C /* Carbon.framework in Frameworks */,
				04E4A2AD0A95E992004B0E9C /* MaxAudioAPI.framework in Frameworks */,
			);
			runOnlyForDeploymentPostprocessing = 0;
		};
		04E4A2C70A95E9F9004B0E9C /* Frameworks */ = {
			isa = PBXFrameworksBuildPhase;
			buildActionMask = 2147483647;
			files = (
				04E4A2C80A95E9F9004B0E9C /* Carbon.framework in Frameworks */,
				04E4A2CA0A95E9F9004B0E9C /* MaxAudioAPI.framework in Frameworks */,
			);
			runOnlyForDeploymentPostprocessing = 0;
		};
		04E4A2E40A95EA47004B0E9C /* Frameworks */ = {
			isa = PBXFrameworksBuildPhase;
			buildActionMask = 2147483647;
			files = (
				04E4A2E50A95EA47004B0E9C /* Carbon.framework in Frameworks */,
				04E4A2E70A95EA47004B0E9C /* MaxAudioAPI.framework in Frameworks */,
			);
			runOnlyForDeploymentPostprocessing = 0;
		};
		04E4A2FE0A95EAB7004B0E9C /* Frameworks */ = {
			isa = PBXFrameworksBuildPhase;
			buildActionMask = 2147483647;
			files = (
				04E4A2FF0A95EAB7004B0E9C /* Carbon.framework in Frameworks */,
				04E4A3010A95EAB7004B0E9C /* MaxAudioAPI.framework in Frameworks */,
			);
			runOnlyForDeploymentPostprocessing = 0;
		};
		04E4A31C0A95EB5E004B0E9C /* Frameworks */ = {
			isa = PBXFrameworksBuildPhase;
			buildActionMask = 2147483647;
			files = (
				04E4A31D0A95EB5E004B0E9C /* Carbon.framework in Frameworks */,
				04E4A31F0A95EB5E004B0E9C /* MaxAudioAPI.framework in Frameworks */,
			);
			runOnlyForDeploymentPostprocessing = 0;
		};
		04E4A3360A95EB95004B0E9C /* Frameworks */ = {
			isa = PBXFrameworksBuildPhase;
			buildActionMask = 2147483647;
			files = (
				04E4A3370A95EB95004B0E9C /* Carbon.framework in Frameworks */,
				04E4A3390A95EB95004B0E9C /* MaxAudioAPI.framework in Frameworks */,
			);
			runOnlyForDeploymentPostprocessing = 0;
		};
		357EC1D420274D9500F0A976 /* Frameworks */ = {
			isa = PBXFrameworksBuildPhase;
			buildActionMask = 2147483647;
			files = (
				357EC1D620274D9500F0A976 /* MaxAudioAPI.framework in Frameworks */,
			);
			runOnlyForDeploymentPostprocessing = 0;
		};
/* End PBXFrameworksBuildPhase section */

/* Begin PBXGroup section */
		041C1E3B0A5D702200991CC7 /* LitterLib */ = {
			isa = PBXGroup;
			children = (
				041C1E3D0A5D702200991CC7 /* LitterLib.c */,
				041C1E3E0A5D702200991CC7 /* LitterLib.h */,
				041C1F980A5D781D00991CC7 /* MaxUtils.c */,
				041C1F990A5D781D00991CC7 /* MaxUtils.h */,
				041C1E400A5D702200991CC7 /* MiscUtils.h */,
				041C1E3F0A5D702200991CC7 /* MiscUtils.c */,
				042BEE550A9507350008B638 /* Taus88.c */,
			);
			name = LitterLib;
			path = Sources/LitterLib;
			sourceTree = "<group>";
		};
		089C166AFE841209C02AAC07 /* maximum */ = {
			isa = PBXGroup;
			children = (
				08FB77ADFE841716C02AAC07 /* Source */,
				089C167CFE841241C02AAC07 /* Resources */,
				089C1671FE841209C02AAC07 /* External Frameworks and Libraries */,
				19C28FB4FE9D528D11CA2CBB /* Products */,
			);
			name = maximum;
			sourceTree = "<group>";
		};
		089C1671FE841209C02AAC07 /* External Frameworks and Libraries */ = {
			isa = PBXGroup;
			children = (
				04E4A2640A95E65A004B0E9C /* MaxAudioAPI.framework */,
				08EA7FFBFE8413EDC02AAC07 /* Carbon.framework */,
			);
			name = "External Frameworks and Libraries";
			sourceTree = "<group>";
		};
		089C167CFE841241C02AAC07 /* Resources */ = {
			isa = PBXGroup;
			children = (
				04E4A4560A95F33E004B0E9C /* grrr~.r */,
				04E4A4570A95F33E004B0E9C /* pfff~.r */,
				04E4A4580A95F33E004B0E9C /* phhh~.r */,
				04E4A4590A95F33E004B0E9C /* pvvv~.r */,
				046CDE010D44E3EA003E1133 /* qvvv~.r */,
				04E4A45A0A95F33E004B0E9C /* schhh~.r */,
				04E4A45B0A95F33E004B0E9C /* sss~.r */,
				04E4A45C0A95F33E004B0E9C /* zzz~.r */,
				042BEA5C0A94F9810008B638 /* Litter Globals.r */,
			);
			name = Resources;
			sourceTree = "<group>";
		};
		08FB77ADFE841716C02AAC07 /* Source */ = {
			isa = PBXGroup;
			children = (
				357EC1C920274D8600F0A976 /* adummy~.c */,
				04E4A45D0A95F36F004B0E9C /* grrr~.c */,
				04E4A45E0A95F36F004B0E9C /* pfff~.c */,
				046CDDFD0D44E3B5003E1133 /* qvvv~.c */,
				04E4A45F0A95F36F004B0E9C /* schhh~.c */,
				04E4A4600A95F36F004B0E9C /* sss~.c */,
				04E4A4610A95F36F004B0E9C /* zzz~.c */,
				041C1E3B0A5D702200991CC7 /* LitterLib */,
			);
			name = Source;
			path = ../Signals;
			sourceTree = "<group>";
		};
		19C28FB4FE9D528D11CA2CBB /* Products */ = {
			isa = PBXGroup;
			children = (
				042BE12D0A94770D0008B638 /* lp.shhh~.mxo */,
				04E4A2B50A95E992004B0E9C /* lp.sss~.mxo */,
				04E4A2D20A95E9F9004B0E9C /* lp.zzz~.mxo */,
				04E4A2EF0A95EA47004B0E9C /* lp.pfff~.mxo */,
				04E4A3090A95EAB7004B0E9C /* lp.phhh~.mxo */,
				04E4A3270A95EB5E004B0E9C /* lp.pvvv~.mxo */,
				04E4A3410A95EB95004B0E9C /* lp.grrr~.mxo */,
				046B794F0D1F015C00B77640 /* lp.qvvv~.mxo */,
				357EC1DE20274D9500F0A976 /* adummy~.mxo */,
			);
			name = Products;
			sourceTree = "<group>";
		};
/* End PBXGroup section */

/* Begin PBXHeadersBuildPhase section */
		042BE1190A94770D0008B638 /* Headers */ = {
			isa = PBXHeadersBuildPhase;
			buildActionMask = 2147483647;
			files = (
			);
			runOnlyForDeploymentPostprocessing = 0;
		};
		046B793C0D1F015C00B77640 /* Headers */ = {
			isa = PBXHeadersBuildPhase;
			buildActionMask = 2147483647;
			files = (
			);
			runOnlyForDeploymentPostprocessing = 0;
		};
		04E4A2A30A95E992004B0E9C /* Headers */ = {
			isa = PBXHeadersBuildPhase;
			buildActionMask = 2147483647;
			files = (
			);
			runOnlyForDeploymentPostprocessing = 0;
		};
		04E4A2BF0A95E9F9004B0E9C /* Headers */ = {
			isa = PBXHeadersBuildPhase;
			buildActionMask = 2147483647;
			files = (
			);
			runOnlyForDeploymentPostprocessing = 0;
		};
		04E4A2DC0A95EA47004B0E9C /* Headers */ = {
			isa = PBXHeadersBuildPhase;
			buildActionMask = 2147483647;
			files = (
			);
			runOnlyForDeploymentPostprocessing = 0;
		};
		04E4A2F60A95EAB7004B0E9C /* Headers */ = {
			isa = PBXHeadersBuildPhase;
			buildActionMask = 2147483647;
			files = (
			);
			runOnlyForDeploymentPostprocessing = 0;
		};
		04E4A3140A95EB5E004B0E9C /* Headers */ = {
			isa = PBXHeadersBuildPhase;
			buildActionMask = 2147483647;
			files = (
			);
			runOnlyForDeploymentPostprocessing = 0;
		};
		04E4A32E0A95EB95004B0E9C /* Headers */ = {
			isa = PBXHeadersBuildPhase;
			buildActionMask = 2147483647;
			files = (
			);
			runOnlyForDeploymentPostprocessing = 0;
		};
		357EC1CC20274D9500F0A976 /* Headers */ = {
			isa = PBXHeadersBuildPhase;
			buildActionMask = 2147483647;
			files = (
			);
			runOnlyForDeploymentPostprocessing = 0;
		};
/* End PBXHeadersBuildPhase section */

/* Begin PBXNativeTarget section */
		042BE1170A94770D0008B638 /* White (UB) */ = {
			isa = PBXNativeTarget;
			buildConfigurationList = 042BE1290A94770D0008B638 /* Build configuration list for PBXNativeTarget "White (UB)" */;
			buildPhases = (
				042BE1180A94770D0008B638 /* ShellScript */,
				042BE1190A94770D0008B638 /* Headers */,
				042BE11A0A94770D0008B638 /* Resources */,
				042BE11B0A94770D0008B638 /* Sources */,
				042BE1220A94770D0008B638 /* Frameworks */,
				042BE1260A94770D0008B638 /* Rez */,
				042BE1280A94770D0008B638 /* ShellScript */,
			);
			buildRules = (
			);
			dependencies = (
			);
			name = "White (UB)";
			productInstallPath = "$(HOME)/Library/Bundles";
			productName = MaxExternal;
			productReference = 042BE12D0A94770D0008B638 /* lp.shhh~.mxo */;
			productType = "com.apple.product-type.bundle";
		};
		046B793A0D1F015C00B77640 /* Multicolor FP (UB) */ = {
			isa = PBXNativeTarget;
			buildConfigurationList = 046B794B0D1F015C00B77640 /* Build configuration list for PBXNativeTarget "Multicolor FP (UB)" */;
			buildPhases = (
				046B793C0D1F015C00B77640 /* Headers */,
				046B793D0D1F015C00B77640 /* Resources */,
				353801D020275C570092DA61 /* Sources */,
				046B79440D1F015C00B77640 /* Frameworks */,
				046B79480D1F015C00B77640 /* Rez */,
			);
			buildRules = (
			);
			dependencies = (
			);
			name = "Multicolor FP (UB)";
			productInstallPath = "$(HOME)/Library/Bundles";
			productName = MaxExternal;
			productReference = 046B794F0D1F015C00B77640 /* lp.qvvv~.mxo */;
			productType = "com.apple.product-type.bundle";
		};
		04E4A2A10A95E992004B0E9C /* Pink (Voss) (UB) */ = {
			isa = PBXNativeTarget;
			buildConfigurationList = 04E4A2B10A95E992004B0E9C /* Build configuration list for PBXNativeTarget "Pink (Voss) (UB)" */;
			buildPhases = (
				04E4A2A20A95E992004B0E9C /* ShellScript */,
				04E4A2A30A95E992004B0E9C /* Headers */,
				04E4A2A40A95E992004B0E9C /* Resources */,
				04E4A2A50A95E992004B0E9C /* Sources */,
				04E4A2AA0A95E992004B0E9C /* Frameworks */,
				04E4A2AE0A95E992004B0E9C /* Rez */,
				04E4A2B00A95E992004B0E9C /* ShellScript */,
			);
			buildRules = (
			);
			dependencies = (
			);
			name = "Pink (Voss) (UB)";
			productInstallPath = "$(HOME)/Library/Bundles";
			productName = MaxExternal;
			productReference = 04E4A2B50A95E992004B0E9C /* lp.sss~.mxo */;
			productType = "com.apple.product-type.bundle";
		};
		04E4A2BD0A95E9F9004B0E9C /* Pink (McCartney) (UB) */ = {
			isa = PBXNativeTarget;
			buildConfigurationList = 04E4A2CE0A95E9F9004B0E9C /* Build configuration list for PBXNativeTarget "Pink (McCartney) (UB)" */;
			buildPhases = (
				04E4A2BE0A95E9F9004B0E9C /* ShellScript */,
				04E4A2BF0A95E9F9004B0E9C /* Headers */,
				04E4A2C00A95E9F9004B0E9C /* Resources */,
				04E4A2C10A95E9F9004B0E9C /* Sources */,
				04E4A2C70A95E9F9004B0E9C /* Frameworks */,
				04E4A2CB0A95E9F9004B0E9C /* Rez */,
				04E4A2CD0A95E9F9004B0E9C /* ShellScript */,
			);
			buildRules = (
			);
			dependencies = (
			);
			name = "Pink (McCartney) (UB)";
			productInstallPath = "$(HOME)/Library/Bundles";
			productName = MaxExternal;
			productReference = 04E4A2D20A95E9F9004B0E9C /* lp.zzz~.mxo */;
			productType = "com.apple.product-type.bundle";
		};
		04E4A2DA0A95EA47004B0E9C /* Brown (UB) */ = {
			isa = PBXNativeTarget;
			buildConfigurationList = 04E4A2EB0A95EA47004B0E9C /* Build configuration list for PBXNativeTarget "Brown (UB)" */;
			buildPhases = (
				04E4A2DB0A95EA47004B0E9C /* ShellScript */,
				04E4A2DC0A95EA47004B0E9C /* Headers */,
				04E4A2DD0A95EA47004B0E9C /* Resources */,
				04E4A2DE0A95EA47004B0E9C /* Sources */,
				04E4A2E40A95EA47004B0E9C /* Frameworks */,
				04E4A2E80A95EA47004B0E9C /* Rez */,
				04E4A2EA0A95EA47004B0E9C /* ShellScript */,
			);
			buildRules = (
			);
			dependencies = (
			);
			name = "Brown (UB)";
			productInstallPath = "$(HOME)/Library/Bundles";
			productName = MaxExternal;
			productReference = 04E4A2EF0A95EA47004B0E9C /* lp.pfff~.mxo */;
			productType = "com.apple.product-type.bundle";
		};
		04E4A2F40A95EAB7004B0E9C /* Black (UB) */ = {
			isa = PBXNativeTarget;
			buildConfigurationList = 04E4A3050A95EAB7004B0E9C /* Build configuration list for PBXNativeTarget "Black (UB)" */;
			buildPhases = (
				04E4A2F50A95EAB7004B0E9C /* ShellScript */,
				04E4A2F60A95EAB7004B0E9C /* Headers */,
				04E4A2F70A95EAB7004B0E9C /* Resources */,
				04E4A2F80A95EAB7004B0E9C /* Sources */,
				04E4A2FE0A95EAB7004B0E9C /* Frameworks */,
				04E4A3020A95EAB7004B0E9C /* Rez */,
				04E4A3040A95EAB7004B0E9C /* ShellScript */,
			);
			buildRules = (
			);
			dependencies = (
			);
			name = "Black (UB)";
			productInstallPath = "$(HOME)/Library/Bundles";
			productName = MaxExternal;
			productReference = 04E4A3090A95EAB7004B0E9C /* lp.phhh~.mxo */;
			productType = "com.apple.product-type.bundle";
		};
		04E4A3120A95EB5E004B0E9C /* Multicolor (UB) */ = {
			isa = PBXNativeTarget;
			buildConfigurationList = 04E4A3230A95EB5E004B0E9C /* Build configuration list for PBXNativeTarget "Multicolor (UB)" */;
			buildPhases = (
				04E4A3130A95EB5E004B0E9C /* ShellScript */,
				04E4A3140A95EB5E004B0E9C /* Headers */,
				04E4A3150A95EB5E004B0E9C /* Resources */,
				04E4A3160A95EB5E004B0E9C /* Sources */,
				04E4A31C0A95EB5E004B0E9C /* Frameworks */,
				04E4A3200A95EB5E004B0E9C /* Rez */,
				04E4A3220A95EB5E004B0E9C /* ShellScript */,
			);
			buildRules = (
			);
			dependencies = (
			);
			name = "Multicolor (UB)";
			productInstallPath = "$(HOME)/Library/Bundles";
			productName = MaxExternal;
			productReference = 04E4A3270A95EB5E004B0E9C /* lp.pvvv~.mxo */;
			productType = "com.apple.product-type.bundle";
		};
		04E4A32C0A95EB95004B0E9C /* Gray (UB) */ = {
			isa = PBXNativeTarget;
			buildConfigurationList = 04E4A33D0A95EB95004B0E9C /* Build configuration list for PBXNativeTarget "Gray (UB)" */;
			buildPhases = (
				04E4A32D0A95EB95004B0E9C /* ShellScript */,
				04E4A32E0A95EB95004B0E9C /* Headers */,
				04E4A32F0A95EB95004B0E9C /* Resources */,
				04E4A3300A95EB95004B0E9C /* Sources */,
				04E4A3360A95EB95004B0E9C /* Frameworks */,
				04E4A33A0A95EB95004B0E9C /* Rez */,
				04E4A33C0A95EB95004B0E9C /* ShellScript */,
			);
			buildRules = (
			);
			dependencies = (
			);
			name = "Gray (UB)";
			productInstallPath = "$(HOME)/Library/Bundles";
			productName = MaxExternal;
			productReference = 04E4A3410A95EB95004B0E9C /* lp.grrr~.mxo */;
			productType = "com.apple.product-type.bundle";
		};
		357EC1CA20274D9500F0A976 /* adummy~ */ = {
			isa = PBXNativeTarget;
			buildConfigurationList = 357EC1DA20274D9500F0A976 /* Build configuration list for PBXNativeTarget "adummy~" */;
			buildPhases = (
				357EC1CC20274D9500F0A976 /* Headers */,
				357EC1CD20274D9500F0A976 /* Resources */,
				357EC1CE20274D9500F0A976 /* Sources */,
				357EC1D420274D9500F0A976 /* Frameworks */,
				357EC1D720274D9500F0A976 /* Rez */,
			);
			buildRules = (
			);
			dependencies = (
			);
			name = "adummy~";
			productInstallPath = "$(HOME)/Library/Bundles";
			productName = MaxExternal;
			productReference = 357EC1DE20274D9500F0A976 /* adummy~.mxo */;
			productType = "com.apple.product-type.bundle";
		};
/* End PBXNativeTarget section */

/* Begin PBXProject section */
		089C1669FE841209C02AAC07 /* Project object */ = {
			isa = PBXProject;
			attributes = {
				LastUpgradeCheck = 0820;
			};
			buildConfigurationList = 0FF6670E096B494E00E9E0B4 /* Build configuration list for PBXProject "LitterColorSignals" */;
			compatibilityVersion = "Xcode 3.2";
			developmentRegion = English;
			hasScannedForEncodings = 1;
			knownRegions = (
				en,
			);
			mainGroup = 089C166AFE841209C02AAC07 /* maximum */;
			projectDirPath = "";
			projectRoot = "";
			targets = (
				042BE1170A94770D0008B638 /* White (UB) */,
				04E4A2A10A95E992004B0E9C /* Pink (Voss) (UB) */,
				04E4A2BD0A95E9F9004B0E9C /* Pink (McCartney) (UB) */,
				04E4A2DA0A95EA47004B0E9C /* Brown (UB) */,
				04E4A2F40A95EAB7004B0E9C /* Black (UB) */,
				04E4A3120A95EB5E004B0E9C /* Multicolor (UB) */,
				046B793A0D1F015C00B77640 /* Multicolor FP (UB) */,
				04E4A32C0A95EB95004B0E9C /* Gray (UB) */,
				357EC1CA20274D9500F0A976 /* adummy~ */,
			);
		};
/* End PBXProject section */

/* Begin PBXResourcesBuildPhase section */
		042BE11A0A94770D0008B638 /* Resources */ = {
			isa = PBXResourcesBuildPhase;
			buildActionMask = 2147483647;
			files = (
			);
			runOnlyForDeploymentPostprocessing = 0;
		};
		046B793D0D1F015C00B77640 /* Resources */ = {
			isa = PBXResourcesBuildPhase;
			buildActionMask = 2147483647;
			files = (
			);
			runOnlyForDeploymentPostprocessing = 0;
		};
		04E4A2A40A95E992004B0E9C /* Resources */ = {
			isa = PBXResourcesBuildPhase;
			buildActionMask = 2147483647;
			files = (
			);
			runOnlyForDeploymentPostprocessing = 0;
		};
		04E4A2C00A95E9F9004B0E9C /* Resources */ = {
			isa = PBXResourcesBuildPhase;
			buildActionMask = 2147483647;
			files = (
			);
			runOnlyForDeploymentPostprocessing = 0;
		};
		04E4A2DD0A95EA47004B0E9C /* Resources */ = {
			isa = PBXResourcesBuildPhase;
			buildActionMask = 2147483647;
			files = (
			);
			runOnlyForDeploymentPostprocessing = 0;
		};
		04E4A2F70A95EAB7004B0E9C /* Resources */ = {
			isa = PBXResourcesBuildPhase;
			buildActionMask = 2147483647;
			files = (
			);
			runOnlyForDeploymentPostprocessing = 0;
		};
		04E4A3150A95EB5E004B0E9C /* Resources */ = {
			isa = PBXResourcesBuildPhase;
			buildActionMask = 2147483647;
			files = (
			);
			runOnlyForDeploymentPostprocessing = 0;
		};
		04E4A32F0A95EB95004B0E9C /* Resources */ = {
			isa = PBXResourcesBuildPhase;
			buildActionMask = 2147483647;
			files = (
			);
			runOnlyForDeploymentPostprocessing = 0;
		};
		357EC1CD20274D9500F0A976 /* Resources */ = {
			isa = PBXResourcesBuildPhase;
			buildActionMask = 2147483647;
			files = (
			);
			runOnlyForDeploymentPostprocessing = 0;
		};
/* End PBXResourcesBuildPhase section */

/* Begin PBXRezBuildPhase section */
		042BE1260A94770D0008B638 /* Rez */ = {
			isa = PBXRezBuildPhase;
			buildActionMask = 2147483647;
			files = (
				04E4A46B0A95F441004B0E9C /* schhh~.r in Rez */,
			);
			runOnlyForDeploymentPostprocessing = 0;
		};
		046B79480D1F015C00B77640 /* Rez */ = {
			isa = PBXRezBuildPhase;
			buildActionMask = 2147483647;
			files = (
			);
			runOnlyForDeploymentPostprocessing = 0;
		};
		04E4A2AE0A95E992004B0E9C /* Rez */ = {
			isa = PBXRezBuildPhase;
			buildActionMask = 2147483647;
			files = (
				04E4A46C0A95F449004B0E9C /* sss~.r in Rez */,
			);
			runOnlyForDeploymentPostprocessing = 0;
		};
		04E4A2CB0A95E9F9004B0E9C /* Rez */ = {
			isa = PBXRezBuildPhase;
			buildActionMask = 2147483647;
			files = (
				04E4A46F0A95F45A004B0E9C /* zzz~.r in Rez */,
			);
			runOnlyForDeploymentPostprocessing = 0;
		};
		04E4A2E80A95EA47004B0E9C /* Rez */ = {
			isa = PBXRezBuildPhase;
			buildActionMask = 2147483647;
			files = (
				04E4A4740A95F476004B0E9C /* pfff~.r in Rez */,
			);
			runOnlyForDeploymentPostprocessing = 0;
		};
		04E4A3020A95EAB7004B0E9C /* Rez */ = {
			isa = PBXRezBuildPhase;
			buildActionMask = 2147483647;
			files = (
				04E4A4730A95F472004B0E9C /* phhh~.r in Rez */,
			);
			runOnlyForDeploymentPostprocessing = 0;
		};
		04E4A3200A95EB5E004B0E9C /* Rez */ = {
			isa = PBXRezBuildPhase;
			buildActionMask = 2147483647;
			files = (
				04E4A4720A95F46C004B0E9C /* pvvv~.r in Rez */,
			);
			runOnlyForDeploymentPostprocessing = 0;
		};
		04E4A33A0A95EB95004B0E9C /* Rez */ = {
			isa = PBXRezBuildPhase;
			buildActionMask = 2147483647;
			files = (
				04E4A4700A95F460004B0E9C /* grrr~.r in Rez */,
			);
			runOnlyForDeploymentPostprocessing = 0;
		};
		357EC1D720274D9500F0A976 /* Rez */ = {
			isa = PBXRezBuildPhase;
			buildActionMask = 2147483647;
			files = (
			);
			runOnlyForDeploymentPostprocessing = 0;
		};
/* End PBXRezBuildPhase section */

/* Begin PBXShellScriptBuildPhase section */
		042BE1180A94770D0008B638 /* ShellScript */ = {
			isa = PBXShellScriptBuildPhase;
			buildActionMask = 2147483647;
			files = (
			);
			inputPaths = (
				"$(SRCROOT)/Resources/Signals/schhh~.r",
			);
			outputPaths = (
				"$(SRCROOT)/Resources/Signals/schhh~.versioninfo.h",
			);
			runOnlyForDeploymentPostprocessing = 0;
			shellPath = /bin/sh;
			shellScript = "\"$SRCROOT\"/Resources/ExtractVersionInfo.sh <\"$SRCROOT\"/Resources/Signals/schhh~.r >\"$SRCROOT\"/Resources/Signals/schhh~.versioninfo.h";
		};
		042BE1280A94770D0008B638 /* ShellScript */ = {
			isa = PBXShellScriptBuildPhase;
			buildActionMask = 12;
			files = (
			);
			inputPaths = (
				"$(SRCROOT)/Resources/IconSuites/LitterIconSuite.mxo.Starter/*",
			);
			outputPaths = (
			);
			runOnlyForDeploymentPostprocessing = 0;
			shellPath = /bin/bash;
			shellScript = Resources/InstallSPIcon.bash;
		};
		04E4A2A20A95E992004B0E9C /* ShellScript */ = {
			isa = PBXShellScriptBuildPhase;
			buildActionMask = 2147483647;
			files = (
			);
			inputPaths = (
				"$(SRCROOT)/Resources/Signals/$(PRODUCT_SHORT_NAME).r",
			);
			outputPaths = (
				"$(SRCROOT)/Resources/Signals/$(PRODUCT_SHORT_NAME).versioninfo.h",
			);
			runOnlyForDeploymentPostprocessing = 0;
			shellPath = /bin/sh;
			shellScript = "\"$SRCROOT\"/Resources/ExtractVersionInfo.sh <\"$SRCROOT\"/Resources/Signals/$PRODUCT_SHORT_NAME.r >\"$SRCROOT\"/Resources/Signals/$PRODUCT_SHORT_NAME.versioninfo.h";
		};
		04E4A2B00A95E992004B0E9C /* ShellScript */ = {
			isa = PBXShellScriptBuildPhase;
			buildActionMask = 12;
			files = (
			);
			inputPaths = (
				"$(SRCROOT)/Resources/IconSuites/LitterIconSuite.mxo.Starter/*",
			);
			outputPaths = (
			);
			runOnlyForDeploymentPostprocessing = 0;
			shellPath = /bin/bash;
			shellScript = Resources/InstallSPIcon.bash;
		};
		04E4A2BE0A95E9F9004B0E9C /* ShellScript */ = {
			isa = PBXShellScriptBuildPhase;
			buildActionMask = 2147483647;
			files = (
			);
			inputPaths = (
				"$(SRCROOT)/Resources/Signals/$(PRODUCT_SHORT_NAME).r",
			);
			outputPaths = (
				"$(SRCROOT)/Resources/Signals/$(PRODUCT_SHORT_NAME).versioninfo.h",
			);
			runOnlyForDeploymentPostprocessing = 0;
			shellPath = /bin/sh;
			shellScript = "\"$SRCROOT\"/Resources/ExtractVersionInfo.sh <\"$SRCROOT\"/Resources/Signals/$PRODUCT_SHORT_NAME.r >\"$SRCROOT\"/Resources/Signals/$PRODUCT_SHORT_NAME.versioninfo.h";
		};
		04E4A2CD0A95E9F9004B0E9C /* ShellScript */ = {
			isa = PBXShellScriptBuildPhase;
			buildActionMask = 12;
			files = (
			);
			inputPaths = (
				"$(SRCROOT)/Resources/IconSuites/LitterIconSuite.mxo.Pro/*",
			);
			outputPaths = (
			);
			runOnlyForDeploymentPostprocessing = 0;
			shellPath = /bin/bash;
			shellScript = Resources/InstallIcon.bash;
		};
		04E4A2DB0A95EA47004B0E9C /* ShellScript */ = {
			isa = PBXShellScriptBuildPhase;
			buildActionMask = 2147483647;
			files = (
			);
			inputPaths = (
				"$(SRCROOT)/Resources/Signals/$(PRODUCT_SHORT_NAME).r",
			);
			outputPaths = (
				"$(SRCROOT)/Resources/Signals/$(PRODUCT_SHORT_NAME).versioninfo.h",
			);
			runOnlyForDeploymentPostprocessing = 0;
			shellPath = /bin/sh;
			shellScript = "\"$SRCROOT\"/Resources/ExtractVersionInfo.sh <\"$SRCROOT\"/Resources/Signals/$PRODUCT_SHORT_NAME.r >\"$SRCROOT\"/Resources/Signals/$PRODUCT_SHORT_NAME.versioninfo.h";
		};
		04E4A2EA0A95EA47004B0E9C /* ShellScript */ = {
			isa = PBXShellScriptBuildPhase;
			buildActionMask = 12;
			files = (
			);
			inputPaths = (
				"$(SRCROOT)/Resources/IconSuites/LitterIconSuite.mxo.Starter/*",
			);
			outputPaths = (
			);
			runOnlyForDeploymentPostprocessing = 0;
			shellPath = /bin/bash;
			shellScript = Resources/InstallSPIcon.bash;
		};
		04E4A2F50A95EAB7004B0E9C /* ShellScript */ = {
			isa = PBXShellScriptBuildPhase;
			buildActionMask = 2147483647;
			files = (
			);
			inputPaths = (
				"$(SRCROOT)/Resources/Signals/$(PRODUCT_SHORT_NAME).r",
			);
			outputPaths = (
				"$(SRCROOT)/Resources/Signals/$(PRODUCT_SHORT_NAME).versioninfo.h",
			);
			runOnlyForDeploymentPostprocessing = 0;
			shellPath = /bin/sh;
			shellScript = "\"$SRCROOT\"/Resources/ExtractVersionInfo.sh <\"$SRCROOT\"/Resources/Signals/$PRODUCT_SHORT_NAME.r >\"$SRCROOT\"/Resources/Signals/$PRODUCT_SHORT_NAME.versioninfo.h";
		};
		04E4A3040A95EAB7004B0E9C /* ShellScript */ = {
			isa = PBXShellScriptBuildPhase;
			buildActionMask = 12;
			files = (
			);
			inputPaths = (
				"$(SRCROOT)/Resources/IconSuites/LitterIconSuite.mxo.Pro/*",
			);
			outputPaths = (
			);
			runOnlyForDeploymentPostprocessing = 0;
			shellPath = /bin/bash;
			shellScript = Resources/InstallIcon.bash;
		};
		04E4A3130A95EB5E004B0E9C /* ShellScript */ = {
			isa = PBXShellScriptBuildPhase;
			buildActionMask = 2147483647;
			files = (
			);
			inputPaths = (
				"$(SRCROOT)/Resources/Signals/$(PRODUCT_SHORT_NAME).r",
			);
			outputPaths = (
				"$(SRCROOT)/Resources/Signals/$(PRODUCT_SHORT_NAME).versioninfo.h",
			);
			runOnlyForDeploymentPostprocessing = 0;
			shellPath = /bin/sh;
			shellScript = "\"$SRCROOT\"/Resources/ExtractVersionInfo.sh <\"$SRCROOT\"/Resources/Signals/$PRODUCT_SHORT_NAME.r >\"$SRCROOT\"/Resources/Signals/$PRODUCT_SHORT_NAME.versioninfo.h";
		};
		04E4A3220A95EB5E004B0E9C /* ShellScript */ = {
			isa = PBXShellScriptBuildPhase;
			buildActionMask = 12;
			files = (
			);
			inputPaths = (
				"$(SRCROOT)/Resources/IconSuites/LitterIconSuite.mxo.Pro/*",
			);
			outputPaths = (
			);
			runOnlyForDeploymentPostprocessing = 0;
			shellPath = /bin/bash;
			shellScript = Resources/InstallIcon.bash;
		};
		04E4A32D0A95EB95004B0E9C /* ShellScript */ = {
			isa = PBXShellScriptBuildPhase;
			buildActionMask = 2147483647;
			files = (
			);
			inputPaths = (
				"$(SRCROOT)/Resources/Signals/$(PRODUCT_SHORT_NAME).r",
			);
			outputPaths = (
				"$(SRCROOT)/Resources/Signals/$(PRODUCT_SHORT_NAME).versioninfo.h",
			);
			runOnlyForDeploymentPostprocessing = 0;
			shellPath = /bin/sh;
			shellScript = "\"$SRCROOT\"/Resources/ExtractVersionInfo.sh <\"$SRCROOT\"/Resources/Signals/$PRODUCT_SHORT_NAME.r >\"$SRCROOT\"/Resources/Signals/$PRODUCT_SHORT_NAME.versioninfo.h";
		};
		04E4A33C0A95EB95004B0E9C /* ShellScript */ = {
			isa = PBXShellScriptBuildPhase;
			buildActionMask = 12;
			files = (
			);
			inputPaths = (
				"$(SRCROOT)/Resources/IconSuites/LitterIconSuite.mxo.Pro/*",
			);
			outputPaths = (
			);
			runOnlyForDeploymentPostprocessing = 0;
			shellPath = /bin/bash;
			shellScript = Resources/InstallIcon.bash;
		};
/* End PBXShellScriptBuildPhase section */

/* Begin PBXSourcesBuildPhase section */
		042BE11B0A94770D0008B638 /* Sources */ = {
			isa = PBXSourcesBuildPhase;
			buildActionMask = 2147483647;
			files = (
				042BE11D0A94770D0008B638 /* MiscUtils.c in Sources */,
				042BE11E0A94770D0008B638 /* MaxUtils.c in Sources */,
				042BEA4E0A94F9090008B638 /* LitterLib.c in Sources */,
				04E4A46A0A95F436004B0E9C /* schhh~.c in Sources */,
				04E4A48B0A95F681004B0E9C /* Taus88.c in Sources */,
			);
			runOnlyForDeploymentPostprocessing = 0;
		};
		04E4A2A50A95E992004B0E9C /* Sources */ = {
			isa = PBXSourcesBuildPhase;
			buildActionMask = 2147483647;
			files = (
				04E4A2A60A95E992004B0E9C /* MiscUtils.c in Sources */,
				04E4A2A70A95E992004B0E9C /* MaxUtils.c in Sources */,
				04E4A2A80A95E992004B0E9C /* LitterLib.c in Sources */,
				04E4A2BB0A95E9DA004B0E9C /* Taus88.c in Sources */,
				04E4A46D0A95F44E004B0E9C /* sss~.c in Sources */,
			);
			runOnlyForDeploymentPostprocessing = 0;
		};
		04E4A2C10A95E9F9004B0E9C /* Sources */ = {
			isa = PBXSourcesBuildPhase;
			buildActionMask = 2147483647;
			files = (
				04E4A2C20A95E9F9004B0E9C /* MiscUtils.c in Sources */,
				04E4A2C30A95E9F9004B0E9C /* MaxUtils.c in Sources */,
				04E4A2C40A95E9F9004B0E9C /* LitterLib.c in Sources */,
				04E4A2C60A95E9F9004B0E9C /* Taus88.c in Sources */,
				04E4A46E0A95F456004B0E9C /* zzz~.c in Sources */,
			);
			runOnlyForDeploymentPostprocessing = 0;
		};
		04E4A2DE0A95EA47004B0E9C /* Sources */ = {
			isa = PBXSourcesBuildPhase;
			buildActionMask = 2147483647;
			files = (
				04E4A2DF0A95EA47004B0E9C /* MiscUtils.c in Sources */,
				04E4A2E00A95EA47004B0E9C /* MaxUtils.c in Sources */,
				04E4A2E10A95EA47004B0E9C /* LitterLib.c in Sources */,
				04E4A2E20A95EA47004B0E9C /* Taus88.c in Sources */,
				04E4A4750A95F48C004B0E9C /* pfff~.c in Sources */,
			);
			runOnlyForDeploymentPostprocessing = 0;
		};
		04E4A2F80A95EAB7004B0E9C /* Sources */ = {
			isa = PBXSourcesBuildPhase;
			buildActionMask = 2147483647;
			files = (
				04E4A2F90A95EAB7004B0E9C /* MiscUtils.c in Sources */,
				04E4A2FA0A95EAB7004B0E9C /* MaxUtils.c in Sources */,
				04E4A2FB0A95EAB7004B0E9C /* LitterLib.c in Sources */,
				04E4A2FC0A95EAB7004B0E9C /* Taus88.c in Sources */,
				04E4A4770A95F500004B0E9C /* pfff~.c in Sources */,
			);
			runOnlyForDeploymentPostprocessing = 0;
		};
		04E4A3160A95EB5E004B0E9C /* Sources */ = {
			isa = PBXSourcesBuildPhase;
			buildActionMask = 2147483647;
			files = (
				04E4A3170A95EB5E004B0E9C /* MiscUtils.c in Sources */,
				04E4A3180A95EB5E004B0E9C /* MaxUtils.c in Sources */,
				04E4A3190A95EB5E004B0E9C /* LitterLib.c in Sources */,
				04E4A31A0A95EB5E004B0E9C /* Taus88.c in Sources */,
				04E4A47E0A95F5A3004B0E9C /* pfff~.c in Sources */,
			);
			runOnlyForDeploymentPostprocessing = 0;
		};
		04E4A3300A95EB95004B0E9C /* Sources */ = {
			isa = PBXSourcesBuildPhase;
			buildActionMask = 2147483647;
			files = (
				04E4A3310A95EB95004B0E9C /* MiscUtils.c in Sources */,
				04E4A3320A95EB95004B0E9C /* MaxUtils.c in Sources */,
				04E4A3330A95EB95004B0E9C /* LitterLib.c in Sources */,
				04E4A3340A95EB95004B0E9C /* Taus88.c in Sources */,
				04E4A4710A95F464004B0E9C /* grrr~.c in Sources */,
			);
			runOnlyForDeploymentPostprocessing = 0;
		};
		353801D020275C570092DA61 /* Sources */ = {
			isa = PBXSourcesBuildPhase;
			buildActionMask = 2147483647;
			files = (
				353801D720275ECC0092DA61 /* Taus88.c in Sources */,
				353801D420275EB40092DA61 /* LitterLib.c in Sources */,
				353801D620275EBE0092DA61 /* MiscUtils.c in Sources */,
				353801D520275EB80092DA61 /* MaxUtils.c in Sources */,
				353801D320275E910092DA61 /* qvvv~.c in Sources */,
			);
			runOnlyForDeploymentPostprocessing = 0;
		};
		357EC1CE20274D9500F0A976 /* Sources */ = {
			isa = PBXSourcesBuildPhase;
			buildActionMask = 2147483647;
			files = (
				357EC1E020274DDB00F0A976 /* adummy~.c in Sources */,
			);
			runOnlyForDeploymentPostprocessing = 0;
		};
/* End PBXSourcesBuildPhase section */

/* Begin XCBuildConfiguration section */
		042BE12A0A94770D0008B638 /* Development */ = {
			isa = XCBuildConfiguration;
			buildSettings = {
				COMBINE_HIDPI_IMAGES = YES;
				INFOPLIST_PREFIX_HEADER = "Resources/Signals/schhh~.versioninfo.h";
				PRODUCT_BUNDLE_IDENTIFIER = "de.castine.$(PRODUCT_NAME)";
				PRODUCT_SHORT_NAME = "shhh~";
			};
			name = Development;
		};
		042BE12B0A94770D0008B638 /* Deployment */ = {
			isa = XCBuildConfiguration;
			buildSettings = {
				COMBINE_HIDPI_IMAGES = YES;
				INFOPLIST_PREFIX_HEADER = "Resources/Signals/schhh~.versioninfo.h";
				PRODUCT_BUNDLE_IDENTIFIER = "de.castine.$(PRODUCT_NAME)";
				PRODUCT_SHORT_NAME = "shhh~";
			};
			name = Deployment;
		};
		042BE12C0A94770D0008B638 /* Default */ = {
			isa = XCBuildConfiguration;
			buildSettings = {
				COMBINE_HIDPI_IMAGES = YES;
				INFOPLIST_PREFIX_HEADER = "Resources/Signals/schhh~.versioninfo.h";
				PRODUCT_BUNDLE_IDENTIFIER = "de.castine.$(PRODUCT_NAME)";
				PRODUCT_SHORT_NAME = "shhh~";
			};
			name = Default;
		};
		046B794C0D1F015C00B77640 /* Development */ = {
			isa = XCBuildConfiguration;
			buildSettings = {
				COMBINE_HIDPI_IMAGES = YES;
				GCC_PREPROCESSOR_DEFINITIONS = "$(inherited)";
				HEADER_SEARCH_PATHS_QUOTED_1 = "";
				INFOPLIST_FILE = "$(SRCROOT)/../Resources/Info.plist";
				INFOPLIST_PREFIX_HEADER = "$(SRCROOT)/../Resources/Signals/$(PRODUCT_SHORT_NAME).versioninfo.h";
				PRODUCT_BUNDLE_IDENTIFIER = "de.castine.$(PRODUCT_NAME)";
				PRODUCT_SHORT_NAME = "qvvv~";
				SDKROOT = macosx;
			};
			name = Development;
		};
		046B794D0D1F015C00B77640 /* Deployment */ = {
			isa = XCBuildConfiguration;
			buildSettings = {
				COMBINE_HIDPI_IMAGES = YES;
				GCC_PREPROCESSOR_DEFINITIONS = "$(inherited)";
				HEADER_SEARCH_PATHS_QUOTED_1 = "";
				INFOPLIST_FILE = "$(SRCROOT)/../Resources/Info.plist";
				INFOPLIST_PREFIX_HEADER = "$(SRCROOT)/../Resources/Signals/$(PRODUCT_SHORT_NAME).versioninfo.h";
				PRODUCT_BUNDLE_IDENTIFIER = "de.castine.$(PRODUCT_NAME)";
				PRODUCT_SHORT_NAME = "qvvv~";
				SDKROOT = macosx;
			};
			name = Deployment;
		};
		046B794E0D1F015C00B77640 /* Default */ = {
			isa = XCBuildConfiguration;
			buildSettings = {
				COMBINE_HIDPI_IMAGES = YES;
				GCC_PREPROCESSOR_DEFINITIONS = "$(inherited)";
				HEADER_SEARCH_PATHS_QUOTED_1 = "";
				INFOPLIST_FILE = "$(SRCROOT)/../Resources/Info.plist";
				INFOPLIST_PREFIX_HEADER = "$(SRCROOT)/../Resources/Signals/$(PRODUCT_SHORT_NAME).versioninfo.h";
				PRODUCT_BUNDLE_IDENTIFIER = "de.castine.$(PRODUCT_NAME)";
				PRODUCT_SHORT_NAME = "qvvv~";
				SDKROOT = macosx;
			};
			name = Default;
		};
		04E4A2B20A95E992004B0E9C /* Development */ = {
			isa = XCBuildConfiguration;
			buildSettings = {
				COMBINE_HIDPI_IMAGES = YES;
				PRODUCT_BUNDLE_IDENTIFIER = "de.castine.$(PRODUCT_NAME)";
				PRODUCT_SHORT_NAME = "sss~";
			};
			name = Development;
		};
		04E4A2B30A95E992004B0E9C /* Deployment */ = {
			isa = XCBuildConfiguration;
			buildSettings = {
				COMBINE_HIDPI_IMAGES = YES;
				PRODUCT_BUNDLE_IDENTIFIER = "de.castine.$(PRODUCT_NAME)";
				PRODUCT_SHORT_NAME = "sss~";
			};
			name = Deployment;
		};
		04E4A2B40A95E992004B0E9C /* Default */ = {
			isa = XCBuildConfiguration;
			buildSettings = {
				COMBINE_HIDPI_IMAGES = YES;
				PRODUCT_BUNDLE_IDENTIFIER = "de.castine.$(PRODUCT_NAME)";
				PRODUCT_SHORT_NAME = "sss~";
			};
			name = Default;
		};
		04E4A2CF0A95E9F9004B0E9C /* Development */ = {
			isa = XCBuildConfiguration;
			buildSettings = {
				COMBINE_HIDPI_IMAGES = YES;
				PRODUCT_BUNDLE_IDENTIFIER = "de.castine.$(PRODUCT_NAME)";
				PRODUCT_SHORT_NAME = "zzz~";
			};
			name = Development;
		};
		04E4A2D00A95E9F9004B0E9C /* Deployment */ = {
			isa = XCBuildConfiguration;
			buildSettings = {
				COMBINE_HIDPI_IMAGES = YES;
				PRODUCT_BUNDLE_IDENTIFIER = "de.castine.$(PRODUCT_NAME)";
				PRODUCT_SHORT_NAME = "zzz~";
			};
			name = Deployment;
		};
		04E4A2D10A95E9F9004B0E9C /* Default */ = {
			isa = XCBuildConfiguration;
			buildSettings = {
				COMBINE_HIDPI_IMAGES = YES;
				PRODUCT_BUNDLE_IDENTIFIER = "de.castine.$(PRODUCT_NAME)";
				PRODUCT_SHORT_NAME = "zzz~";
			};
			name = Default;
		};
		04E4A2EC0A95EA47004B0E9C /* Development */ = {
			isa = XCBuildConfiguration;
			buildSettings = {
				COMBINE_HIDPI_IMAGES = YES;
				GCC_PREPROCESSOR_DEFINITIONS = (
					"BROWN=1",
					"$(inherited)",
				);
				PRODUCT_BUNDLE_IDENTIFIER = "de.castine.$(PRODUCT_NAME)";
				PRODUCT_SHORT_NAME = "pfff~";
			};
			name = Development;
		};
		04E4A2ED0A95EA47004B0E9C /* Deployment */ = {
			isa = XCBuildConfiguration;
			buildSettings = {
				COMBINE_HIDPI_IMAGES = YES;
				GCC_PREPROCESSOR_DEFINITIONS = (
					"BROWN=1",
					"$(inherited)",
				);
				PRODUCT_BUNDLE_IDENTIFIER = "de.castine.$(PRODUCT_NAME)";
				PRODUCT_SHORT_NAME = "pfff~";
			};
			name = Deployment;
		};
		04E4A2EE0A95EA47004B0E9C /* Default */ = {
			isa = XCBuildConfiguration;
			buildSettings = {
				COMBINE_HIDPI_IMAGES = YES;
				GCC_PREPROCESSOR_DEFINITIONS = (
					"BROWN=1",
					"$(inherited)",
				);
				PRODUCT_BUNDLE_IDENTIFIER = "de.castine.$(PRODUCT_NAME)";
				PRODUCT_SHORT_NAME = "pfff~";
			};
			name = Default;
		};
		04E4A3060A95EAB7004B0E9C /* Development */ = {
			isa = XCBuildConfiguration;
			buildSettings = {
				COMBINE_HIDPI_IMAGES = YES;
				GCC_PREPROCESSOR_DEFINITIONS = (
					"BLACK=1",
					"$(inherited)",
				);
				PRODUCT_BUNDLE_IDENTIFIER = "de.castine.$(PRODUCT_NAME)";
				PRODUCT_SHORT_NAME = "phhh~";
			};
			name = Development;
		};
		04E4A3070A95EAB7004B0E9C /* Deployment */ = {
			isa = XCBuildConfiguration;
			buildSettings = {
				COMBINE_HIDPI_IMAGES = YES;
				GCC_PREPROCESSOR_DEFINITIONS = (
					"BLACK=1",
					"$(inherited)",
				);
				PRODUCT_BUNDLE_IDENTIFIER = "de.castine.$(PRODUCT_NAME)";
				PRODUCT_SHORT_NAME = "phhh~";
			};
			name = Deployment;
		};
		04E4A3080A95EAB7004B0E9C /* Default */ = {
			isa = XCBuildConfiguration;
			buildSettings = {
				COMBINE_HIDPI_IMAGES = YES;
				GCC_PREPROCESSOR_DEFINITIONS = (
					"BLACK=1",
					"$(inherited)",
				);
				PRODUCT_BUNDLE_IDENTIFIER = "de.castine.$(PRODUCT_NAME)";
				PRODUCT_SHORT_NAME = "phhh~";
			};
			name = Default;
		};
		04E4A3240A95EB5E004B0E9C /* Development */ = {
			isa = XCBuildConfiguration;
			buildSettings = {
				COMBINE_HIDPI_IMAGES = YES;
				GCC_PREPROCESSOR_DEFINITIONS = (
					"VARICOLOR=1",
					"$(inherited)",
				);
				PRODUCT_BUNDLE_IDENTIFIER = "de.castine.$(PRODUCT_NAME)";
				PRODUCT_SHORT_NAME = "pvvv~";
				WARNING_CFLAGS = (
					"-Wmost",
					"-Wno-four-char-constants",
					"-Wno-unknown-pragmas",
				);
			};
			name = Development;
		};
		04E4A3250A95EB5E004B0E9C /* Deployment */ = {
			isa = XCBuildConfiguration;
			buildSettings = {
				COMBINE_HIDPI_IMAGES = YES;
				GCC_PREPROCESSOR_DEFINITIONS = (
					"VARICOLOR=1",
					"$(inherited)",
				);
				PRODUCT_BUNDLE_IDENTIFIER = "de.castine.$(PRODUCT_NAME)";
				PRODUCT_SHORT_NAME = "pvvv~";
			};
			name = Deployment;
		};
		04E4A3260A95EB5E004B0E9C /* Default */ = {
			isa = XCBuildConfiguration;
			buildSettings = {
				COMBINE_HIDPI_IMAGES = YES;
				GCC_PREPROCESSOR_DEFINITIONS = (
					"VARICOLOR=1",
					"$(inherited)",
				);
				PRODUCT_BUNDLE_IDENTIFIER = "de.castine.$(PRODUCT_NAME)";
				PRODUCT_SHORT_NAME = "pvvv~";
			};
			name = Default;
		};
		04E4A33E0A95EB95004B0E9C /* Development */ = {
			isa = XCBuildConfiguration;
			buildSettings = {
				COMBINE_HIDPI_IMAGES = YES;
				PRODUCT_BUNDLE_IDENTIFIER = "de.castine.$(PRODUCT_NAME)";
				PRODUCT_SHORT_NAME = "grrr~";
			};
			name = Development;
		};
		04E4A33F0A95EB95004B0E9C /* Deployment */ = {
			isa = XCBuildConfiguration;
			buildSettings = {
				COMBINE_HIDPI_IMAGES = YES;
				PRODUCT_BUNDLE_IDENTIFIER = "de.castine.$(PRODUCT_NAME)";
				PRODUCT_SHORT_NAME = "grrr~";
			};
			name = Deployment;
		};
		04E4A3400A95EB95004B0E9C /* Default */ = {
			isa = XCBuildConfiguration;
			buildSettings = {
				COMBINE_HIDPI_IMAGES = YES;
				PRODUCT_BUNDLE_IDENTIFIER = "de.castine.$(PRODUCT_NAME)";
				PRODUCT_SHORT_NAME = "grrr~";
			};
			name = Default;
		};
		0FF6670F096B494E00E9E0B4 /* Development */ = {
			isa = XCBuildConfiguration;
			buildSettings = {
				C74SUPPORT = "$(SRCROOT)/../c74support";
				C74_SYM_LINKER_FLAGS = "@$(C74SUPPORT)/max-includes/c74_linker_flags.txt";
				CLANG_WARN_BOOL_CONVERSION = YES;
				CLANG_WARN_CONSTANT_CONVERSION = YES;
				CLANG_WARN_EMPTY_BODY = YES;
				CLANG_WARN_ENUM_CONVERSION = YES;
				CLANG_WARN_INFINITE_RECURSION = YES;
				CLANG_WARN_INT_CONVERSION = YES;
				CLANG_WARN_SUSPICIOUS_MOVE = YES;
				CLANG_WARN_UNREACHABLE_CODE = YES;
				CLANG_WARN__DUPLICATE_METHOD_MATCH = YES;
				COPY_PHASE_STRIP = NO;
				DEPLOYMENT_LOCATION = YES;
				DSTROOT = "$(PROJECT_DIR)";
				ENABLE_STRICT_OBJC_MSGSEND = YES;
				ENABLE_TESTABILITY = YES;
				FRAMEWORK_SEARCH_PATHS = (
					"\"$(C74SUPPORT)/max-includes\"",
					"\"$(C74SUPPORT)/msp-includes\"",
					"\"$(C74SUPPORT)/jit-includes\"",
				);
				GCC_NO_COMMON_BLOCKS = YES;
				GCC_OPTIMIZATION_LEVEL = 0;
				GCC_PRECOMPILE_PREFIX_HEADER = YES;
				GCC_PREFIX_HEADER = "$(C74SUPPORT)/max-includes/macho-prefix.pch";
				GCC_PREPROCESSOR_DEFINITIONS = (
					__MAX_MSP_OBJECT__,
					"__LITTER_UB__=1",
					"$(inherited)",
					"\"DENORM_WANT_FIX = 1\"",
					"\"NO_TRANSLATION_SUPPORT = 1\"",
				);
				GCC_WARN_64_TO_32_BIT_CONVERSION = YES;
				GCC_WARN_ABOUT_RETURN_TYPE = YES;
				GCC_WARN_UNDECLARED_SELECTOR = YES;
				GCC_WARN_UNINITIALIZED_AUTOS = YES;
				GCC_WARN_UNUSED_FUNCTION = YES;
				GCC_WARN_UNUSED_VARIABLE = YES;
				GENERATE_PKGINFO_FILE = YES;
				HEADER_SEARCH_PATHS = (
					"\"$(C74SUPPORT)/max-includes\"",
					"\"$(C74SUPPORT)/msp-includes\"",
					"\"$(C74SUPPORT)/jit-includes\"",
					"$(SRCROOT)/../LitterLib",
				);
				HEADER_SEARCH_PATHS_QUOTED_1 = "\"../C74 Support/Universal Binary\"/**";
				INFOPLIST_FILE = "$(SRCROOT)/../Resources/Info.plist";
				INFOPLIST_PREFIX_HEADER = "$(SRCROOT)/../Resources/Signals/$(PRODUCT_SHORT_NAME).versioninfo.h";
				INFOPLIST_PREPROCESS = YES;
				INSTALL_PATH = "/../sysbuild/$(CONFIGURATION)/externals";
				LIBRARY_STYLE = Bundle;
				MACH_O_TYPE = mh_bundle;
				MACOSX_DEPLOYMENT_TARGET = 10.7;
				ONLY_ACTIVE_ARCH = YES;
				OTHER_LDFLAGS = (
					"-framework",
					MaxAudioAPI,
					"-framework",
					JitterAPI,
					"$(C74_SYM_LINKER_FLAGS)",
				);
				PRIVATE_HEADERS_FOLDER_PATH = "$(CONTENTS_FOLDER_PATH)/PrivateHeaders";
				PRODUCT_NAME = "lp.$(PRODUCT_SHORT_NAME)";
				PRODUCT_VERSION = 7;
				PUBLIC_HEADERS_FOLDER_PATH = "$(CONTENTS_FOLDER_PATH)/Headers";
				REZ_PREFIX_FILE = /Developer/Headers/FlatCarbon/Types.r;
				REZ_PREPROCESSOR_DEFINITIONS = "$(inherited) __LB_UB_VERSION__=1";
				REZ_SEARCH_PATHS = (
					"$(inherited)",
					/Developer/Headers/FlatCarbon,
				);
				SDKROOT = macosx;
				STRIP_INSTALLED_PRODUCT = YES;
				STRIP_STYLE = "non-global";
				SYMROOT = "$(PROJECT_DIR)/xcodebuild";
				USER_HEADER_SEARCH_PATHS = "$(SRCROOT)/../LitterLib/**";
				WARNING_CFLAGS = (
					"-Wmost",
					"-Wno-four-char-constants",
					"-Wno-unknown-pragmas",
				);
				WRAPPER_EXTENSION = mxo;
				ZERO_LINK = YES;
			};
			name = Development;
		};
		0FF66710096B494E00E9E0B4 /* Deployment */ = {
			isa = XCBuildConfiguration;
			buildSettings = {
				C74SUPPORT = "$(SRCROOT)/../c74support";
				C74_SYM_LINKER_FLAGS = "@$(C74SUPPORT)/max-includes/c74_linker_flags.txt";
				CLANG_WARN_BOOL_CONVERSION = YES;
				CLANG_WARN_CONSTANT_CONVERSION = YES;
				CLANG_WARN_EMPTY_BODY = YES;
				CLANG_WARN_ENUM_CONVERSION = YES;
				CLANG_WARN_INFINITE_RECURSION = YES;
				CLANG_WARN_INT_CONVERSION = YES;
				CLANG_WARN_SUSPICIOUS_MOVE = YES;
				CLANG_WARN_UNREACHABLE_CODE = YES;
				CLANG_WARN__DUPLICATE_METHOD_MATCH = YES;
				DSTROOT = "$(PROJECT_DIR)";
				ENABLE_STRICT_OBJC_MSGSEND = YES;
				FRAMEWORK_SEARCH_PATHS = (
					"\"$(C74SUPPORT)/max-includes\"",
					"\"$(C74SUPPORT)/msp-includes\"",
					"\"$(C74SUPPORT)/jit-includes\"",
				);
				GCC_GENERATE_DEBUGGING_SYMBOLS = NO;
				GCC_NO_COMMON_BLOCKS = YES;
				GCC_PRECOMPILE_PREFIX_HEADER = YES;
				GCC_PREFIX_HEADER = "$(C74SUPPORT)/max-includes/macho-prefix.pch";
				GCC_PREPROCESSOR_DEFINITIONS = (
					__MAX_MSP_OBJECT__,
					"__LITTER_UB__=1",
					"$(inherited)",
					"\"DENORM_WANT_FIX = 1\"",
					"\"NO_TRANSLATION_SUPPORT = 1\"",
				);
				GCC_WARN_64_TO_32_BIT_CONVERSION = YES;
				GCC_WARN_ABOUT_RETURN_TYPE = YES;
				GCC_WARN_UNDECLARED_SELECTOR = YES;
				GCC_WARN_UNINITIALIZED_AUTOS = YES;
				GCC_WARN_UNUSED_FUNCTION = YES;
				GCC_WARN_UNUSED_VARIABLE = YES;
				GENERATE_PKGINFO_FILE = YES;
				HEADER_SEARCH_PATHS = (
					"\"$(C74SUPPORT)/max-includes\"",
					"\"$(C74SUPPORT)/msp-includes\"",
					"\"$(C74SUPPORT)/jit-includes\"",
					"$(SRCROOT)/../LitterLib",
				);
				HEADER_SEARCH_PATHS_QUOTED_1 = "\"../C74 Support/Universal Binary\"/**";
				INFOPLIST_FILE = "$(SRCROOT)/../Resources/Info.plist";
				INFOPLIST_PREFIX_HEADER = "$(SRCROOT)/../Resources/Signals/$(PRODUCT_SHORT_NAME).versioninfo.h";
				INFOPLIST_PREPROCESS = YES;
				INSTALL_PATH = "/../sysbuild/$(CONFIGURATION)/externals";
				LIBRARY_STYLE = Bundle;
				MACH_O_TYPE = mh_bundle;
				MACOSX_DEPLOYMENT_TARGET = 10.7;
				OTHER_LDFLAGS = (
					"-framework",
					MaxAudioAPI,
					"-framework",
					JitterAPI,
					"$(C74_SYM_LINKER_FLAGS)",
				);
				PRIVATE_HEADERS_FOLDER_PATH = "$(CONTENTS_FOLDER_PATH)/PrivateHeaders";
				PRODUCT_NAME = "lp.$(PRODUCT_SHORT_NAME)";
				PRODUCT_VERSION = 7;
				PUBLIC_HEADERS_FOLDER_PATH = "$(CONTENTS_FOLDER_PATH)/Headers";
				REZ_PREFIX_FILE = /Developer/Headers/FlatCarbon/Types.r;
				REZ_PREPROCESSOR_DEFINITIONS = "$(inherited) __LB_UB_VERSION__=1";
				REZ_SEARCH_PATHS = (
					"$(inherited)",
					/Developer/Headers/FlatCarbon,
				);
				SDKROOT = macosx;
				STRIP_INSTALLED_PRODUCT = YES;
				STRIP_STYLE = "non-global";
				SYMROOT = "$(PROJECT_DIR)/xcodebuild";
				USER_HEADER_SEARCH_PATHS = "$(SRCROOT)/../LitterLib/**";
				WRAPPER_EXTENSION = mxo;
			};
			name = Deployment;
		};
		0FF66711096B494E00E9E0B4 /* Default */ = {
			isa = XCBuildConfiguration;
			buildSettings = {
				C74SUPPORT = "$(SRCROOT)/../c74support";
				C74_SYM_LINKER_FLAGS = "@$(C74SUPPORT)/max-includes/c74_linker_flags.txt";
				CLANG_WARN_BOOL_CONVERSION = YES;
				CLANG_WARN_CONSTANT_CONVERSION = YES;
				CLANG_WARN_EMPTY_BODY = YES;
				CLANG_WARN_ENUM_CONVERSION = YES;
				CLANG_WARN_INFINITE_RECURSION = YES;
				CLANG_WARN_INT_CONVERSION = YES;
				CLANG_WARN_SUSPICIOUS_MOVE = YES;
				CLANG_WARN_UNREACHABLE_CODE = YES;
				CLANG_WARN__DUPLICATE_METHOD_MATCH = YES;
				DSTROOT = "$(PROJECT_DIR)";
				ENABLE_STRICT_OBJC_MSGSEND = YES;
				FRAMEWORK_SEARCH_PATHS = (
					"\"$(C74SUPPORT)/max-includes\"",
					"\"$(C74SUPPORT)/msp-includes\"",
					"\"$(C74SUPPORT)/jit-includes\"",
				);
				GCC_NO_COMMON_BLOCKS = YES;
				GCC_PRECOMPILE_PREFIX_HEADER = YES;
				GCC_PREFIX_HEADER = "$(C74SUPPORT)/max-includes/macho-prefix.pch";
				GCC_PREPROCESSOR_DEFINITIONS = (
					__MAX_MSP_OBJECT__,
					"__LITTER_UB__=1",
					"$(inherited)",
					"\"DENORM_WANT_FIX = 1\"",
					"\"NO_TRANSLATION_SUPPORT = 1\"",
				);
				GCC_WARN_64_TO_32_BIT_CONVERSION = YES;
				GCC_WARN_ABOUT_RETURN_TYPE = YES;
				GCC_WARN_UNDECLARED_SELECTOR = YES;
				GCC_WARN_UNINITIALIZED_AUTOS = YES;
				GCC_WARN_UNUSED_FUNCTION = YES;
				GCC_WARN_UNUSED_VARIABLE = YES;
				GENERATE_PKGINFO_FILE = YES;
				HEADER_SEARCH_PATHS = (
					"\"$(C74SUPPORT)/max-includes\"",
					"\"$(C74SUPPORT)/msp-includes\"",
					"\"$(C74SUPPORT)/jit-includes\"",
					"$(SRCROOT)/../LitterLib",
				);
				HEADER_SEARCH_PATHS_QUOTED_1 = "\"../C74 Support/Universal Binary\"/**";
				INFOPLIST_FILE = "$(SRCROOT)/../Resources/Info.plist";
				INFOPLIST_PREFIX_HEADER = "$(SRCROOT)/../Resources/Signals/$(PRODUCT_SHORT_NAME).versioninfo.h";
				INFOPLIST_PREPROCESS = YES;
				INSTALL_PATH = "/../sysbuild/$(CONFIGURATION)/externals";
				LIBRARY_STYLE = Bundle;
				MACH_O_TYPE = mh_bundle;
				MACOSX_DEPLOYMENT_TARGET = 10.7;
				OTHER_LDFLAGS = (
					"-framework",
					MaxAudioAPI,
					"-framework",
					JitterAPI,
					"$(C74_SYM_LINKER_FLAGS)",
				);
				PRIVATE_HEADERS_FOLDER_PATH = "$(CONTENTS_FOLDER_PATH)/PrivateHeaders";
				PRODUCT_NAME = "lp.$(PRODUCT_SHORT_NAME)";
				PRODUCT_VERSION = 7;
				PUBLIC_HEADERS_FOLDER_PATH = "$(CONTENTS_FOLDER_PATH)/Headers";
				REZ_PREFIX_FILE = /Developer/Headers/FlatCarbon/Types.r;
				REZ_PREPROCESSOR_DEFINITIONS = "$(inherited) __LB_UB_VERSION__=1";
				REZ_SEARCH_PATHS = (
					"$(inherited)",
					/Developer/Headers/FlatCarbon,
				);
				SDKROOT = macosx;
				STRIP_INSTALLED_PRODUCT = YES;
				STRIP_STYLE = "non-global";
				SYMROOT = "$(PROJECT_DIR)/xcodebuild";
				USER_HEADER_SEARCH_PATHS = "$(SRCROOT)/../LitterLib/**";
				WRAPPER_EXTENSION = mxo;
			};
			name = Default;
		};
		357EC1DB20274D9500F0A976 /* Development */ = {
			isa = XCBuildConfiguration;
			buildSettings = {
				COMBINE_HIDPI_IMAGES = YES;
				GCC_PREPROCESSOR_DEFINITIONS = "$(inherited)";
				INFOPLIST_FILE = "$(SRCROOT)/../Resources/Info.plist";
				INFOPLIST_PREFIX_HEADER = "";
				PRODUCT_BUNDLE_IDENTIFIER = "de.castine.$(PRODUCT_NAME)";
				PRODUCT_NAME = "$(TARGET_NAME)";
				PRODUCT_SHORT_NAME = "qvvv~";
				SDKROOT = macosx;
			};
			name = Development;
		};
		357EC1DC20274D9500F0A976 /* Deployment */ = {
			isa = XCBuildConfiguration;
			buildSettings = {
				COMBINE_HIDPI_IMAGES = YES;
				GCC_PREPROCESSOR_DEFINITIONS = "$(inherited)";
				INFOPLIST_FILE = "$(SRCROOT)/../Resources/Info.plist";
				INFOPLIST_PREFIX_HEADER = "";
				PRODUCT_BUNDLE_IDENTIFIER = "de.castine.$(PRODUCT_NAME)";
				PRODUCT_NAME = "$(TARGET_NAME)";
				PRODUCT_SHORT_NAME = "qvvv~";
				SDKROOT = macosx;
			};
			name = Deployment;
		};
		357EC1DD20274D9500F0A976 /* Default */ = {
			isa = XCBuildConfiguration;
			buildSettings = {
				COMBINE_HIDPI_IMAGES = YES;
				GCC_PREPROCESSOR_DEFINITIONS = "$(inherited)";
				INFOPLIST_FILE = "$(SRCROOT)/../Resources/Info.plist";
				INFOPLIST_PREFIX_HEADER = "";
				PRODUCT_BUNDLE_IDENTIFIER = "de.castine.$(PRODUCT_NAME)";
				PRODUCT_NAME = "$(TARGET_NAME)";
				PRODUCT_SHORT_NAME = "qvvv~";
				SDKROOT = macosx;
			};
			name = Default;
		};
/* End XCBuildConfiguration section */

/* Begin XCConfigurationList section */
		042BE1290A94770D0008B638 /* Build configuration list for PBXNativeTarget "White (UB)" */ = {
			isa = XCConfigurationList;
			buildConfigurations = (
				042BE12A0A94770D0008B638 /* Development */,
				042BE12B0A94770D0008B638 /* Deployment */,
				042BE12C0A94770D0008B638 /* Default */,
			);
			defaultConfigurationIsVisible = 0;
			defaultConfigurationName = Default;
		};
		046B794B0D1F015C00B77640 /* Build configuration list for PBXNativeTarget "Multicolor FP (UB)" */ = {
			isa = XCConfigurationList;
			buildConfigurations = (
				046B794C0D1F015C00B77640 /* Development */,
				046B794D0D1F015C00B77640 /* Deployment */,
				046B794E0D1F015C00B77640 /* Default */,
			);
			defaultConfigurationIsVisible = 0;
			defaultConfigurationName = Default;
		};
		04E4A2B10A95E992004B0E9C /* Build configuration list for PBXNativeTarget "Pink (Voss) (UB)" */ = {
			isa = XCConfigurationList;
			buildConfigurations = (
				04E4A2B20A95E992004B0E9C /* Development */,
				04E4A2B30A95E992004B0E9C /* Deployment */,
				04E4A2B40A95E992004B0E9C /* Default */,
			);
			defaultConfigurationIsVisible = 0;
			defaultConfigurationName = Default;
		};
		04E4A2CE0A95E9F9004B0E9C /* Build configuration list for PBXNativeTarget "Pink (McCartney) (UB)" */ = {
			isa = XCConfigurationList;
			buildConfigurations = (
				04E4A2CF0A95E9F9004B0E9C /* Development */,
				04E4A2D00A95E9F9004B0E9C /* Deployment */,
				04E4A2D10A95E9F9004B0E9C /* Default */,
			);
			defaultConfigurationIsVisible = 0;
			defaultConfigurationName = Default;
		};
		04E4A2EB0A95EA47004B0E9C /* Build configuration list for PBXNativeTarget "Brown (UB)" */ = {
			isa = XCConfigurationList;
			buildConfigurations = (
				04E4A2EC0A95EA47004B0E9C /* Development */,
				04E4A2ED0A95EA47004B0E9C /* Deployment */,
				04E4A2EE0A95EA47004B0E9C /* Default */,
			);
			defaultConfigurationIsVisible = 0;
			defaultConfigurationName = Default;
		};
		04E4A3050A95EAB7004B0E9C /* Build configuration list for PBXNativeTarget "Black (UB)" */ = {
			isa = XCConfigurationList;
			buildConfigurations = (
				04E4A3060A95EAB7004B0E9C /* Development */,
				04E4A3070A95EAB7004B0E9C /* Deployment */,
				04E4A3080A95EAB7004B0E9C /* Default */,
			);
			defaultConfigurationIsVisible = 0;
			defaultConfigurationName = Default;
		};
		04E4A3230A95EB5E004B0E9C /* Build configuration list for PBXNativeTarget "Multicolor (UB)" */ = {
			isa = XCConfigurationList;
			buildConfigurations = (
				04E4A3240A95EB5E004B0E9C /* Development */,
				04E4A3250A95EB5E004B0E9C /* Deployment */,
				04E4A3260A95EB5E004B0E9C /* Default */,
			);
			defaultConfigurationIsVisible = 0;
			defaultConfigurationName = Default;
		};
		04E4A33D0A95EB95004B0E9C /* Build configuration list for PBXNativeTarget "Gray (UB)" */ = {
			isa = XCConfigurationList;
			buildConfigurations = (
				04E4A33E0A95EB95004B0E9C /* Development */,
				04E4A33F0A95EB95004B0E9C /* Deployment */,
				04E4A3400A95EB95004B0E9C /* Default */,
			);
			defaultConfigurationIsVisible = 0;
			defaultConfigurationName = Default;
		};
		0FF6670E096B494E00E9E0B4 /* Build configuration list for PBXProject "LitterColorSignals" */ = {
			isa = XCConfigurationList;
			buildConfigurations = (
				0FF6670F096B494E00E9E0B4 /* Development */,
				0FF66710096B494E00E9E0B4 /* Deployment */,
				0FF66711096B494E00E9E0B4 /* Default */,
			);
			defaultConfigurationIsVisible = 0;
			defaultConfigurationName = Default;
		};
		357EC1DA20274D9500F0A976 /* Build configuration list for PBXNativeTarget "adummy~" */ = {
			isa = XCConfigurationList;
			buildConfigurations = (
				357EC1DB20274D9500F0A976 /* Development */,
				357EC1DC20274D9500F0A976 /* Deployment */,
				357EC1DD20274D9500F0A976 /* Default */,
			);
			defaultConfigurationIsVisible = 0;
			defaultConfigurationName = Default;
		};
/* End XCConfigurationList section */
	};
	rootObject = 089C1669FE841209C02AAC07 /* Project object */;
}
