// !$*UTF8*$!
{
	archiveVersion = 1;
	classes = {
	};
	objectVersion = 46;
	objects = {

/* Begin PBXBuildFile section */
		355ECEC5202A11D2002E46E9 /* LitterLib.h in Headers */ = {isa = PBXBuildFile; fileRef = 35F9FC60202777D80052D67D /* LitterLib.h */; };
		355ECEC6202A11D2002E46E9 /* MaxUtils.h in Headers */ = {isa = PBXBuildFile; fileRef = 35F9FC62202777D80052D67D /* MaxUtils.h */; };
		355ECEC7202A11D2002E46E9 /* MiscUtils.h in Headers */ = {isa = PBXBuildFile; fileRef = 35F9FC64202777D80052D67D /* MiscUtils.h */; };
		355ECEC8202A11D2002E46E9 /* Taus88.h in Headers */ = {isa = PBXBuildFile; fileRef = 35F9FC66202777D80052D67D /* Taus88.h */; };
		355ECECB202A11D2002E46E9 /* Taus88.c in Sources */ = {isa = PBXBuildFile; fileRef = 35F9FC65202777D80052D67D /* Taus88.c */; };
		355ECECC202A11D2002E46E9 /* MiscUtils.c in Sources */ = {isa = PBXBuildFile; fileRef = 35F9FC63202777D80052D67D /* MiscUtils.c */; };
		355ECECD202A11D2002E46E9 /* MaxUtils.c in Sources */ = {isa = PBXBuildFile; fileRef = 35F9FC61202777D80052D67D /* MaxUtils.c */; };
		355ECECE202A11D2002E46E9 /* LitterLib.c in Sources */ = {isa = PBXBuildFile; fileRef = 35F9FC5F202777D80052D67D /* LitterLib.c */; };
		355ECED1202A11D2002E46E9 /* Carbon.framework in Frameworks */ = {isa = PBXBuildFile; fileRef = 35F9FC50202775560052D67D /* Carbon.framework */; };
		355ECED8202A11EA002E46E9 /* schhh~.c in Sources */ = {isa = PBXBuildFile; fileRef = 35F9FC72202778510052D67D /* schhh~.c */; };
		355ECEDB202A27B4002E46E9 /* LitterLib.h in Headers */ = {isa = PBXBuildFile; fileRef = 35F9FC60202777D80052D67D /* LitterLib.h */; };
		355ECEDC202A27B4002E46E9 /* MaxUtils.h in Headers */ = {isa = PBXBuildFile; fileRef = 35F9FC62202777D80052D67D /* MaxUtils.h */; };
		355ECEDD202A27B4002E46E9 /* MiscUtils.h in Headers */ = {isa = PBXBuildFile; fileRef = 35F9FC64202777D80052D67D /* MiscUtils.h */; };
		355ECEDE202A27B4002E46E9 /* Taus88.h in Headers */ = {isa = PBXBuildFile; fileRef = 35F9FC66202777D80052D67D /* Taus88.h */; };
		355ECEE1202A27B4002E46E9 /* Taus88.c in Sources */ = {isa = PBXBuildFile; fileRef = 35F9FC65202777D80052D67D /* Taus88.c */; };
		355ECEE2202A27B4002E46E9 /* MiscUtils.c in Sources */ = {isa = PBXBuildFile; fileRef = 35F9FC63202777D80052D67D /* MiscUtils.c */; };
		355ECEE3202A27B4002E46E9 /* MaxUtils.c in Sources */ = {isa = PBXBuildFile; fileRef = 35F9FC61202777D80052D67D /* MaxUtils.c */; };
		355ECEE4202A27B4002E46E9 /* LitterLib.c in Sources */ = {isa = PBXBuildFile; fileRef = 35F9FC5F202777D80052D67D /* LitterLib.c */; };
		355ECEE7202A27B4002E46E9 /* Carbon.framework in Frameworks */ = {isa = PBXBuildFile; fileRef = 35F9FC50202775560052D67D /* Carbon.framework */; };
		355ECEF0202A28B6002E46E9 /* LitterLib.h in Headers */ = {isa = PBXBuildFile; fileRef = 35F9FC60202777D80052D67D /* LitterLib.h */; };
		355ECEF1202A28B6002E46E9 /* MaxUtils.h in Headers */ = {isa = PBXBuildFile; fileRef = 35F9FC62202777D80052D67D /* MaxUtils.h */; };
		355ECEF2202A28B6002E46E9 /* MiscUtils.h in Headers */ = {isa = PBXBuildFile; fileRef = 35F9FC64202777D80052D67D /* MiscUtils.h */; };
		355ECEF3202A28B6002E46E9 /* Taus88.h in Headers */ = {isa = PBXBuildFile; fileRef = 35F9FC66202777D80052D67D /* Taus88.h */; };
		355ECEF6202A28B6002E46E9 /* Taus88.c in Sources */ = {isa = PBXBuildFile; fileRef = 35F9FC65202777D80052D67D /* Taus88.c */; };
		355ECEF7202A28B6002E46E9 /* MiscUtils.c in Sources */ = {isa = PBXBuildFile; fileRef = 35F9FC63202777D80052D67D /* MiscUtils.c */; };
		355ECEF8202A28B6002E46E9 /* MaxUtils.c in Sources */ = {isa = PBXBuildFile; fileRef = 35F9FC61202777D80052D67D /* MaxUtils.c */; };
		355ECEF9202A28B6002E46E9 /* LitterLib.c in Sources */ = {isa = PBXBuildFile; fileRef = 35F9FC5F202777D80052D67D /* LitterLib.c */; };
		355ECEFC202A28B6002E46E9 /* Carbon.framework in Frameworks */ = {isa = PBXBuildFile; fileRef = 35F9FC50202775560052D67D /* Carbon.framework */; };
		355ECF03202A292A002E46E9 /* zzz~.c in Sources */ = {isa = PBXBuildFile; fileRef = 35F9FC74202778510052D67D /* zzz~.c */; };
		355ECF04202A2933002E46E9 /* sss~.c in Sources */ = {isa = PBXBuildFile; fileRef = 35F9FC73202778510052D67D /* sss~.c */; };
		3599B80E2029D3F8000C3442 /* LitterLib.h in Headers */ = {isa = PBXBuildFile; fileRef = 35F9FC60202777D80052D67D /* LitterLib.h */; };
		3599B80F2029D3F8000C3442 /* MaxUtils.h in Headers */ = {isa = PBXBuildFile; fileRef = 35F9FC62202777D80052D67D /* MaxUtils.h */; };
		3599B8102029D3F8000C3442 /* MiscUtils.h in Headers */ = {isa = PBXBuildFile; fileRef = 35F9FC64202777D80052D67D /* MiscUtils.h */; };
		3599B8112029D3F8000C3442 /* Taus88.h in Headers */ = {isa = PBXBuildFile; fileRef = 35F9FC66202777D80052D67D /* Taus88.h */; };
		3599B8142029D3F8000C3442 /* Taus88.c in Sources */ = {isa = PBXBuildFile; fileRef = 35F9FC65202777D80052D67D /* Taus88.c */; };
		3599B8152029D3F8000C3442 /* MiscUtils.c in Sources */ = {isa = PBXBuildFile; fileRef = 35F9FC63202777D80052D67D /* MiscUtils.c */; };
		3599B8162029D3F8000C3442 /* MaxUtils.c in Sources */ = {isa = PBXBuildFile; fileRef = 35F9FC61202777D80052D67D /* MaxUtils.c */; };
		3599B8172029D3F8000C3442 /* LitterLib.c in Sources */ = {isa = PBXBuildFile; fileRef = 35F9FC5F202777D80052D67D /* LitterLib.c */; };
		3599B8182029D3F8000C3442 /* pfff~.c in Sources */ = {isa = PBXBuildFile; fileRef = 35F9FC70202778510052D67D /* pfff~.c */; };
		3599B81A2029D3F8000C3442 /* Carbon.framework in Frameworks */ = {isa = PBXBuildFile; fileRef = 35F9FC50202775560052D67D /* Carbon.framework */; };
		3599B8232029D7AD000C3442 /* LitterLib.h in Headers */ = {isa = PBXBuildFile; fileRef = 35F9FC60202777D80052D67D /* LitterLib.h */; };
		3599B8242029D7AD000C3442 /* MaxUtils.h in Headers */ = {isa = PBXBuildFile; fileRef = 35F9FC62202777D80052D67D /* MaxUtils.h */; };
		3599B8252029D7AD000C3442 /* MiscUtils.h in Headers */ = {isa = PBXBuildFile; fileRef = 35F9FC64202777D80052D67D /* MiscUtils.h */; };
		3599B8262029D7AD000C3442 /* Taus88.h in Headers */ = {isa = PBXBuildFile; fileRef = 35F9FC66202777D80052D67D /* Taus88.h */; };
		3599B8292029D7AD000C3442 /* Taus88.c in Sources */ = {isa = PBXBuildFile; fileRef = 35F9FC65202777D80052D67D /* Taus88.c */; };
		3599B82A2029D7AD000C3442 /* MiscUtils.c in Sources */ = {isa = PBXBuildFile; fileRef = 35F9FC63202777D80052D67D /* MiscUtils.c */; };
		3599B82B2029D7AD000C3442 /* MaxUtils.c in Sources */ = {isa = PBXBuildFile; fileRef = 35F9FC61202777D80052D67D /* MaxUtils.c */; };
		3599B82C2029D7AD000C3442 /* LitterLib.c in Sources */ = {isa = PBXBuildFile; fileRef = 35F9FC5F202777D80052D67D /* LitterLib.c */; };
		3599B82D2029D7AD000C3442 /* pfff~.c in Sources */ = {isa = PBXBuildFile; fileRef = 35F9FC70202778510052D67D /* pfff~.c */; };
		3599B82F2029D7AD000C3442 /* Carbon.framework in Frameworks */ = {isa = PBXBuildFile; fileRef = 35F9FC50202775560052D67D /* Carbon.framework */; };
		35B6A4F6202A011600057149 /* LitterLib.h in Headers */ = {isa = PBXBuildFile; fileRef = 35F9FC60202777D80052D67D /* LitterLib.h */; };
		35B6A4F7202A011600057149 /* MaxUtils.h in Headers */ = {isa = PBXBuildFile; fileRef = 35F9FC62202777D80052D67D /* MaxUtils.h */; };
		35B6A4F8202A011600057149 /* MiscUtils.h in Headers */ = {isa = PBXBuildFile; fileRef = 35F9FC64202777D80052D67D /* MiscUtils.h */; };
		35B6A4F9202A011600057149 /* Taus88.h in Headers */ = {isa = PBXBuildFile; fileRef = 35F9FC66202777D80052D67D /* Taus88.h */; };
		35B6A4FC202A011600057149 /* Taus88.c in Sources */ = {isa = PBXBuildFile; fileRef = 35F9FC65202777D80052D67D /* Taus88.c */; };
		35B6A4FD202A011600057149 /* MiscUtils.c in Sources */ = {isa = PBXBuildFile; fileRef = 35F9FC63202777D80052D67D /* MiscUtils.c */; };
		35B6A4FE202A011600057149 /* MaxUtils.c in Sources */ = {isa = PBXBuildFile; fileRef = 35F9FC61202777D80052D67D /* MaxUtils.c */; };
		35B6A4FF202A011600057149 /* LitterLib.c in Sources */ = {isa = PBXBuildFile; fileRef = 35F9FC5F202777D80052D67D /* LitterLib.c */; };
		35B6A502202A011600057149 /* Carbon.framework in Frameworks */ = {isa = PBXBuildFile; fileRef = 35F9FC50202775560052D67D /* Carbon.framework */; };
		35B6A509202A023500057149 /* grrr~.c in Sources */ = {isa = PBXBuildFile; fileRef = 35F9FC6F202778510052D67D /* grrr~.c */; };
		35BF42AE2028865100F8BA3A /* LitterLib.h in Headers */ = {isa = PBXBuildFile; fileRef = 35F9FC60202777D80052D67D /* LitterLib.h */; };
		35BF42AF2028865100F8BA3A /* MaxUtils.h in Headers */ = {isa = PBXBuildFile; fileRef = 35F9FC62202777D80052D67D /* MaxUtils.h */; };
		35BF42B02028865100F8BA3A /* MiscUtils.h in Headers */ = {isa = PBXBuildFile; fileRef = 35F9FC64202777D80052D67D /* MiscUtils.h */; };
		35BF42B12028865100F8BA3A /* Taus88.h in Headers */ = {isa = PBXBuildFile; fileRef = 35F9FC66202777D80052D67D /* Taus88.h */; };
		35BF42B42028865100F8BA3A /* Taus88.c in Sources */ = {isa = PBXBuildFile; fileRef = 35F9FC65202777D80052D67D /* Taus88.c */; };
		35BF42B52028865100F8BA3A /* MiscUtils.c in Sources */ = {isa = PBXBuildFile; fileRef = 35F9FC63202777D80052D67D /* MiscUtils.c */; };
		35BF42B62028865100F8BA3A /* MaxUtils.c in Sources */ = {isa = PBXBuildFile; fileRef = 35F9FC61202777D80052D67D /* MaxUtils.c */; };
		35BF42B72028865100F8BA3A /* LitterLib.c in Sources */ = {isa = PBXBuildFile; fileRef = 35F9FC5F202777D80052D67D /* LitterLib.c */; };
		35BF42BA2028865100F8BA3A /* Carbon.framework in Frameworks */ = {isa = PBXBuildFile; fileRef = 35F9FC50202775560052D67D /* Carbon.framework */; };
		35BF42C12028876B00F8BA3A /* pfff~.c in Sources */ = {isa = PBXBuildFile; fileRef = 35F9FC70202778510052D67D /* pfff~.c */; };
		35F9FC58202776CC0052D67D /* Carbon.framework in Frameworks */ = {isa = PBXBuildFile; fileRef = 35F9FC50202775560052D67D /* Carbon.framework */; };
		35F9FC67202777D80052D67D /* LitterLib.c in Sources */ = {isa = PBXBuildFile; fileRef = 35F9FC5F202777D80052D67D /* LitterLib.c */; };
		35F9FC68202777D80052D67D /* LitterLib.h in Headers */ = {isa = PBXBuildFile; fileRef = 35F9FC60202777D80052D67D /* LitterLib.h */; };
		35F9FC69202777D80052D67D /* MaxUtils.c in Sources */ = {isa = PBXBuildFile; fileRef = 35F9FC61202777D80052D67D /* MaxUtils.c */; };
		35F9FC6A202777D80052D67D /* MaxUtils.h in Headers */ = {isa = PBXBuildFile; fileRef = 35F9FC62202777D80052D67D /* MaxUtils.h */; };
		35F9FC6B202777D80052D67D /* MiscUtils.c in Sources */ = {isa = PBXBuildFile; fileRef = 35F9FC63202777D80052D67D /* MiscUtils.c */; };
		35F9FC6C202777D80052D67D /* MiscUtils.h in Headers */ = {isa = PBXBuildFile; fileRef = 35F9FC64202777D80052D67D /* MiscUtils.h */; };
		35F9FC6D202777D80052D67D /* Taus88.c in Sources */ = {isa = PBXBuildFile; fileRef = 35F9FC65202777D80052D67D /* Taus88.c */; };
		35F9FC6E202777D80052D67D /* Taus88.h in Headers */ = {isa = PBXBuildFile; fileRef = 35F9FC66202777D80052D67D /* Taus88.h */; };
		35F9FC77202778510052D67D /* qvvv~.c in Sources */ = {isa = PBXBuildFile; fileRef = 35F9FC71202778510052D67D /* qvvv~.c */; };
/* End PBXBuildFile section */

/* Begin PBXFileReference section */
		22CF10220EE984600054F513 /* maxmspsdk.xcconfig */ = {isa = PBXFileReference; fileEncoding = 4; lastKnownFileType = text.xcconfig; name = maxmspsdk.xcconfig; path = ../maxmspsdk.xcconfig; sourceTree = SOURCE_ROOT; };
		355ECED6202A11D2002E46E9 /* lp.shhh~.mxo */ = {isa = PBXFileReference; explicitFileType = wrapper.cfbundle; includeInIndex = 0; path = "lp.shhh~.mxo"; sourceTree = BUILT_PRODUCTS_DIR; };
		355ECEEC202A27B4002E46E9 /* lp.sss~.mxo */ = {isa = PBXFileReference; explicitFileType = wrapper.cfbundle; includeInIndex = 0; path = "lp.sss~.mxo"; sourceTree = BUILT_PRODUCTS_DIR; };
		355ECF01202A28B6002E46E9 /* lp.zzz~.mxo */ = {isa = PBXFileReference; explicitFileType = wrapper.cfbundle; includeInIndex = 0; path = "lp.zzz~.mxo"; sourceTree = BUILT_PRODUCTS_DIR; };
		3599B81F2029D3F8000C3442 /* lp.phhh~.mxo */ = {isa = PBXFileReference; explicitFileType = wrapper.cfbundle; includeInIndex = 0; path = "lp.phhh~.mxo"; sourceTree = BUILT_PRODUCTS_DIR; };
		3599B8342029D7AD000C3442 /* lp.pvvv~.mxo */ = {isa = PBXFileReference; explicitFileType = wrapper.cfbundle; includeInIndex = 0; path = "lp.pvvv~.mxo"; sourceTree = BUILT_PRODUCTS_DIR; };
		35B6A507202A011600057149 /* lp.grrr~.mxo */ = {isa = PBXFileReference; explicitFileType = wrapper.cfbundle; includeInIndex = 0; path = "lp.grrr~.mxo"; sourceTree = BUILT_PRODUCTS_DIR; };
		35BF42BF2028865100F8BA3A /* lp.pfff~.mxo */ = {isa = PBXFileReference; explicitFileType = wrapper.cfbundle; includeInIndex = 0; path = "lp.pfff~.mxo"; sourceTree = BUILT_PRODUCTS_DIR; };
		35F9FC50202775560052D67D /* Carbon.framework */ = {isa = PBXFileReference; lastKnownFileType = wrapper.framework; name = Carbon.framework; path = Platforms/MacOSX.platform/Developer/SDKs/MacOSX10.11.sdk/System/Library/Frameworks/Carbon.framework; sourceTree = DEVELOPER_DIR; };
		35F9FC5D202776CC0052D67D /* lp.qvvv~.mxo */ = {isa = PBXFileReference; explicitFileType = wrapper.cfbundle; includeInIndex = 0; path = "lp.qvvv~.mxo"; sourceTree = BUILT_PRODUCTS_DIR; };
		35F9FC5F202777D80052D67D /* LitterLib.c */ = {isa = PBXFileReference; fileEncoding = 4; lastKnownFileType = sourcecode.c.c; name = LitterLib.c; path = ../LitterLib/LitterLib.c; sourceTree = "<group>"; };
		35F9FC60202777D80052D67D /* LitterLib.h */ = {isa = PBXFileReference; fileEncoding = 4; lastKnownFileType = sourcecode.c.h; name = LitterLib.h; path = ../LitterLib/LitterLib.h; sourceTree = "<group>"; };
		35F9FC61202777D80052D67D /* MaxUtils.c */ = {isa = PBXFileReference; fileEncoding = 4; lastKnownFileType = sourcecode.c.c; name = MaxUtils.c; path = ../LitterLib/MaxUtils.c; sourceTree = "<group>"; };
		35F9FC62202777D80052D67D /* MaxUtils.h */ = {isa = PBXFileReference; fileEncoding = 4; lastKnownFileType = sourcecode.c.h; name = MaxUtils.h; path = ../LitterLib/MaxUtils.h; sourceTree = "<group>"; };
		35F9FC63202777D80052D67D /* MiscUtils.c */ = {isa = PBXFileReference; fileEncoding = 4; lastKnownFileType = sourcecode.c.c; name = MiscUtils.c; path = ../LitterLib/MiscUtils.c; sourceTree = "<group>"; };
		35F9FC64202777D80052D67D /* MiscUtils.h */ = {isa = PBXFileReference; fileEncoding = 4; lastKnownFileType = sourcecode.c.h; name = MiscUtils.h; path = ../LitterLib/MiscUtils.h; sourceTree = "<group>"; };
		35F9FC65202777D80052D67D /* Taus88.c */ = {isa = PBXFileReference; fileEncoding = 4; lastKnownFileType = sourcecode.c.c; name = Taus88.c; path = ../LitterLib/Taus88.c; sourceTree = "<group>"; };
		35F9FC66202777D80052D67D /* Taus88.h */ = {isa = PBXFileReference; fileEncoding = 4; lastKnownFileType = sourcecode.c.h; name = Taus88.h; path = ../LitterLib/Taus88.h; sourceTree = "<group>"; };
		35F9FC6F202778510052D67D /* grrr~.c */ = {isa = PBXFileReference; fileEncoding = 4; lastKnownFileType = sourcecode.c.c; name = "grrr~.c"; path = "../Signals/grrr~.c"; sourceTree = "<group>"; };
		35F9FC70202778510052D67D /* pfff~.c */ = {isa = PBXFileReference; fileEncoding = 4; lastKnownFileType = sourcecode.c.c; name = "pfff~.c"; path = "../Signals/pfff~.c"; sourceTree = "<group>"; };
		35F9FC71202778510052D67D /* qvvv~.c */ = {isa = PBXFileReference; fileEncoding = 4; lastKnownFileType = sourcecode.c.c; name = "qvvv~.c"; path = "../Signals/qvvv~.c"; sourceTree = "<group>"; };
		35F9FC72202778510052D67D /* schhh~.c */ = {isa = PBXFileReference; fileEncoding = 4; lastKnownFileType = sourcecode.c.c; name = "schhh~.c"; path = "../Signals/schhh~.c"; sourceTree = "<group>"; };
		35F9FC73202778510052D67D /* sss~.c */ = {isa = PBXFileReference; fileEncoding = 4; lastKnownFileType = sourcecode.c.c; name = "sss~.c"; path = "../Signals/sss~.c"; sourceTree = "<group>"; };
		35F9FC74202778510052D67D /* zzz~.c */ = {isa = PBXFileReference; fileEncoding = 4; lastKnownFileType = sourcecode.c.c; name = "zzz~.c"; path = "../Signals/zzz~.c"; sourceTree = "<group>"; };
/* End PBXFileReference section */

/* Begin PBXFrameworksBuildPhase section */
		355ECED0202A11D2002E46E9 /* Frameworks */ = {
			isa = PBXFrameworksBuildPhase;
			buildActionMask = 2147483647;
			files = (
				355ECED1202A11D2002E46E9 /* Carbon.framework in Frameworks */,
			);
			runOnlyForDeploymentPostprocessing = 0;
		};
		355ECEE6202A27B4002E46E9 /* Frameworks */ = {
			isa = PBXFrameworksBuildPhase;
			buildActionMask = 2147483647;
			files = (
				355ECEE7202A27B4002E46E9 /* Carbon.framework in Frameworks */,
			);
			runOnlyForDeploymentPostprocessing = 0;
		};
		355ECEFB202A28B6002E46E9 /* Frameworks */ = {
			isa = PBXFrameworksBuildPhase;
			buildActionMask = 2147483647;
			files = (
				355ECEFC202A28B6002E46E9 /* Carbon.framework in Frameworks */,
			);
			runOnlyForDeploymentPostprocessing = 0;
		};
		3599B8192029D3F8000C3442 /* Frameworks */ = {
			isa = PBXFrameworksBuildPhase;
			buildActionMask = 2147483647;
			files = (
				3599B81A2029D3F8000C3442 /* Carbon.framework in Frameworks */,
			);
			runOnlyForDeploymentPostprocessing = 0;
		};
		3599B82E2029D7AD000C3442 /* Frameworks */ = {
			isa = PBXFrameworksBuildPhase;
			buildActionMask = 2147483647;
			files = (
				3599B82F2029D7AD000C3442 /* Carbon.framework in Frameworks */,
			);
			runOnlyForDeploymentPostprocessing = 0;
		};
		35B6A501202A011600057149 /* Frameworks */ = {
			isa = PBXFrameworksBuildPhase;
			buildActionMask = 2147483647;
			files = (
				35B6A502202A011600057149 /* Carbon.framework in Frameworks */,
			);
			runOnlyForDeploymentPostprocessing = 0;
		};
		35BF42B92028865100F8BA3A /* Frameworks */ = {
			isa = PBXFrameworksBuildPhase;
			buildActionMask = 2147483647;
			files = (
				35BF42BA2028865100F8BA3A /* Carbon.framework in Frameworks */,
			);
			runOnlyForDeploymentPostprocessing = 0;
		};
		35F9FC57202776CC0052D67D /* Frameworks */ = {
			isa = PBXFrameworksBuildPhase;
			buildActionMask = 2147483647;
			files = (
				35F9FC58202776CC0052D67D /* Carbon.framework in Frameworks */,
			);
			runOnlyForDeploymentPostprocessing = 0;
		};
/* End PBXFrameworksBuildPhase section */

/* Begin PBXGroup section */
		089C166AFE841209C02AAC07 /* iterator */ = {
			isa = PBXGroup;
			children = (
				22CF10220EE984600054F513 /* maxmspsdk.xcconfig */,
				35F9FC4D202774ED0052D67D /* Source */,
				35F9FC4E202775020052D67D /* LitterLib */,
				19C28FB4FE9D528D11CA2CBB /* Products */,
				35F9FC4F202775560052D67D /* Frameworks */,
			);
			name = iterator;
			sourceTree = "<group>";
		};
		19C28FB4FE9D528D11CA2CBB /* Products */ = {
			isa = PBXGroup;
			children = (
				35F9FC5D202776CC0052D67D /* lp.qvvv~.mxo */,
				35BF42BF2028865100F8BA3A /* lp.pfff~.mxo */,
				3599B81F2029D3F8000C3442 /* lp.phhh~.mxo */,
				3599B8342029D7AD000C3442 /* lp.pvvv~.mxo */,
				35B6A507202A011600057149 /* lp.grrr~.mxo */,
				355ECED6202A11D2002E46E9 /* lp.shhh~.mxo */,
				355ECEEC202A27B4002E46E9 /* lp.sss~.mxo */,
				355ECF01202A28B6002E46E9 /* lp.zzz~.mxo */,
			);
			name = Products;
			sourceTree = "<group>";
		};
		35F9FC4D202774ED0052D67D /* Source */ = {
			isa = PBXGroup;
			children = (
				35F9FC6F202778510052D67D /* grrr~.c */,
				35F9FC70202778510052D67D /* pfff~.c */,
				35F9FC71202778510052D67D /* qvvv~.c */,
				35F9FC72202778510052D67D /* schhh~.c */,
				35F9FC73202778510052D67D /* sss~.c */,
				35F9FC74202778510052D67D /* zzz~.c */,
			);
			name = Source;
			sourceTree = "<group>";
		};
		35F9FC4E202775020052D67D /* LitterLib */ = {
			isa = PBXGroup;
			children = (
				35F9FC5F202777D80052D67D /* LitterLib.c */,
				35F9FC60202777D80052D67D /* LitterLib.h */,
				35F9FC61202777D80052D67D /* MaxUtils.c */,
				35F9FC62202777D80052D67D /* MaxUtils.h */,
				35F9FC63202777D80052D67D /* MiscUtils.c */,
				35F9FC64202777D80052D67D /* MiscUtils.h */,
				35F9FC65202777D80052D67D /* Taus88.c */,
				35F9FC66202777D80052D67D /* Taus88.h */,
			);
			name = LitterLib;
			sourceTree = "<group>";
		};
		35F9FC4F202775560052D67D /* Frameworks */ = {
			isa = PBXGroup;
			children = (
				35F9FC50202775560052D67D /* Carbon.framework */,
			);
			name = Frameworks;
			sourceTree = "<group>";
		};
/* End PBXGroup section */

/* Begin PBXHeadersBuildPhase section */
		355ECEC4202A11D2002E46E9 /* Headers */ = {
			isa = PBXHeadersBuildPhase;
			buildActionMask = 2147483647;
			files = (
				355ECEC5202A11D2002E46E9 /* LitterLib.h in Headers */,
				355ECEC6202A11D2002E46E9 /* MaxUtils.h in Headers */,
				355ECEC7202A11D2002E46E9 /* MiscUtils.h in Headers */,
				355ECEC8202A11D2002E46E9 /* Taus88.h in Headers */,
			);
			runOnlyForDeploymentPostprocessing = 0;
		};
		355ECEDA202A27B4002E46E9 /* Headers */ = {
			isa = PBXHeadersBuildPhase;
			buildActionMask = 2147483647;
			files = (
				355ECEDB202A27B4002E46E9 /* LitterLib.h in Headers */,
				355ECEDC202A27B4002E46E9 /* MaxUtils.h in Headers */,
				355ECEDD202A27B4002E46E9 /* MiscUtils.h in Headers */,
				355ECEDE202A27B4002E46E9 /* Taus88.h in Headers */,
			);
			runOnlyForDeploymentPostprocessing = 0;
		};
		355ECEEF202A28B6002E46E9 /* Headers */ = {
			isa = PBXHeadersBuildPhase;
			buildActionMask = 2147483647;
			files = (
				355ECEF0202A28B6002E46E9 /* LitterLib.h in Headers */,
				355ECEF1202A28B6002E46E9 /* MaxUtils.h in Headers */,
				355ECEF2202A28B6002E46E9 /* MiscUtils.h in Headers */,
				355ECEF3202A28B6002E46E9 /* Taus88.h in Headers */,
			);
			runOnlyForDeploymentPostprocessing = 0;
		};
		3599B80D2029D3F8000C3442 /* Headers */ = {
			isa = PBXHeadersBuildPhase;
			buildActionMask = 2147483647;
			files = (
				3599B80E2029D3F8000C3442 /* LitterLib.h in Headers */,
				3599B80F2029D3F8000C3442 /* MaxUtils.h in Headers */,
				3599B8102029D3F8000C3442 /* MiscUtils.h in Headers */,
				3599B8112029D3F8000C3442 /* Taus88.h in Headers */,
			);
			runOnlyForDeploymentPostprocessing = 0;
		};
		3599B8222029D7AD000C3442 /* Headers */ = {
			isa = PBXHeadersBuildPhase;
			buildActionMask = 2147483647;
			files = (
				3599B8232029D7AD000C3442 /* LitterLib.h in Headers */,
				3599B8242029D7AD000C3442 /* MaxUtils.h in Headers */,
				3599B8252029D7AD000C3442 /* MiscUtils.h in Headers */,
				3599B8262029D7AD000C3442 /* Taus88.h in Headers */,
			);
			runOnlyForDeploymentPostprocessing = 0;
		};
		35B6A4F5202A011600057149 /* Headers */ = {
			isa = PBXHeadersBuildPhase;
			buildActionMask = 2147483647;
			files = (
				35B6A4F6202A011600057149 /* LitterLib.h in Headers */,
				35B6A4F7202A011600057149 /* MaxUtils.h in Headers */,
				35B6A4F8202A011600057149 /* MiscUtils.h in Headers */,
				35B6A4F9202A011600057149 /* Taus88.h in Headers */,
			);
			runOnlyForDeploymentPostprocessing = 0;
		};
		35BF42AD2028865100F8BA3A /* Headers */ = {
			isa = PBXHeadersBuildPhase;
			buildActionMask = 2147483647;
			files = (
				35BF42AE2028865100F8BA3A /* LitterLib.h in Headers */,
				35BF42AF2028865100F8BA3A /* MaxUtils.h in Headers */,
				35BF42B02028865100F8BA3A /* MiscUtils.h in Headers */,
				35BF42B12028865100F8BA3A /* Taus88.h in Headers */,
			);
			runOnlyForDeploymentPostprocessing = 0;
		};
		35F9FC53202776CC0052D67D /* Headers */ = {
			isa = PBXHeadersBuildPhase;
			buildActionMask = 2147483647;
			files = (
				35F9FC68202777D80052D67D /* LitterLib.h in Headers */,
				35F9FC6A202777D80052D67D /* MaxUtils.h in Headers */,
				35F9FC6C202777D80052D67D /* MiscUtils.h in Headers */,
				35F9FC6E202777D80052D67D /* Taus88.h in Headers */,
			);
			runOnlyForDeploymentPostprocessing = 0;
		};
/* End PBXHeadersBuildPhase section */

/* Begin PBXNativeTarget section */
		355ECEC3202A11D2002E46E9 /* White */ = {
			isa = PBXNativeTarget;
			buildConfigurationList = 355ECED3202A11D2002E46E9 /* Build configuration list for PBXNativeTarget "White" */;
			buildPhases = (
				355ECEC4202A11D2002E46E9 /* Headers */,
				355ECEC9202A11D2002E46E9 /* Resources */,
				355ECECA202A11D2002E46E9 /* Sources */,
				355ECED0202A11D2002E46E9 /* Frameworks */,
				355ECED2202A11D2002E46E9 /* Rez */,
			);
			buildRules = (
			);
			dependencies = (
			);
			name = White;
			productName = iterator;
			productReference = 355ECED6202A11D2002E46E9 /* lp.shhh~.mxo */;
			productType = "com.apple.product-type.bundle";
		};
		355ECED9202A27B4002E46E9 /* Pink (Voss) */ = {
			isa = PBXNativeTarget;
			buildConfigurationList = 355ECEE9202A27B4002E46E9 /* Build configuration list for PBXNativeTarget "Pink (Voss)" */;
			buildPhases = (
				355ECEDA202A27B4002E46E9 /* Headers */,
				355ECEDF202A27B4002E46E9 /* Resources */,
				355ECEE0202A27B4002E46E9 /* Sources */,
				355ECEE6202A27B4002E46E9 /* Frameworks */,
				355ECEE8202A27B4002E46E9 /* Rez */,
			);
			buildRules = (
			);
			dependencies = (
			);
			name = "Pink (Voss)";
			productName = iterator;
			productReference = 355ECEEC202A27B4002E46E9 /* lp.sss~.mxo */;
			productType = "com.apple.product-type.bundle";
		};
		355ECEEE202A28B6002E46E9 /* Pink (McCartney) */ = {
			isa = PBXNativeTarget;
			buildConfigurationList = 355ECEFE202A28B6002E46E9 /* Build configuration list for PBXNativeTarget "Pink (McCartney)" */;
			buildPhases = (
				355ECEEF202A28B6002E46E9 /* Headers */,
				355ECEF4202A28B6002E46E9 /* Resources */,
				355ECEF5202A28B6002E46E9 /* Sources */,
				355ECEFB202A28B6002E46E9 /* Frameworks */,
				355ECEFD202A28B6002E46E9 /* Rez */,
			);
			buildRules = (
			);
			dependencies = (
			);
			name = "Pink (McCartney)";
			productName = iterator;
			productReference = 355ECF01202A28B6002E46E9 /* lp.zzz~.mxo */;
			productType = "com.apple.product-type.bundle";
		};
		3599B80C2029D3F8000C3442 /* Black */ = {
			isa = PBXNativeTarget;
			buildConfigurationList = 3599B81C2029D3F8000C3442 /* Build configuration list for PBXNativeTarget "Black" */;
			buildPhases = (
				3599B80D2029D3F8000C3442 /* Headers */,
				3599B8122029D3F8000C3442 /* Resources */,
				3599B8132029D3F8000C3442 /* Sources */,
				3599B8192029D3F8000C3442 /* Frameworks */,
				3599B81B2029D3F8000C3442 /* Rez */,
			);
			buildRules = (
			);
			dependencies = (
			);
			name = Black;
			productName = iterator;
			productReference = 3599B81F2029D3F8000C3442 /* lp.phhh~.mxo */;
			productType = "com.apple.product-type.bundle";
		};
		3599B8212029D7AD000C3442 /* Multicolor */ = {
			isa = PBXNativeTarget;
			buildConfigurationList = 3599B8312029D7AD000C3442 /* Build configuration list for PBXNativeTarget "Multicolor" */;
			buildPhases = (
				3599B8222029D7AD000C3442 /* Headers */,
				3599B8272029D7AD000C3442 /* Resources */,
				3599B8282029D7AD000C3442 /* Sources */,
				3599B82E2029D7AD000C3442 /* Frameworks */,
				3599B8302029D7AD000C3442 /* Rez */,
			);
			buildRules = (
			);
			dependencies = (
			);
			name = Multicolor;
			productName = iterator;
			productReference = 3599B8342029D7AD000C3442 /* lp.pvvv~.mxo */;
			productType = "com.apple.product-type.bundle";
		};
		35B6A4F4202A011600057149 /* Gray */ = {
			isa = PBXNativeTarget;
			buildConfigurationList = 35B6A504202A011600057149 /* Build configuration list for PBXNativeTarget "Gray" */;
			buildPhases = (
				35B6A4F5202A011600057149 /* Headers */,
				35B6A4FA202A011600057149 /* Resources */,
				35B6A4FB202A011600057149 /* Sources */,
				35B6A501202A011600057149 /* Frameworks */,
				35B6A503202A011600057149 /* Rez */,
			);
			buildRules = (
			);
			dependencies = (
			);
			name = Gray;
			productName = iterator;
			productReference = 35B6A507202A011600057149 /* lp.grrr~.mxo */;
			productType = "com.apple.product-type.bundle";
		};
		35BF42AC2028865100F8BA3A /* Brown */ = {
			isa = PBXNativeTarget;
			buildConfigurationList = 35BF42BC2028865100F8BA3A /* Build configuration list for PBXNativeTarget "Brown" */;
			buildPhases = (
				35BF42AD2028865100F8BA3A /* Headers */,
				35BF42B22028865100F8BA3A /* Resources */,
				35BF42B32028865100F8BA3A /* Sources */,
				35BF42B92028865100F8BA3A /* Frameworks */,
				35BF42BB2028865100F8BA3A /* Rez */,
			);
			buildRules = (
			);
			dependencies = (
			);
			name = Brown;
			productName = iterator;
			productReference = 35BF42BF2028865100F8BA3A /* lp.pfff~.mxo */;
			productType = "com.apple.product-type.bundle";
		};
		35F9FC52202776CC0052D67D /* qvvv~ */ = {
			isa = PBXNativeTarget;
			buildConfigurationList = 35F9FC5A202776CC0052D67D /* Build configuration list for PBXNativeTarget "qvvv~" */;
			buildPhases = (
				35F9FC53202776CC0052D67D /* Headers */,
				35F9FC54202776CC0052D67D /* Resources */,
				35F9FC55202776CC0052D67D /* Sources */,
				35F9FC57202776CC0052D67D /* Frameworks */,
				35F9FC59202776CC0052D67D /* Rez */,
			);
			buildRules = (
			);
			dependencies = (
			);
			name = "qvvv~";
			productName = iterator;
			productReference = 35F9FC5D202776CC0052D67D /* lp.qvvv~.mxo */;
			productType = "com.apple.product-type.bundle";
		};
/* End PBXNativeTarget section */

/* Begin PBXProject section */
		089C1669FE841209C02AAC07 /* Project object */ = {
			isa = PBXProject;
			attributes = {
				LastUpgradeCheck = 0820;
			};
			buildConfigurationList = 2FBBEACF08F335010078DB84 /* Build configuration list for PBXProject "LitterColorSignals-64bit" */;
			compatibilityVersion = "Xcode 3.2";
			developmentRegion = English;
			hasScannedForEncodings = 1;
			knownRegions = (
				en,
			);
			mainGroup = 089C166AFE841209C02AAC07 /* iterator */;
			projectDirPath = "";
			projectRoot = "";
			targets = (
				35F9FC52202776CC0052D67D /* qvvv~ */,
				35BF42AC2028865100F8BA3A /* Brown */,
				3599B80C2029D3F8000C3442 /* Black */,
				3599B8212029D7AD000C3442 /* Multicolor */,
				35B6A4F4202A011600057149 /* Gray */,
				355ECEC3202A11D2002E46E9 /* White */,
				355ECED9202A27B4002E46E9 /* Pink (Voss) */,
				355ECEEE202A28B6002E46E9 /* Pink (McCartney) */,
			);
		};
/* End PBXProject section */

/* Begin PBXResourcesBuildPhase section */
		355ECEC9202A11D2002E46E9 /* Resources */ = {
			isa = PBXResourcesBuildPhase;
			buildActionMask = 2147483647;
			files = (
			);
			runOnlyForDeploymentPostprocessing = 0;
		};
		355ECEDF202A27B4002E46E9 /* Resources */ = {
			isa = PBXResourcesBuildPhase;
			buildActionMask = 2147483647;
			files = (
			);
			runOnlyForDeploymentPostprocessing = 0;
		};
		355ECEF4202A28B6002E46E9 /* Resources */ = {
			isa = PBXResourcesBuildPhase;
			buildActionMask = 2147483647;
			files = (
			);
			runOnlyForDeploymentPostprocessing = 0;
		};
		3599B8122029D3F8000C3442 /* Resources */ = {
			isa = PBXResourcesBuildPhase;
			buildActionMask = 2147483647;
			files = (
			);
			runOnlyForDeploymentPostprocessing = 0;
		};
		3599B8272029D7AD000C3442 /* Resources */ = {
			isa = PBXResourcesBuildPhase;
			buildActionMask = 2147483647;
			files = (
			);
			runOnlyForDeploymentPostprocessing = 0;
		};
		35B6A4FA202A011600057149 /* Resources */ = {
			isa = PBXResourcesBuildPhase;
			buildActionMask = 2147483647;
			files = (
			);
			runOnlyForDeploymentPostprocessing = 0;
		};
		35BF42B22028865100F8BA3A /* Resources */ = {
			isa = PBXResourcesBuildPhase;
			buildActionMask = 2147483647;
			files = (
			);
			runOnlyForDeploymentPostprocessing = 0;
		};
		35F9FC54202776CC0052D67D /* Resources */ = {
			isa = PBXResourcesBuildPhase;
			buildActionMask = 2147483647;
			files = (
			);
			runOnlyForDeploymentPostprocessing = 0;
		};
/* End PBXResourcesBuildPhase section */

/* Begin PBXRezBuildPhase section */
		355ECED2202A11D2002E46E9 /* Rez */ = {
			isa = PBXRezBuildPhase;
			buildActionMask = 2147483647;
			files = (
			);
			runOnlyForDeploymentPostprocessing = 0;
		};
		355ECEE8202A27B4002E46E9 /* Rez */ = {
			isa = PBXRezBuildPhase;
			buildActionMask = 2147483647;
			files = (
			);
			runOnlyForDeploymentPostprocessing = 0;
		};
		355ECEFD202A28B6002E46E9 /* Rez */ = {
			isa = PBXRezBuildPhase;
			buildActionMask = 2147483647;
			files = (
			);
			runOnlyForDeploymentPostprocessing = 0;
		};
		3599B81B2029D3F8000C3442 /* Rez */ = {
			isa = PBXRezBuildPhase;
			buildActionMask = 2147483647;
			files = (
			);
			runOnlyForDeploymentPostprocessing = 0;
		};
		3599B8302029D7AD000C3442 /* Rez */ = {
			isa = PBXRezBuildPhase;
			buildActionMask = 2147483647;
			files = (
			);
			runOnlyForDeploymentPostprocessing = 0;
		};
		35B6A503202A011600057149 /* Rez */ = {
			isa = PBXRezBuildPhase;
			buildActionMask = 2147483647;
			files = (
			);
			runOnlyForDeploymentPostprocessing = 0;
		};
		35BF42BB2028865100F8BA3A /* Rez */ = {
			isa = PBXRezBuildPhase;
			buildActionMask = 2147483647;
			files = (
			);
			runOnlyForDeploymentPostprocessing = 0;
		};
		35F9FC59202776CC0052D67D /* Rez */ = {
			isa = PBXRezBuildPhase;
			buildActionMask = 2147483647;
			files = (
			);
			runOnlyForDeploymentPostprocessing = 0;
		};
/* End PBXRezBuildPhase section */

/* Begin PBXSourcesBuildPhase section */
		355ECECA202A11D2002E46E9 /* Sources */ = {
			isa = PBXSourcesBuildPhase;
			buildActionMask = 2147483647;
			files = (
				355ECECB202A11D2002E46E9 /* Taus88.c in Sources */,
				355ECECC202A11D2002E46E9 /* MiscUtils.c in Sources */,
				355ECECD202A11D2002E46E9 /* MaxUtils.c in Sources */,
				355ECECE202A11D2002E46E9 /* LitterLib.c in Sources */,
				355ECED8202A11EA002E46E9 /* schhh~.c in Sources */,
			);
			runOnlyForDeploymentPostprocessing = 0;
		};
		355ECEE0202A27B4002E46E9 /* Sources */ = {
			isa = PBXSourcesBuildPhase;
			buildActionMask = 2147483647;
			files = (
				355ECF04202A2933002E46E9 /* sss~.c in Sources */,
				355ECEE1202A27B4002E46E9 /* Taus88.c in Sources */,
				355ECEE2202A27B4002E46E9 /* MiscUtils.c in Sources */,
				355ECEE3202A27B4002E46E9 /* MaxUtils.c in Sources */,
				355ECEE4202A27B4002E46E9 /* LitterLib.c in Sources */,
			);
			runOnlyForDeploymentPostprocessing = 0;
		};
		355ECEF5202A28B6002E46E9 /* Sources */ = {
			isa = PBXSourcesBuildPhase;
			buildActionMask = 2147483647;
			files = (
				355ECEF6202A28B6002E46E9 /* Taus88.c in Sources */,
				355ECEF7202A28B6002E46E9 /* MiscUtils.c in Sources */,
				355ECEF8202A28B6002E46E9 /* MaxUtils.c in Sources */,
				355ECEF9202A28B6002E46E9 /* LitterLib.c in Sources */,
				355ECF03202A292A002E46E9 /* zzz~.c in Sources */,
			);
			runOnlyForDeploymentPostprocessing = 0;
		};
		3599B8132029D3F8000C3442 /* Sources */ = {
			isa = PBXSourcesBuildPhase;
			buildActionMask = 2147483647;
			files = (
				3599B8142029D3F8000C3442 /* Taus88.c in Sources */,
				3599B8152029D3F8000C3442 /* MiscUtils.c in Sources */,
				3599B8162029D3F8000C3442 /* MaxUtils.c in Sources */,
				3599B8172029D3F8000C3442 /* LitterLib.c in Sources */,
				3599B8182029D3F8000C3442 /* pfff~.c in Sources */,
			);
			runOnlyForDeploymentPostprocessing = 0;
		};
		3599B8282029D7AD000C3442 /* Sources */ = {
			isa = PBXSourcesBuildPhase;
			buildActionMask = 2147483647;
			files = (
				3599B8292029D7AD000C3442 /* Taus88.c in Sources */,
				3599B82A2029D7AD000C3442 /* MiscUtils.c in Sources */,
				3599B82B2029D7AD000C3442 /* MaxUtils.c in Sources */,
				3599B82C2029D7AD000C3442 /* LitterLib.c in Sources */,
				3599B82D2029D7AD000C3442 /* pfff~.c in Sources */,
			);
			runOnlyForDeploymentPostprocessing = 0;
		};
		35B6A4FB202A011600057149 /* Sources */ = {
			isa = PBXSourcesBuildPhase;
			buildActionMask = 2147483647;
			files = (
				35B6A4FC202A011600057149 /* Taus88.c in Sources */,
				35B6A4FD202A011600057149 /* MiscUtils.c in Sources */,
				35B6A4FE202A011600057149 /* MaxUtils.c in Sources */,
				35B6A4FF202A011600057149 /* LitterLib.c in Sources */,
				35B6A509202A023500057149 /* grrr~.c in Sources */,
			);
			runOnlyForDeploymentPostprocessing = 0;
		};
		35BF42B32028865100F8BA3A /* Sources */ = {
			isa = PBXSourcesBuildPhase;
			buildActionMask = 2147483647;
			files = (
				35BF42B42028865100F8BA3A /* Taus88.c in Sources */,
				35BF42B52028865100F8BA3A /* MiscUtils.c in Sources */,
				35BF42B62028865100F8BA3A /* MaxUtils.c in Sources */,
				35BF42B72028865100F8BA3A /* LitterLib.c in Sources */,
				35BF42C12028876B00F8BA3A /* pfff~.c in Sources */,
			);
			runOnlyForDeploymentPostprocessing = 0;
		};
		35F9FC55202776CC0052D67D /* Sources */ = {
			isa = PBXSourcesBuildPhase;
			buildActionMask = 2147483647;
			files = (
				35F9FC6D202777D80052D67D /* Taus88.c in Sources */,
				35F9FC6B202777D80052D67D /* MiscUtils.c in Sources */,
				35F9FC69202777D80052D67D /* MaxUtils.c in Sources */,
				35F9FC67202777D80052D67D /* LitterLib.c in Sources */,
				35F9FC77202778510052D67D /* qvvv~.c in Sources */,
			);
			runOnlyForDeploymentPostprocessing = 0;
		};
/* End PBXSourcesBuildPhase section */

/* Begin XCBuildConfiguration section */
		2FBBEAD008F335010078DB84 /* Development */ = {
			isa = XCBuildConfiguration;
			buildSettings = {
				CLANG_WARN_BOOL_CONVERSION = YES;
				CLANG_WARN_CONSTANT_CONVERSION = YES;
				CLANG_WARN_EMPTY_BODY = YES;
				CLANG_WARN_ENUM_CONVERSION = YES;
				CLANG_WARN_INFINITE_RECURSION = YES;
				CLANG_WARN_INT_CONVERSION = YES;
				CLANG_WARN_SUSPICIOUS_MOVE = YES;
				CLANG_WARN_UNREACHABLE_CODE = YES;
				CLANG_WARN__DUPLICATE_METHOD_MATCH = YES;
				ENABLE_STRICT_OBJC_MSGSEND = YES;
				ENABLE_TESTABILITY = YES;
				GCC_NO_COMMON_BLOCKS = YES;
				GCC_WARN_64_TO_32_BIT_CONVERSION = YES;
				GCC_WARN_ABOUT_RETURN_TYPE = YES;
				GCC_WARN_UNDECLARED_SELECTOR = YES;
				GCC_WARN_UNINITIALIZED_AUTOS = YES;
				GCC_WARN_UNUSED_FUNCTION = YES;
				GCC_WARN_UNUSED_VARIABLE = YES;
				ONLY_ACTIVE_ARCH = YES;
				PRODUCT_BUNDLE_IDENTIFIER = "de.castine.$(PRODUCT_NAME)";
				PRODUCT_NAME = "lp.$(PRODUCT_SHORT_NAME)";
			};
			name = Development;
		};
		2FBBEAD108F335010078DB84 /* Deployment */ = {
			isa = XCBuildConfiguration;
			buildSettings = {
				CLANG_WARN_BOOL_CONVERSION = YES;
				CLANG_WARN_CONSTANT_CONVERSION = YES;
				CLANG_WARN_EMPTY_BODY = YES;
				CLANG_WARN_ENUM_CONVERSION = YES;
				CLANG_WARN_INFINITE_RECURSION = YES;
				CLANG_WARN_INT_CONVERSION = YES;
				CLANG_WARN_SUSPICIOUS_MOVE = YES;
				CLANG_WARN_UNREACHABLE_CODE = YES;
				CLANG_WARN__DUPLICATE_METHOD_MATCH = YES;
				ENABLE_STRICT_OBJC_MSGSEND = YES;
				GCC_NO_COMMON_BLOCKS = YES;
				GCC_WARN_64_TO_32_BIT_CONVERSION = YES;
				GCC_WARN_ABOUT_RETURN_TYPE = YES;
				GCC_WARN_UNDECLARED_SELECTOR = YES;
				GCC_WARN_UNINITIALIZED_AUTOS = YES;
				GCC_WARN_UNUSED_FUNCTION = YES;
				GCC_WARN_UNUSED_VARIABLE = YES;
				PRODUCT_BUNDLE_IDENTIFIER = "de.castine.$(PRODUCT_NAME)";
				PRODUCT_NAME = "lp.$(PRODUCT_SHORT_NAME)";
			};
			name = Deployment;
		};
		355ECED4202A11D2002E46E9 /* Development */ = {
			isa = XCBuildConfiguration;
			baseConfigurationReference = 22CF10220EE984600054F513 /* maxmspsdk.xcconfig */;
			buildSettings = {
				COPY_PHASE_STRIP = NO;
				GCC_OPTIMIZATION_LEVEL = 0;
				GCC_PREPROCESSOR_DEFINITIONS = (
					"\"DENORM_WANT_FIX = 1\"",
					"\"NO_TRANSLATION_SUPPORT = 1\"",
					__MAX_MSP_OBJECT__,
					"__LITTER_UB__=1",
					"\"LITTER_USE_OBEX = 1\"",
				);
				INFOPLIST_FILE = "$(SRCROOT)/../Resources/Info.plist";
				PRODUCT_BUNDLE_IDENTIFIER = "de.castine.$(PRODUCT_NAME)";
				PRODUCT_NAME = "lp.$(PRODUCT_SHORT_NAME)";
				PRODUCT_SHORT_NAME = "shhh~";
				SDKROOT = macosx10.11;
			};
			name = Development;
		};
		355ECED5202A11D2002E46E9 /* Deployment */ = {
			isa = XCBuildConfiguration;
			baseConfigurationReference = 22CF10220EE984600054F513 /* maxmspsdk.xcconfig */;
			buildSettings = {
				COPY_PHASE_STRIP = YES;
				GCC_PREPROCESSOR_DEFINITIONS = (
					"\"DENORM_WANT_FIX = 1\"",
					"\"NO_TRANSLATION_SUPPORT = 1\"",
					__MAX_MSP_OBJECT__,
					"__LITTER_UB__=1",
					"\"LITTER_USE_OBEX = 1\"",
				);
				INFOPLIST_FILE = "$(SRCROOT)/../Resources/Info.plist";
				PRODUCT_BUNDLE_IDENTIFIER = "de.castine.$(PRODUCT_NAME)";
				PRODUCT_NAME = "lp.$(PRODUCT_SHORT_NAME)";
				PRODUCT_SHORT_NAME = "shhh~";
				SDKROOT = macosx10.11;
			};
			name = Deployment;
		};
		355ECEEA202A27B4002E46E9 /* Development */ = {
			isa = XCBuildConfiguration;
			baseConfigurationReference = 22CF10220EE984600054F513 /* maxmspsdk.xcconfig */;
			buildSettings = {
				COPY_PHASE_STRIP = NO;
				GCC_OPTIMIZATION_LEVEL = 0;
				GCC_PREPROCESSOR_DEFINITIONS = (
					"\"DENORM_WANT_FIX = 1\"",
					"\"NO_TRANSLATION_SUPPORT = 1\"",
					__MAX_MSP_OBJECT__,
					"__LITTER_UB__=1",
					"\"LITTER_USE_OBEX = 1\"",
				);
				INFOPLIST_FILE = "$(SRCROOT)/../Resources/Info.plist";
				PRODUCT_BUNDLE_IDENTIFIER = "de.castine.$(PRODUCT_NAME)";
				PRODUCT_NAME = "lp.$(PRODUCT_SHORT_NAME)";
				PRODUCT_SHORT_NAME = "sss~";
				SDKROOT = macosx10.11;
			};
			name = Development;
		};
		355ECEEB202A27B4002E46E9 /* Deployment */ = {
			isa = XCBuildConfiguration;
			baseConfigurationReference = 22CF10220EE984600054F513 /* maxmspsdk.xcconfig */;
			buildSettings = {
				COPY_PHASE_STRIP = YES;
				GCC_PREPROCESSOR_DEFINITIONS = (
					"\"DENORM_WANT_FIX = 1\"",
					"\"NO_TRANSLATION_SUPPORT = 1\"",
					__MAX_MSP_OBJECT__,
					"__LITTER_UB__=1",
					"\"LITTER_USE_OBEX = 1\"",
				);
				INFOPLIST_FILE = "$(SRCROOT)/../Resources/Info.plist";
				PRODUCT_BUNDLE_IDENTIFIER = "de.castine.$(PRODUCT_NAME)";
				PRODUCT_NAME = "lp.$(PRODUCT_SHORT_NAME)";
				PRODUCT_SHORT_NAME = "sss~";
				SDKROOT = macosx10.11;
			};
			name = Deployment;
		};
		355ECEFF202A28B6002E46E9 /* Development */ = {
			isa = XCBuildConfiguration;
			baseConfigurationReference = 22CF10220EE984600054F513 /* maxmspsdk.xcconfig */;
			buildSettings = {
				COPY_PHASE_STRIP = NO;
				GCC_OPTIMIZATION_LEVEL = 0;
				GCC_PREPROCESSOR_DEFINITIONS = (
					"\"DENORM_WANT_FIX = 1\"",
					"\"NO_TRANSLATION_SUPPORT = 1\"",
					__MAX_MSP_OBJECT__,
					"__LITTER_UB__=1",
					"\"LITTER_USE_OBEX = 1\"",
				);
				INFOPLIST_FILE = "$(SRCROOT)/../Resources/Info.plist";
				PRODUCT_BUNDLE_IDENTIFIER = "de.castine.$(PRODUCT_NAME)";
				PRODUCT_NAME = "lp.$(PRODUCT_SHORT_NAME)";
				PRODUCT_SHORT_NAME = "zzz~";
				SDKROOT = macosx10.11;
			};
			name = Development;
		};
		355ECF00202A28B6002E46E9 /* Deployment */ = {
			isa = XCBuildConfiguration;
			baseConfigurationReference = 22CF10220EE984600054F513 /* maxmspsdk.xcconfig */;
			buildSettings = {
				COPY_PHASE_STRIP = YES;
				GCC_PREPROCESSOR_DEFINITIONS = (
					"\"DENORM_WANT_FIX = 1\"",
					"\"NO_TRANSLATION_SUPPORT = 1\"",
					__MAX_MSP_OBJECT__,
					"__LITTER_UB__=1",
					"\"LITTER_USE_OBEX = 1\"",
				);
				INFOPLIST_FILE = "$(SRCROOT)/../Resources/Info.plist";
				PRODUCT_BUNDLE_IDENTIFIER = "de.castine.$(PRODUCT_NAME)";
				PRODUCT_NAME = "lp.$(PRODUCT_SHORT_NAME)";
				PRODUCT_SHORT_NAME = "zzz~";
				SDKROOT = macosx10.11;
			};
			name = Deployment;
		};
		3599B81D2029D3F8000C3442 /* Development */ = {
			isa = XCBuildConfiguration;
			baseConfigurationReference = 22CF10220EE984600054F513 /* maxmspsdk.xcconfig */;
			buildSettings = {
				COPY_PHASE_STRIP = NO;
				GCC_OPTIMIZATION_LEVEL = 0;
				GCC_PREPROCESSOR_DEFINITIONS = (
					"\"DENORM_WANT_FIX = 1\"",
					"\"NO_TRANSLATION_SUPPORT = 1\"",
					__MAX_MSP_OBJECT__,
					"__LITTER_UB__=1",
					"\"LITTER_USE_OBEX = 1\"",
					"BLACK=1",
				);
				INFOPLIST_FILE = "$(SRCROOT)/../Resources/Info.plist";
				PRODUCT_BUNDLE_IDENTIFIER = "de.castine.$(PRODUCT_NAME)";
				PRODUCT_NAME = "lp.$(PRODUCT_SHORT_NAME)";
				PRODUCT_SHORT_NAME = "phhh~";
				SDKROOT = macosx10.11;
			};
			name = Development;
		};
		3599B81E2029D3F8000C3442 /* Deployment */ = {
			isa = XCBuildConfiguration;
			baseConfigurationReference = 22CF10220EE984600054F513 /* maxmspsdk.xcconfig */;
			buildSettings = {
				COPY_PHASE_STRIP = YES;
				GCC_PREPROCESSOR_DEFINITIONS = (
					"\"DENORM_WANT_FIX = 1\"",
					"\"NO_TRANSLATION_SUPPORT = 1\"",
					__MAX_MSP_OBJECT__,
					"__LITTER_UB__=1",
					"\"LITTER_USE_OBEX = 1\"",
					"BLACK=1",
				);
				INFOPLIST_FILE = "$(SRCROOT)/../Resources/Info.plist";
				PRODUCT_BUNDLE_IDENTIFIER = "de.castine.$(PRODUCT_NAME)";
				PRODUCT_NAME = "lp.$(PRODUCT_SHORT_NAME)";
				PRODUCT_SHORT_NAME = "phhh~";
				SDKROOT = macosx10.11;
			};
			name = Deployment;
		};
		3599B8322029D7AD000C3442 /* Development */ = {
			isa = XCBuildConfiguration;
			baseConfigurationReference = 22CF10220EE984600054F513 /* maxmspsdk.xcconfig */;
			buildSettings = {
				COPY_PHASE_STRIP = NO;
				GCC_OPTIMIZATION_LEVEL = 0;
				GCC_PREPROCESSOR_DEFINITIONS = (
					"\"DENORM_WANT_FIX = 1\"",
					"\"NO_TRANSLATION_SUPPORT = 1\"",
					__MAX_MSP_OBJECT__,
					"__LITTER_UB__=1",
					"\"LITTER_USE_OBEX = 1\"",
					"VARICOLOR=1",
				);
				INFOPLIST_FILE = "$(SRCROOT)/../Resources/Info.plist";
				PRODUCT_BUNDLE_IDENTIFIER = "de.castine.$(PRODUCT_NAME)";
				PRODUCT_NAME = "lp.$(PRODUCT_SHORT_NAME)";
				PRODUCT_SHORT_NAME = "pvvv~";
				SDKROOT = macosx10.11;
			};
			name = Development;
		};
		3599B8332029D7AD000C3442 /* Deployment */ = {
			isa = XCBuildConfiguration;
			baseConfigurationReference = 22CF10220EE984600054F513 /* maxmspsdk.xcconfig */;
			buildSettings = {
				COPY_PHASE_STRIP = YES;
				GCC_PREPROCESSOR_DEFINITIONS = (
					"\"DENORM_WANT_FIX = 1\"",
					"\"NO_TRANSLATION_SUPPORT = 1\"",
					__MAX_MSP_OBJECT__,
					"__LITTER_UB__=1",
					"\"LITTER_USE_OBEX = 1\"",
					"VARICOLOR=1",
				);
				INFOPLIST_FILE = "$(SRCROOT)/../Resources/Info.plist";
				PRODUCT_BUNDLE_IDENTIFIER = "de.castine.$(PRODUCT_NAME)";
				PRODUCT_NAME = "lp.$(PRODUCT_SHORT_NAME)";
				PRODUCT_SHORT_NAME = "pvvv~";
				SDKROOT = macosx10.11;
			};
			name = Deployment;
		};
		35B6A505202A011600057149 /* Development */ = {
			isa = XCBuildConfiguration;
			baseConfigurationReference = 22CF10220EE984600054F513 /* maxmspsdk.xcconfig */;
			buildSettings = {
				COPY_PHASE_STRIP = NO;
				GCC_OPTIMIZATION_LEVEL = 0;
				GCC_PREPROCESSOR_DEFINITIONS = (
					"\"DENORM_WANT_FIX = 1\"",
					"\"NO_TRANSLATION_SUPPORT = 1\"",
					__MAX_MSP_OBJECT__,
					"__LITTER_UB__=1",
					"\"LITTER_USE_OBEX = 1\"",
				);
				INFOPLIST_FILE = "$(SRCROOT)/../Resources/Info.plist";
				PRODUCT_BUNDLE_IDENTIFIER = "de.castine.$(PRODUCT_NAME)";
				PRODUCT_NAME = "lp.$(PRODUCT_SHORT_NAME)";
				PRODUCT_SHORT_NAME = "grrr~";
				SDKROOT = macosx10.11;
			};
			name = Development;
		};
		35B6A506202A011600057149 /* Deployment */ = {
			isa = XCBuildConfiguration;
			baseConfigurationReference = 22CF10220EE984600054F513 /* maxmspsdk.xcconfig */;
			buildSettings = {
				COPY_PHASE_STRIP = YES;
				GCC_PREPROCESSOR_DEFINITIONS = (
					"\"DENORM_WANT_FIX = 1\"",
					"\"NO_TRANSLATION_SUPPORT = 1\"",
					__MAX_MSP_OBJECT__,
					"__LITTER_UB__=1",
					"\"LITTER_USE_OBEX = 1\"",
				);
				INFOPLIST_FILE = "$(SRCROOT)/../Resources/Info.plist";
				PRODUCT_BUNDLE_IDENTIFIER = "de.castine.$(PRODUCT_NAME)";
				PRODUCT_NAME = "lp.$(PRODUCT_SHORT_NAME)";
				PRODUCT_SHORT_NAME = "grrr~";
				SDKROOT = macosx10.11;
			};
			name = Deployment;
		};
		35BF42BD2028865100F8BA3A /* Development */ = {
			isa = XCBuildConfiguration;
			baseConfigurationReference = 22CF10220EE984600054F513 /* maxmspsdk.xcconfig */;
			buildSettings = {
				COPY_PHASE_STRIP = NO;
				GCC_OPTIMIZATION_LEVEL = 0;
				GCC_PREPROCESSOR_DEFINITIONS = (
					"\"DENORM_WANT_FIX = 1\"",
					"\"NO_TRANSLATION_SUPPORT = 1\"",
					__MAX_MSP_OBJECT__,
					"__LITTER_UB__=1",
					"\"LITTER_USE_OBEX = 1\"",
					"BROWN=1",
				);
				INFOPLIST_FILE = "$(SRCROOT)/../Resources/Info.plist";
				PRODUCT_BUNDLE_IDENTIFIER = "de.castine.$(PRODUCT_NAME)";
				PRODUCT_NAME = "lp.$(PRODUCT_SHORT_NAME)";
				PRODUCT_SHORT_NAME = "pfff~";
				SDKROOT = macosx10.11;
			};
			name = Development;
		};
		35BF42BE2028865100F8BA3A /* Deployment */ = {
			isa = XCBuildConfiguration;
			baseConfigurationReference = 22CF10220EE984600054F513 /* maxmspsdk.xcconfig */;
			buildSettings = {
				COPY_PHASE_STRIP = YES;
				GCC_PREPROCESSOR_DEFINITIONS = (
					"\"DENORM_WANT_FIX = 1\"",
					"\"NO_TRANSLATION_SUPPORT = 1\"",
					__MAX_MSP_OBJECT__,
					"__LITTER_UB__=1",
					"\"LITTER_USE_OBEX = 1\"",
					"BROWN=1",
				);
				INFOPLIST_FILE = "$(SRCROOT)/../Resources/Info.plist";
				PRODUCT_BUNDLE_IDENTIFIER = "de.castine.$(PRODUCT_NAME)";
				PRODUCT_NAME = "lp.$(PRODUCT_SHORT_NAME)";
				PRODUCT_SHORT_NAME = "pfff~";
				SDKROOT = macosx10.11;
			};
			name = Deployment;
		};
		35F9FC5B202776CC0052D67D /* Development */ = {
			isa = XCBuildConfiguration;
			baseConfigurationReference = 22CF10220EE984600054F513 /* maxmspsdk.xcconfig */;
			buildSettings = {
				COPY_PHASE_STRIP = NO;
				GCC_OPTIMIZATION_LEVEL = 0;
				GCC_PREPROCESSOR_DEFINITIONS = (
					"\"DENORM_WANT_FIX = 1\"",
					"\"NO_TRANSLATION_SUPPORT = 1\"",
					__MAX_MSP_OBJECT__,
					"__LITTER_UB__=1",
					"\"LITTER_USE_OBEX = 1\"",
				);
				INFOPLIST_FILE = "$(SRCROOT)/../Resources/Info.plist";
				PRODUCT_BUNDLE_IDENTIFIER = "de.castine.$(PRODUCT_NAME)";
				PRODUCT_NAME = "lp.$(PRODUCT_SHORT_NAME)";
				PRODUCT_SHORT_NAME = "$(TARGET_NAME)";
				SDKROOT = macosx10.11;
			};
			name = Development;
		};
		35F9FC5C202776CC0052D67D /* Deployment */ = {
			isa = XCBuildConfiguration;
			baseConfigurationReference = 22CF10220EE984600054F513 /* maxmspsdk.xcconfig */;
			buildSettings = {
				COPY_PHASE_STRIP = YES;
				GCC_PREPROCESSOR_DEFINITIONS = (
					"\"DENORM_WANT_FIX = 1\"",
					"\"NO_TRANSLATION_SUPPORT = 1\"",
					__MAX_MSP_OBJECT__,
					"__LITTER_UB__=1",
					"\"LITTER_USE_OBEX = 1\"",
				);
				INFOPLIST_FILE = "$(SRCROOT)/../Resources/Info.plist";
				PRODUCT_BUNDLE_IDENTIFIER = "de.castine.$(PRODUCT_NAME)";
				PRODUCT_NAME = "lp.$(PRODUCT_SHORT_NAME)";
				PRODUCT_SHORT_NAME = "$(TARGET_NAME)";
				SDKROOT = macosx10.11;
			};
			name = Deployment;
		};
/* End XCBuildConfiguration section */

/* Begin XCConfigurationList section */
		2FBBEACF08F335010078DB84 /* Build configuration list for PBXProject "LitterColorSignals-64bit" */ = {
			isa = XCConfigurationList;
			buildConfigurations = (
				2FBBEAD008F335010078DB84 /* Development */,
				2FBBEAD108F335010078DB84 /* Deployment */,
			);
			defaultConfigurationIsVisible = 0;
			defaultConfigurationName = Development;
		};
		355ECED3202A11D2002E46E9 /* Build configuration list for PBXNativeTarget "White" */ = {
			isa = XCConfigurationList;
			buildConfigurations = (
				355ECED4202A11D2002E46E9 /* Development */,
				355ECED5202A11D2002E46E9 /* Deployment */,
			);
			defaultConfigurationIsVisible = 0;
			defaultConfigurationName = Development;
		};
		355ECEE9202A27B4002E46E9 /* Build configuration list for PBXNativeTarget "Pink (Voss)" */ = {
			isa = XCConfigurationList;
			buildConfigurations = (
				355ECEEA202A27B4002E46E9 /* Development */,
				355ECEEB202A27B4002E46E9 /* Deployment */,
			);
			defaultConfigurationIsVisible = 0;
			defaultConfigurationName = Development;
		};
		355ECEFE202A28B6002E46E9 /* Build configuration list for PBXNativeTarget "Pink (McCartney)" */ = {
			isa = XCConfigurationList;
			buildConfigurations = (
				355ECEFF202A28B6002E46E9 /* Development */,
				355ECF00202A28B6002E46E9 /* Deployment */,
			);
			defaultConfigurationIsVisible = 0;
			defaultConfigurationName = Development;
		};
		3599B81C2029D3F8000C3442 /* Build configuration list for PBXNativeTarget "Black" */ = {
			isa = XCConfigurationList;
			buildConfigurations = (
				3599B81D2029D3F8000C3442 /* Development */,
				3599B81E2029D3F8000C3442 /* Deployment */,
			);
			defaultConfigurationIsVisible = 0;
			defaultConfigurationName = Development;
		};
		3599B8312029D7AD000C3442 /* Build configuration list for PBXNativeTarget "Multicolor" */ = {
			isa = XCConfigurationList;
			buildConfigurations = (
				3599B8322029D7AD000C3442 /* Development */,
				3599B8332029D7AD000C3442 /* Deployment */,
			);
			defaultConfigurationIsVisible = 0;
			defaultConfigurationName = Development;
		};
		35B6A504202A011600057149 /* Build configuration list for PBXNativeTarget "Gray" */ = {
			isa = XCConfigurationList;
			buildConfigurations = (
				35B6A505202A011600057149 /* Development */,
				35B6A506202A011600057149 /* Deployment */,
			);
			defaultConfigurationIsVisible = 0;
			defaultConfigurationName = Development;
		};
		35BF42BC2028865100F8BA3A /* Build configuration list for PBXNativeTarget "Brown" */ = {
			isa = XCConfigurationList;
			buildConfigurations = (
				35BF42BD2028865100F8BA3A /* Development */,
				35BF42BE2028865100F8BA3A /* Deployment */,
			);
			defaultConfigurationIsVisible = 0;
			defaultConfigurationName = Development;
		};
		35F9FC5A202776CC0052D67D /* Build configuration list for PBXNativeTarget "qvvv~" */ = {
			isa = XCConfigurationList;
			buildConfigurations = (
				35F9FC5B202776CC0052D67D /* Development */,
				35F9FC5C202776CC0052D67D /* Deployment */,
			);
			defaultConfigurationIsVisible = 0;
			defaultConfigurationName = Development;
		};
/* End XCConfigurationList section */
	};
	rootObject = 089C1669FE841209C02AAC07 /* Project object */;
}
