// !$*UTF8*$!
{
	archiveVersion = 1;
	classes = {
	};
	objectVersion = 46;
	objects = {

/* Begin PBXBuildFile section */
		040C33640B9358BF0088CD19 /* ernie.c in Sources */ = {isa = PBXBuildFile; fileRef = 042BE0FE0A9476AB0008B638 /* ernie.c */; };
		040C33660B9358BF0088CD19 /* Carbon.framework in Frameworks */ = {isa = PBXBuildFile; fileRef = 08EA7FFBFE8413EDC02AAC07 /* Carbon.framework */; };
		040C339E0B9359420088CD19 /* cuthbert.c in Sources */ = {isa = PBXBuildFile; fileRef = 040C339D0B9359420088CD19 /* cuthbert.c */; };
		041D50270B344092006AA565 /* Carbon.framework in Frameworks */ = {isa = PBXBuildFile; fileRef = 08EA7FFBFE8413EDC02AAC07 /* Carbon.framework */; };
		041D50360B3440F2006AA565 /* bibi.c in Sources */ = {isa = PBXBuildFile; fileRef = 041D50350B3440F2006AA565 /* bibi.c */; };
		042BE1230A94770D0008B638 /* Carbon.framework in Frameworks */ = {isa = PBXBuildFile; fileRef = 08EA7FFBFE8413EDC02AAC07 /* Carbon.framework */; };
		042BE13F0A9478260008B638 /* Carbon.framework in Frameworks */ = {isa = PBXBuildFile; fileRef = 08EA7FFBFE8413EDC02AAC07 /* Carbon.framework */; };
		042BE14D0A9478610008B638 /* bernie.c in Sources */ = {isa = PBXBuildFile; fileRef = 042BE0FC0A9476AB0008B638 /* bernie.c */; };
		042BE14F0A9478790008B638 /* mama.c in Sources */ = {isa = PBXBuildFile; fileRef = 042BE1030A9476AB0008B638 /* mama.c */; };
		042BE15C0A9478D90008B638 /* Carbon.framework in Frameworks */ = {isa = PBXBuildFile; fileRef = 08EA7FFBFE8413EDC02AAC07 /* Carbon.framework */; };
		042BE16A0A94791F0008B638 /* titi.c in Sources */ = {isa = PBXBuildFile; fileRef = 042BE1070A9476AB0008B638 /* titi.c */; };
		042BE1790A94795D0008B638 /* Carbon.framework in Frameworks */ = {isa = PBXBuildFile; fileRef = 08EA7FFBFE8413EDC02AAC07 /* Carbon.framework */; };
		042BE1880A9479B10008B638 /* mrmr.c in Sources */ = {isa = PBXBuildFile; fileRef = 042BE1040A9476AB0008B638 /* mrmr.c */; };
		042BE1970A9479D00008B638 /* Carbon.framework in Frameworks */ = {isa = PBXBuildFile; fileRef = 08EA7FFBFE8413EDC02AAC07 /* Carbon.framework */; };
		042BE1B00A947AE70008B638 /* Carbon.framework in Frameworks */ = {isa = PBXBuildFile; fileRef = 08EA7FFBFE8413EDC02AAC07 /* Carbon.framework */; };
		042BE1BD0A947B180008B638 /* tata.c in Sources */ = {isa = PBXBuildFile; fileRef = 042BE1060A9476AB0008B638 /* tata.c */; };
		042BE1C00A947B320008B638 /* lili.c in Sources */ = {isa = PBXBuildFile; fileRef = 042BE1020A9476AB0008B638 /* lili.c */; };
		042BE1C20A947B5A0008B638 /* ginger.c in Sources */ = {isa = PBXBuildFile; fileRef = 042BE0FF0A9476AB0008B638 /* ginger.c */; };
		042BE1D00A947B990008B638 /* Carbon.framework in Frameworks */ = {isa = PBXBuildFile; fileRef = 08EA7FFBFE8413EDC02AAC07 /* Carbon.framework */; };
		042BE1DC0A947BB90008B638 /* dicey.c in Sources */ = {isa = PBXBuildFile; fileRef = 042BE0FD0A9476AB0008B638 /* dicey.c */; };
		042BE1E90A947BDB0008B638 /* Carbon.framework in Frameworks */ = {isa = PBXBuildFile; fileRef = 08EA7FFBFE8413EDC02AAC07 /* Carbon.framework */; };
		042BE2040A947C210008B638 /* Carbon.framework in Frameworks */ = {isa = PBXBuildFile; fileRef = 08EA7FFBFE8413EDC02AAC07 /* Carbon.framework */; };
		042BE21E0A947C700008B638 /* Carbon.framework in Frameworks */ = {isa = PBXBuildFile; fileRef = 08EA7FFBFE8413EDC02AAC07 /* Carbon.framework */; };
		042BE3920A949CC00008B638 /* ernie.c in Sources */ = {isa = PBXBuildFile; fileRef = 042BE0FE0A9476AB0008B638 /* ernie.c */; };
		042BE3940A949CCE0008B638 /* pfishie.c in Sources */ = {isa = PBXBuildFile; fileRef = 042BE1050A9476AB0008B638 /* pfishie.c */; };
		042BE3960A949D020008B638 /* zippie.c in Sources */ = {isa = PBXBuildFile; fileRef = 042BE1080A9476AB0008B638 /* zippie.c */; };
		3522FB87220DE54900AFA127 /* LitterLib.c in Sources */ = {isa = PBXBuildFile; fileRef = 352E288320398D57001E716F /* LitterLib.c */; };
		3522FB88220DE54F00AFA127 /* Taus88.c in Sources */ = {isa = PBXBuildFile; fileRef = 352E289120398D57001E716F /* Taus88.c */; };
		3522FB89220DE55800AFA127 /* RNGBinomial.c in Sources */ = {isa = PBXBuildFile; fileRef = 352E288B20398D57001E716F /* RNGBinomial.c */; };
		3522FB8A220DE55E00AFA127 /* MiscUtils.c in Sources */ = {isa = PBXBuildFile; fileRef = 352E288720398D57001E716F /* MiscUtils.c */; };
		3522FB8B220DE65A00AFA127 /* MaxUtils.c in Sources */ = {isa = PBXBuildFile; fileRef = 352E288520398D57001E716F /* MaxUtils.c */; };
		3522FB8C220DE7EF00AFA127 /* LitterLib.c in Sources */ = {isa = PBXBuildFile; fileRef = 352E288320398D57001E716F /* LitterLib.c */; };
		3522FB8D220DE7F400AFA127 /* MiscUtils.c in Sources */ = {isa = PBXBuildFile; fileRef = 352E288720398D57001E716F /* MiscUtils.c */; };
		3522FB8E220DE7F800AFA127 /* MaxUtils.c in Sources */ = {isa = PBXBuildFile; fileRef = 352E288520398D57001E716F /* MaxUtils.c */; };
		3522FB8F220DE7FE00AFA127 /* RNGBinomial.c in Sources */ = {isa = PBXBuildFile; fileRef = 352E288B20398D57001E716F /* RNGBinomial.c */; };
		3522FB90220DE80200AFA127 /* Taus88.c in Sources */ = {isa = PBXBuildFile; fileRef = 352E289120398D57001E716F /* Taus88.c */; };
		3522FB91220DE80800AFA127 /* RNGDistBeta.c in Sources */ = {isa = PBXBuildFile; fileRef = 352E288D20398D57001E716F /* RNGDistBeta.c */; };
		3522FB92220DEACF00AFA127 /* LitterLib.c in Sources */ = {isa = PBXBuildFile; fileRef = 352E288320398D57001E716F /* LitterLib.c */; };
		3522FB93220DEAD400AFA127 /* MaxUtils.c in Sources */ = {isa = PBXBuildFile; fileRef = 352E288520398D57001E716F /* MaxUtils.c */; };
		3522FB94220DEAD700AFA127 /* MiscUtils.c in Sources */ = {isa = PBXBuildFile; fileRef = 352E288720398D57001E716F /* MiscUtils.c */; };
		3522FB95220DEADB00AFA127 /* Taus88.c in Sources */ = {isa = PBXBuildFile; fileRef = 352E289120398D57001E716F /* Taus88.c */; };
		3522FB96220DEAE200AFA127 /* UniformExpectations.c in Sources */ = {isa = PBXBuildFile; fileRef = 352E289520398D57001E716F /* UniformExpectations.c */; };
		3522FB97220DF00500AFA127 /* MoreMath.c in Sources */ = {isa = PBXBuildFile; fileRef = 352E288920398D57001E716F /* MoreMath.c */; };
		3522FB98220DF00700AFA127 /* LitterLib.c in Sources */ = {isa = PBXBuildFile; fileRef = 352E288320398D57001E716F /* LitterLib.c */; };
		3522FB99220DF00900AFA127 /* MaxUtils.c in Sources */ = {isa = PBXBuildFile; fileRef = 352E288520398D57001E716F /* MaxUtils.c */; };
		3522FB9A220DF00B00AFA127 /* MiscUtils.c in Sources */ = {isa = PBXBuildFile; fileRef = 352E288720398D57001E716F /* MiscUtils.c */; };
		3522FB9B220DF00F00AFA127 /* Taus88.c in Sources */ = {isa = PBXBuildFile; fileRef = 352E289120398D57001E716F /* Taus88.c */; };
		3522FB9C220DF01500AFA127 /* RNGPoisson.c in Sources */ = {isa = PBXBuildFile; fileRef = 352E288F20398D57001E716F /* RNGPoisson.c */; };
		3522FB9D220DF13900AFA127 /* LitterLib.c in Sources */ = {isa = PBXBuildFile; fileRef = 352E288320398D57001E716F /* LitterLib.c */; };
		3522FB9E220DF13B00AFA127 /* MaxUtils.c in Sources */ = {isa = PBXBuildFile; fileRef = 352E288520398D57001E716F /* MaxUtils.c */; };
		3522FB9F220DF13D00AFA127 /* MiscUtils.c in Sources */ = {isa = PBXBuildFile; fileRef = 352E288720398D57001E716F /* MiscUtils.c */; };
		3522FBA0220DF14200AFA127 /* RNGPoisson.c in Sources */ = {isa = PBXBuildFile; fileRef = 352E288F20398D57001E716F /* RNGPoisson.c */; };
		3522FBA1220DF14800AFA127 /* Taus88.c in Sources */ = {isa = PBXBuildFile; fileRef = 352E289120398D57001E716F /* Taus88.c */; };
		3522FBA2220DF51900AFA127 /* LitterLib.c in Sources */ = {isa = PBXBuildFile; fileRef = 352E288320398D57001E716F /* LitterLib.c */; };
		3522FBA3220DF51E00AFA127 /* MaxUtils.c in Sources */ = {isa = PBXBuildFile; fileRef = 352E288520398D57001E716F /* MaxUtils.c */; };
		3522FBA4220DF52000AFA127 /* MiscUtils.c in Sources */ = {isa = PBXBuildFile; fileRef = 352E288720398D57001E716F /* MiscUtils.c */; };
		3522FBA5220DF52100AFA127 /* MoreMath.c in Sources */ = {isa = PBXBuildFile; fileRef = 352E288920398D57001E716F /* MoreMath.c */; };
		3522FBA7220DF64100AFA127 /* Taus88.c in Sources */ = {isa = PBXBuildFile; fileRef = 352E289120398D57001E716F /* Taus88.c */; };
		3522FBA8220DF69300AFA127 /* LitterLib.c in Sources */ = {isa = PBXBuildFile; fileRef = 352E288320398D57001E716F /* LitterLib.c */; };
		3522FBA9220DF69600AFA127 /* MiscUtils.c in Sources */ = {isa = PBXBuildFile; fileRef = 352E288720398D57001E716F /* MiscUtils.c */; };
		3522FBAA220DF69A00AFA127 /* MaxUtils.c in Sources */ = {isa = PBXBuildFile; fileRef = 352E288520398D57001E716F /* MaxUtils.c */; };
		3522FBAB220DF69E00AFA127 /* Taus88.c in Sources */ = {isa = PBXBuildFile; fileRef = 352E289120398D57001E716F /* Taus88.c */; };
		3522FBAC220DF6A300AFA127 /* RNGPoisson.c in Sources */ = {isa = PBXBuildFile; fileRef = 352E288F20398D57001E716F /* RNGPoisson.c */; };
		352E289720398D57001E716F /* LitterLib.c in Sources */ = {isa = PBXBuildFile; fileRef = 352E288320398D57001E716F /* LitterLib.c */; };
		352E289820398D57001E716F /* LitterLib.h in Headers */ = {isa = PBXBuildFile; fileRef = 352E288420398D57001E716F /* LitterLib.h */; };
		352E289920398D57001E716F /* MaxUtils.c in Sources */ = {isa = PBXBuildFile; fileRef = 352E288520398D57001E716F /* MaxUtils.c */; };
		352E289A20398D57001E716F /* MaxUtils.h in Headers */ = {isa = PBXBuildFile; fileRef = 352E288620398D57001E716F /* MaxUtils.h */; };
		352E289B20398D57001E716F /* MiscUtils.c in Sources */ = {isa = PBXBuildFile; fileRef = 352E288720398D57001E716F /* MiscUtils.c */; };
		352E289C20398D57001E716F /* MiscUtils.h in Headers */ = {isa = PBXBuildFile; fileRef = 352E288820398D57001E716F /* MiscUtils.h */; };
		352E289E20398D57001E716F /* MoreMath.h in Headers */ = {isa = PBXBuildFile; fileRef = 352E288A20398D57001E716F /* MoreMath.h */; };
		352E28A020398D57001E716F /* RNGBinomial.h in Headers */ = {isa = PBXBuildFile; fileRef = 352E288C20398D57001E716F /* RNGBinomial.h */; };
		352E28A220398D57001E716F /* RNGDistBeta.h in Headers */ = {isa = PBXBuildFile; fileRef = 352E288E20398D57001E716F /* RNGDistBeta.h */; };
		352E28A420398D57001E716F /* RNGPoisson.h in Headers */ = {isa = PBXBuildFile; fileRef = 352E289020398D57001E716F /* RNGPoisson.h */; };
		352E28A520398D57001E716F /* Taus88.c in Sources */ = {isa = PBXBuildFile; fileRef = 352E289120398D57001E716F /* Taus88.c */; };
		352E28A620398D57001E716F /* Taus88.h in Headers */ = {isa = PBXBuildFile; fileRef = 352E289220398D57001E716F /* Taus88.h */; };
		352E28A820398D57001E716F /* TT800.h in Headers */ = {isa = PBXBuildFile; fileRef = 352E289420398D57001E716F /* TT800.h */; };
		352E28AA20398D57001E716F /* UniformExpectations.h in Headers */ = {isa = PBXBuildFile; fileRef = 352E289620398D57001E716F /* UniformExpectations.h */; };
		352E28AB203990BB001E716F /* UniformExpectations.c in Sources */ = {isa = PBXBuildFile; fileRef = 352E289520398D57001E716F /* UniformExpectations.c */; };
		352E28AC20399119001E716F /* LitterLib.c in Sources */ = {isa = PBXBuildFile; fileRef = 352E288320398D57001E716F /* LitterLib.c */; };
		352E28AD2039911B001E716F /* MaxUtils.c in Sources */ = {isa = PBXBuildFile; fileRef = 352E288520398D57001E716F /* MaxUtils.c */; };
		352E28AE2039911D001E716F /* MiscUtils.c in Sources */ = {isa = PBXBuildFile; fileRef = 352E288720398D57001E716F /* MiscUtils.c */; };
		352E28AF20399121001E716F /* UniformExpectations.c in Sources */ = {isa = PBXBuildFile; fileRef = 352E289520398D57001E716F /* UniformExpectations.c */; };
		352E28B020399283001E716F /* LitterLib.c in Sources */ = {isa = PBXBuildFile; fileRef = 352E288320398D57001E716F /* LitterLib.c */; };
		352E28B120399286001E716F /* MaxUtils.c in Sources */ = {isa = PBXBuildFile; fileRef = 352E288520398D57001E716F /* MaxUtils.c */; };
		352E28B220399289001E716F /* MiscUtils.c in Sources */ = {isa = PBXBuildFile; fileRef = 352E288720398D57001E716F /* MiscUtils.c */; };
		352E28B32039928D001E716F /* UniformExpectations.c in Sources */ = {isa = PBXBuildFile; fileRef = 352E289520398D57001E716F /* UniformExpectations.c */; };
		352E28B420399394001E716F /* TT800.c in Sources */ = {isa = PBXBuildFile; fileRef = 352E289320398D57001E716F /* TT800.c */; };
		352E28B5203993E8001E716F /* LitterLib.c in Sources */ = {isa = PBXBuildFile; fileRef = 352E288320398D57001E716F /* LitterLib.c */; };
		352E28B6203993EB001E716F /* MaxUtils.c in Sources */ = {isa = PBXBuildFile; fileRef = 352E288520398D57001E716F /* MaxUtils.c */; };
		352E28B7203993F3001E716F /* MiscUtils.c in Sources */ = {isa = PBXBuildFile; fileRef = 352E288720398D57001E716F /* MiscUtils.c */; };
		352E28B8203993F9001E716F /* UniformExpectations.c in Sources */ = {isa = PBXBuildFile; fileRef = 352E289520398D57001E716F /* UniformExpectations.c */; };
		352E28B920399D3D001E716F /* LitterLib.c in Sources */ = {isa = PBXBuildFile; fileRef = 352E288320398D57001E716F /* LitterLib.c */; };
		352E28BA20399D3E001E716F /* MaxUtils.c in Sources */ = {isa = PBXBuildFile; fileRef = 352E288520398D57001E716F /* MaxUtils.c */; };
		352E28BB20399D40001E716F /* MiscUtils.c in Sources */ = {isa = PBXBuildFile; fileRef = 352E288720398D57001E716F /* MiscUtils.c */; };
		352E28BC20399D43001E716F /* UniformExpectations.c in Sources */ = {isa = PBXBuildFile; fileRef = 352E289520398D57001E716F /* UniformExpectations.c */; };
		352E28BD20399FC8001E716F /* LitterLib.c in Sources */ = {isa = PBXBuildFile; fileRef = 352E288320398D57001E716F /* LitterLib.c */; };
		352E28BE20399FCA001E716F /* MaxUtils.c in Sources */ = {isa = PBXBuildFile; fileRef = 352E288520398D57001E716F /* MaxUtils.c */; };
		352E28BF20399FCE001E716F /* MiscUtils.c in Sources */ = {isa = PBXBuildFile; fileRef = 352E288720398D57001E716F /* MiscUtils.c */; };
		352E28C020399FD3001E716F /* UniformExpectations.c in Sources */ = {isa = PBXBuildFile; fileRef = 352E289520398D57001E716F /* UniformExpectations.c */; };
		352E28C120399FDA001E716F /* Taus88.c in Sources */ = {isa = PBXBuildFile; fileRef = 352E289120398D57001E716F /* Taus88.c */; };
		352E28C42039A067001E716F /* IChingCore.c in Sources */ = {isa = PBXBuildFile; fileRef = 352E28C22039A067001E716F /* IChingCore.c */; };
		352E28C52039A067001E716F /* IChingCore.h in Headers */ = {isa = PBXBuildFile; fileRef = 352E28C32039A067001E716F /* IChingCore.h */; };
		352E28C62039A06D001E716F /* IChingCore.c in Sources */ = {isa = PBXBuildFile; fileRef = 352E28C22039A067001E716F /* IChingCore.c */; };
		8D01CCCE0486CAD60068D4B7 /* Carbon.framework in Frameworks */ = {isa = PBXBuildFile; fileRef = 08EA7FFBFE8413EDC02AAC07 /* Carbon.framework */; };
/* End PBXBuildFile section */

/* Begin PBXFileReference section */
		0403003E0A726EA4008546B2 /* Litter Globals.r */ = {isa = PBXFileReference; fileEncoding = 30; lastKnownFileType = sourcecode.rez; name = "Litter Globals.r"; path = "../Resources/Discrete/Litter Globals.r"; sourceTree = "<group>"; };
		040C336F0B9358BF0088CD19 /* lp.cuthbert.mxo */ = {isa = PBXFileReference; explicitFileType = wrapper.cfbundle; includeInIndex = 0; path = lp.cuthbert.mxo; sourceTree = BUILT_PRODUCTS_DIR; };
		040C339D0B9359420088CD19 /* cuthbert.c */ = {isa = PBXFileReference; fileEncoding = 30; lastKnownFileType = sourcecode.c.c; name = cuthbert.c; path = ../Discrete/cuthbert.c; sourceTree = "<group>"; };
		040C339F0B9359730088CD19 /* cuthbert.r */ = {isa = PBXFileReference; fileEncoding = 30; lastKnownFileType = sourcecode.rez; name = cuthbert.r; path = ../Resources/Discrete/cuthbert.r; sourceTree = "<group>"; };
		041D50300B344092006AA565 /* lp.bibi.mxo */ = {isa = PBXFileReference; explicitFileType = wrapper.cfbundle; includeInIndex = 0; path = lp.bibi.mxo; sourceTree = BUILT_PRODUCTS_DIR; };
		041D50330B3440E3006AA565 /* bibi.r */ = {isa = PBXFileReference; fileEncoding = 30; lastKnownFileType = sourcecode.rez; name = bibi.r; path = ../Resources/Discrete/bibi.r; sourceTree = "<group>"; };
		041D50350B3440F2006AA565 /* bibi.c */ = {isa = PBXFileReference; fileEncoding = 30; lastKnownFileType = sourcecode.c.c; name = bibi.c; path = ../Discrete/bibi.c; sourceTree = "<group>"; };
		042BE0DB0A9476020008B638 /* bernie.r */ = {isa = PBXFileReference; fileEncoding = 30; lastKnownFileType = sourcecode.rez; name = bernie.r; path = ../Resources/Discrete/bernie.r; sourceTree = "<group>"; };
		042BE0DC0A9476020008B638 /* dicey.r */ = {isa = PBXFileReference; fileEncoding = 30; lastKnownFileType = sourcecode.rez; name = dicey.r; path = ../Resources/Discrete/dicey.r; sourceTree = "<group>"; };
		042BE0DD0A9476020008B638 /* ernie.r */ = {isa = PBXFileReference; fileEncoding = 30; lastKnownFileType = sourcecode.rez; name = ernie.r; path = ../Resources/Discrete/ernie.r; sourceTree = "<group>"; };
		042BE0DE0A9476020008B638 /* ginger.r */ = {isa = PBXFileReference; fileEncoding = 30; lastKnownFileType = sourcecode.rez; name = ginger.r; path = ../Resources/Discrete/ginger.r; sourceTree = "<group>"; };
		042BE0DF0A9476020008B638 /* lili.r */ = {isa = PBXFileReference; fileEncoding = 30; lastKnownFileType = sourcecode.rez; name = lili.r; path = ../Resources/Discrete/lili.r; sourceTree = "<group>"; };
		042BE0E00A9476020008B638 /* mama.r */ = {isa = PBXFileReference; fileEncoding = 30; lastKnownFileType = sourcecode.rez; name = mama.r; path = ../Resources/Discrete/mama.r; sourceTree = "<group>"; };
		042BE0E10A9476020008B638 /* mrmr.r */ = {isa = PBXFileReference; fileEncoding = 30; lastKnownFileType = sourcecode.rez; name = mrmr.r; path = ../Resources/Discrete/mrmr.r; sourceTree = "<group>"; };
		042BE0E20A9476020008B638 /* pfishie.r */ = {isa = PBXFileReference; fileEncoding = 30; lastKnownFileType = sourcecode.rez; name = pfishie.r; path = ../Resources/Discrete/pfishie.r; sourceTree = "<group>"; };
		042BE0E30A9476020008B638 /* tata.r */ = {isa = PBXFileReference; fileEncoding = 30; lastKnownFileType = sourcecode.rez; name = tata.r; path = ../Resources/Discrete/tata.r; sourceTree = "<group>"; };
		042BE0E40A9476020008B638 /* titi.r */ = {isa = PBXFileReference; fileEncoding = 30; lastKnownFileType = sourcecode.rez; name = titi.r; path = ../Resources/Discrete/titi.r; sourceTree = "<group>"; };
		042BE0E50A9476020008B638 /* zippie.r */ = {isa = PBXFileReference; fileEncoding = 30; lastKnownFileType = sourcecode.rez; name = zippie.r; path = ../Resources/Discrete/zippie.r; sourceTree = "<group>"; };
		042BE0FC0A9476AB0008B638 /* bernie.c */ = {isa = PBXFileReference; fileEncoding = 30; lastKnownFileType = sourcecode.c.c; name = bernie.c; path = ../Discrete/bernie.c; sourceTree = "<group>"; };
		042BE0FD0A9476AB0008B638 /* dicey.c */ = {isa = PBXFileReference; fileEncoding = 30; lastKnownFileType = sourcecode.c.c; name = dicey.c; path = ../Discrete/dicey.c; sourceTree = "<group>"; };
		042BE0FE0A9476AB0008B638 /* ernie.c */ = {isa = PBXFileReference; fileEncoding = 30; lastKnownFileType = sourcecode.c.c; name = ernie.c; path = ../Discrete/ernie.c; sourceTree = "<group>"; };
		042BE0FF0A9476AB0008B638 /* ginger.c */ = {isa = PBXFileReference; fileEncoding = 30; lastKnownFileType = sourcecode.c.c; name = ginger.c; path = ../Discrete/ginger.c; sourceTree = "<group>"; };
		042BE1020A9476AB0008B638 /* lili.c */ = {isa = PBXFileReference; fileEncoding = 30; lastKnownFileType = sourcecode.c.c; name = lili.c; path = ../Discrete/lili.c; sourceTree = "<group>"; };
		042BE1030A9476AB0008B638 /* mama.c */ = {isa = PBXFileReference; fileEncoding = 30; lastKnownFileType = sourcecode.c.c; name = mama.c; path = ../Discrete/mama.c; sourceTree = "<group>"; };
		042BE1040A9476AB0008B638 /* mrmr.c */ = {isa = PBXFileReference; fileEncoding = 30; lastKnownFileType = sourcecode.c.c; name = mrmr.c; path = ../Discrete/mrmr.c; sourceTree = "<group>"; };
		042BE1050A9476AB0008B638 /* pfishie.c */ = {isa = PBXFileReference; fileEncoding = 30; lastKnownFileType = sourcecode.c.c; name = pfishie.c; path = ../Discrete/pfishie.c; sourceTree = "<group>"; };
		042BE1060A9476AB0008B638 /* tata.c */ = {isa = PBXFileReference; fileEncoding = 30; lastKnownFileType = sourcecode.c.c; name = tata.c; path = ../Discrete/tata.c; sourceTree = "<group>"; };
		042BE1070A9476AB0008B638 /* titi.c */ = {isa = PBXFileReference; fileEncoding = 30; lastKnownFileType = sourcecode.c.c; name = titi.c; path = ../Discrete/titi.c; sourceTree = "<group>"; };
		042BE1080A9476AB0008B638 /* zippie.c */ = {isa = PBXFileReference; fileEncoding = 30; lastKnownFileType = sourcecode.c.c; name = zippie.c; path = ../Discrete/zippie.c; sourceTree = "<group>"; };
		042BE12D0A94770D0008B638 /* lp.tata.mxo */ = {isa = PBXFileReference; explicitFileType = wrapper.cfbundle; includeInIndex = 0; path = lp.tata.mxo; sourceTree = BUILT_PRODUCTS_DIR; };
		042BE1490A9478260008B638 /* lp.mama.mxo */ = {isa = PBXFileReference; explicitFileType = wrapper.cfbundle; includeInIndex = 0; path = lp.mama.mxo; sourceTree = BUILT_PRODUCTS_DIR; };
		042BE1660A9478D90008B638 /* lp.titi.mxo */ = {isa = PBXFileReference; explicitFileType = wrapper.cfbundle; includeInIndex = 0; path = lp.titi.mxo; sourceTree = BUILT_PRODUCTS_DIR; };
		042BE1830A94795D0008B638 /* lp.mrmr.mxo */ = {isa = PBXFileReference; explicitFileType = wrapper.cfbundle; includeInIndex = 0; path = lp.mrmr.mxo; sourceTree = BUILT_PRODUCTS_DIR; };
		042BE1A10A9479D00008B638 /* lp.lili.mxo */ = {isa = PBXFileReference; explicitFileType = wrapper.cfbundle; includeInIndex = 0; path = lp.lili.mxo; sourceTree = BUILT_PRODUCTS_DIR; };
		042BE1BA0A947AE70008B638 /* lp.ginger.mxo */ = {isa = PBXFileReference; explicitFileType = wrapper.cfbundle; includeInIndex = 0; path = lp.ginger.mxo; sourceTree = BUILT_PRODUCTS_DIR; };
		042BE1DA0A947B990008B638 /* lp.dicey.mxo */ = {isa = PBXFileReference; explicitFileType = wrapper.cfbundle; includeInIndex = 0; path = lp.dicey.mxo; sourceTree = BUILT_PRODUCTS_DIR; };
		042BE1F30A947BDB0008B638 /* lp.pfishie.mxo */ = {isa = PBXFileReference; explicitFileType = wrapper.cfbundle; includeInIndex = 0; path = lp.pfishie.mxo; sourceTree = BUILT_PRODUCTS_DIR; };
		042BE20E0A947C210008B638 /* lp.ernie.mxo */ = {isa = PBXFileReference; explicitFileType = wrapper.cfbundle; includeInIndex = 0; path = lp.ernie.mxo; sourceTree = BUILT_PRODUCTS_DIR; };
		042BE2280A947C700008B638 /* lp.zippie.mxo */ = {isa = PBXFileReference; explicitFileType = wrapper.cfbundle; includeInIndex = 0; path = lp.zippie.mxo; sourceTree = BUILT_PRODUCTS_DIR; };
		08EA7FFBFE8413EDC02AAC07 /* Carbon.framework */ = {isa = PBXFileReference; lastKnownFileType = wrapper.framework; name = Carbon.framework; path = /System/Library/Frameworks/Carbon.framework; sourceTree = "<absolute>"; };
		352E288320398D57001E716F /* LitterLib.c */ = {isa = PBXFileReference; fileEncoding = 4; lastKnownFileType = sourcecode.c.c; name = LitterLib.c; path = ../LitterLib/LitterLib.c; sourceTree = "<group>"; };
		352E288420398D57001E716F /* LitterLib.h */ = {isa = PBXFileReference; fileEncoding = 4; lastKnownFileType = sourcecode.c.h; name = LitterLib.h; path = ../LitterLib/LitterLib.h; sourceTree = "<group>"; };
		352E288520398D57001E716F /* MaxUtils.c */ = {isa = PBXFileReference; fileEncoding = 4; lastKnownFileType = sourcecode.c.c; name = MaxUtils.c; path = ../LitterLib/MaxUtils.c; sourceTree = "<group>"; };
		352E288620398D57001E716F /* MaxUtils.h */ = {isa = PBXFileReference; fileEncoding = 4; lastKnownFileType = sourcecode.c.h; name = MaxUtils.h; path = ../LitterLib/MaxUtils.h; sourceTree = "<group>"; };
		352E288720398D57001E716F /* MiscUtils.c */ = {isa = PBXFileReference; fileEncoding = 4; lastKnownFileType = sourcecode.c.c; name = MiscUtils.c; path = ../LitterLib/MiscUtils.c; sourceTree = "<group>"; };
		352E288820398D57001E716F /* MiscUtils.h */ = {isa = PBXFileReference; fileEncoding = 4; lastKnownFileType = sourcecode.c.h; name = MiscUtils.h; path = ../LitterLib/MiscUtils.h; sourceTree = "<group>"; };
		352E288920398D57001E716F /* MoreMath.c */ = {isa = PBXFileReference; fileEncoding = 4; lastKnownFileType = sourcecode.c.c; name = MoreMath.c; path = ../LitterLib/MoreMath.c; sourceTree = "<group>"; };
		352E288A20398D57001E716F /* MoreMath.h */ = {isa = PBXFileReference; fileEncoding = 4; lastKnownFileType = sourcecode.c.h; name = MoreMath.h; path = ../LitterLib/MoreMath.h; sourceTree = "<group>"; };
		352E288B20398D57001E716F /* RNGBinomial.c */ = {isa = PBXFileReference; fileEncoding = 4; lastKnownFileType = sourcecode.c.c; name = RNGBinomial.c; path = ../LitterLib/RNGBinomial.c; sourceTree = "<group>"; };
		352E288C20398D57001E716F /* RNGBinomial.h */ = {isa = PBXFileReference; fileEncoding = 4; lastKnownFileType = sourcecode.c.h; name = RNGBinomial.h; path = ../LitterLib/RNGBinomial.h; sourceTree = "<group>"; };
		352E288D20398D57001E716F /* RNGDistBeta.c */ = {isa = PBXFileReference; fileEncoding = 4; lastKnownFileType = sourcecode.c.c; name = RNGDistBeta.c; path = ../LitterLib/RNGDistBeta.c; sourceTree = "<group>"; };
		352E288E20398D57001E716F /* RNGDistBeta.h */ = {isa = PBXFileReference; fileEncoding = 4; lastKnownFileType = sourcecode.c.h; name = RNGDistBeta.h; path = ../LitterLib/RNGDistBeta.h; sourceTree = "<group>"; };
		352E288F20398D57001E716F /* RNGPoisson.c */ = {isa = PBXFileReference; fileEncoding = 4; lastKnownFileType = sourcecode.c.c; name = RNGPoisson.c; path = ../LitterLib/RNGPoisson.c; sourceTree = "<group>"; };
		352E289020398D57001E716F /* RNGPoisson.h */ = {isa = PBXFileReference; fileEncoding = 4; lastKnownFileType = sourcecode.c.h; name = RNGPoisson.h; path = ../LitterLib/RNGPoisson.h; sourceTree = "<group>"; };
		352E289120398D57001E716F /* Taus88.c */ = {isa = PBXFileReference; fileEncoding = 4; lastKnownFileType = sourcecode.c.c; name = Taus88.c; path = ../LitterLib/Taus88.c; sourceTree = "<group>"; };
		352E289220398D57001E716F /* Taus88.h */ = {isa = PBXFileReference; fileEncoding = 4; lastKnownFileType = sourcecode.c.h; name = Taus88.h; path = ../LitterLib/Taus88.h; sourceTree = "<group>"; };
		352E289320398D57001E716F /* TT800.c */ = {isa = PBXFileReference; fileEncoding = 4; lastKnownFileType = sourcecode.c.c; name = TT800.c; path = ../LitterLib/TT800.c; sourceTree = "<group>"; };
		352E289420398D57001E716F /* TT800.h */ = {isa = PBXFileReference; fileEncoding = 4; lastKnownFileType = sourcecode.c.h; name = TT800.h; path = ../LitterLib/TT800.h; sourceTree = "<group>"; };
		352E289520398D57001E716F /* UniformExpectations.c */ = {isa = PBXFileReference; fileEncoding = 4; lastKnownFileType = sourcecode.c.c; name = UniformExpectations.c; path = ../LitterLib/UniformExpectations.c; sourceTree = "<group>"; };
		352E289620398D57001E716F /* UniformExpectations.h */ = {isa = PBXFileReference; fileEncoding = 4; lastKnownFileType = sourcecode.c.h; name = UniformExpectations.h; path = ../LitterLib/UniformExpectations.h; sourceTree = "<group>"; };
		352E28C22039A067001E716F /* IChingCore.c */ = {isa = PBXFileReference; fileEncoding = 4; lastKnownFileType = sourcecode.c.c; name = IChingCore.c; path = ../Discrete/IChingCore.c; sourceTree = "<group>"; };
		352E28C32039A067001E716F /* IChingCore.h */ = {isa = PBXFileReference; fileEncoding = 4; lastKnownFileType = sourcecode.c.h; name = IChingCore.h; path = ../Discrete/IChingCore.h; sourceTree = "<group>"; };
		8D01CCD20486CAD60068D4B7 /* lp.bernie.mxo */ = {isa = PBXFileReference; explicitFileType = wrapper.cfbundle; includeInIndex = 0; path = lp.bernie.mxo; sourceTree = BUILT_PRODUCTS_DIR; };
/* End PBXFileReference section */

/* Begin PBXFrameworksBuildPhase section */
		040C33650B9358BF0088CD19 /* Frameworks */ = {
			isa = PBXFrameworksBuildPhase;
			buildActionMask = 2147483647;
			files = (
				040C33660B9358BF0088CD19 /* Carbon.framework in Frameworks */,
			);
			runOnlyForDeploymentPostprocessing = 0;
		};
		041D50260B344092006AA565 /* Frameworks */ = {
			isa = PBXFrameworksBuildPhase;
			buildActionMask = 2147483647;
			files = (
				041D50270B344092006AA565 /* Carbon.framework in Frameworks */,
			);
			runOnlyForDeploymentPostprocessing = 0;
		};
		042BE1220A94770D0008B638 /* Frameworks */ = {
			isa = PBXFrameworksBuildPhase;
			buildActionMask = 2147483647;
			files = (
				042BE1230A94770D0008B638 /* Carbon.framework in Frameworks */,
			);
			runOnlyForDeploymentPostprocessing = 0;
		};
		042BE13E0A9478260008B638 /* Frameworks */ = {
			isa = PBXFrameworksBuildPhase;
			buildActionMask = 2147483647;
			files = (
				042BE13F0A9478260008B638 /* Carbon.framework in Frameworks */,
			);
			runOnlyForDeploymentPostprocessing = 0;
		};
		042BE15B0A9478D90008B638 /* Frameworks */ = {
			isa = PBXFrameworksBuildPhase;
			buildActionMask = 2147483647;
			files = (
				042BE15C0A9478D90008B638 /* Carbon.framework in Frameworks */,
			);
			runOnlyForDeploymentPostprocessing = 0;
		};
		042BE1780A94795D0008B638 /* Frameworks */ = {
			isa = PBXFrameworksBuildPhase;
			buildActionMask = 2147483647;
			files = (
				042BE1790A94795D0008B638 /* Carbon.framework in Frameworks */,
			);
			runOnlyForDeploymentPostprocessing = 0;
		};
		042BE1960A9479D00008B638 /* Frameworks */ = {
			isa = PBXFrameworksBuildPhase;
			buildActionMask = 2147483647;
			files = (
				042BE1970A9479D00008B638 /* Carbon.framework in Frameworks */,
			);
			runOnlyForDeploymentPostprocessing = 0;
		};
		042BE1AF0A947AE70008B638 /* Frameworks */ = {
			isa = PBXFrameworksBuildPhase;
			buildActionMask = 2147483647;
			files = (
				042BE1B00A947AE70008B638 /* Carbon.framework in Frameworks */,
			);
			runOnlyForDeploymentPostprocessing = 0;
		};
		042BE1CF0A947B990008B638 /* Frameworks */ = {
			isa = PBXFrameworksBuildPhase;
			buildActionMask = 2147483647;
			files = (
				042BE1D00A947B990008B638 /* Carbon.framework in Frameworks */,
			);
			runOnlyForDeploymentPostprocessing = 0;
		};
		042BE1E80A947BDB0008B638 /* Frameworks */ = {
			isa = PBXFrameworksBuildPhase;
			buildActionMask = 2147483647;
			files = (
				042BE1E90A947BDB0008B638 /* Carbon.framework in Frameworks */,
			);
			runOnlyForDeploymentPostprocessing = 0;
		};
		042BE2030A947C210008B638 /* Frameworks */ = {
			isa = PBXFrameworksBuildPhase;
			buildActionMask = 2147483647;
			files = (
				042BE2040A947C210008B638 /* Carbon.framework in Frameworks */,
			);
			runOnlyForDeploymentPostprocessing = 0;
		};
		042BE21D0A947C700008B638 /* Frameworks */ = {
			isa = PBXFrameworksBuildPhase;
			buildActionMask = 2147483647;
			files = (
				042BE21E0A947C700008B638 /* Carbon.framework in Frameworks */,
			);
			runOnlyForDeploymentPostprocessing = 0;
		};
		8D01CCCD0486CAD60068D4B7 /* Frameworks */ = {
			isa = PBXFrameworksBuildPhase;
			buildActionMask = 2147483647;
			files = (
				8D01CCCE0486CAD60068D4B7 /* Carbon.framework in Frameworks */,
			);
			runOnlyForDeploymentPostprocessing = 0;
		};
/* End PBXFrameworksBuildPhase section */

/* Begin PBXGroup section */
		089C166AFE841209C02AAC07 /* maximum */ = {
			isa = PBXGroup;
			children = (
				08FB77ADFE841716C02AAC07 /* Source */,
				352E288220398D12001E716F /* LitterLib */,
				089C167CFE841241C02AAC07 /* Resources */,
				089C1671FE841209C02AAC07 /* External Frameworks and Libraries */,
				19C28FB4FE9D528D11CA2CBB /* Products */,
			);
			name = maximum;
			sourceTree = "<group>";
		};
		089C1671FE841209C02AAC07 /* External Frameworks and Libraries */ = {
			isa = PBXGroup;
			children = (
				08EA7FFBFE8413EDC02AAC07 /* Carbon.framework */,
			);
			name = "External Frameworks and Libraries";
			sourceTree = "<group>";
		};
		089C167CFE841241C02AAC07 /* Resources */ = {
			isa = PBXGroup;
			children = (
				042BE0DB0A9476020008B638 /* bernie.r */,
				041D50330B3440E3006AA565 /* bibi.r */,
				040C339F0B9359730088CD19 /* cuthbert.r */,
				042BE0DC0A9476020008B638 /* dicey.r */,
				042BE0DD0A9476020008B638 /* ernie.r */,
				042BE0DE0A9476020008B638 /* ginger.r */,
				042BE0DF0A9476020008B638 /* lili.r */,
				042BE0E00A9476020008B638 /* mama.r */,
				042BE0E10A9476020008B638 /* mrmr.r */,
				042BE0E20A9476020008B638 /* pfishie.r */,
				042BE0E30A9476020008B638 /* tata.r */,
				042BE0E40A9476020008B638 /* titi.r */,
				042BE0E50A9476020008B638 /* zippie.r */,
				0403003E0A726EA4008546B2 /* Litter Globals.r */,
			);
			name = Resources;
			sourceTree = "<group>";
		};
		08FB77ADFE841716C02AAC07 /* Source */ = {
			isa = PBXGroup;
			children = (
				042BE0FC0A9476AB0008B638 /* bernie.c */,
				041D50350B3440F2006AA565 /* bibi.c */,
				040C339D0B9359420088CD19 /* cuthbert.c */,
				042BE0FD0A9476AB0008B638 /* dicey.c */,
				042BE0FE0A9476AB0008B638 /* ernie.c */,
				042BE0FF0A9476AB0008B638 /* ginger.c */,
				042BE1020A9476AB0008B638 /* lili.c */,
				042BE1030A9476AB0008B638 /* mama.c */,
				042BE1040A9476AB0008B638 /* mrmr.c */,
				042BE1050A9476AB0008B638 /* pfishie.c */,
				042BE1060A9476AB0008B638 /* tata.c */,
				042BE1070A9476AB0008B638 /* titi.c */,
				042BE1080A9476AB0008B638 /* zippie.c */,
			);
			name = Source;
			sourceTree = "<group>";
		};
		19C28FB4FE9D528D11CA2CBB /* Products */ = {
			isa = PBXGroup;
			children = (
				8D01CCD20486CAD60068D4B7 /* lp.bernie.mxo */,
				042BE12D0A94770D0008B638 /* lp.tata.mxo */,
				042BE1490A9478260008B638 /* lp.mama.mxo */,
				042BE1660A9478D90008B638 /* lp.titi.mxo */,
				042BE1830A94795D0008B638 /* lp.mrmr.mxo */,
				042BE1A10A9479D00008B638 /* lp.lili.mxo */,
				042BE1BA0A947AE70008B638 /* lp.ginger.mxo */,
				042BE1DA0A947B990008B638 /* lp.dicey.mxo */,
				042BE1F30A947BDB0008B638 /* lp.pfishie.mxo */,
				042BE20E0A947C210008B638 /* lp.ernie.mxo */,
				042BE2280A947C700008B638 /* lp.zippie.mxo */,
				041D50300B344092006AA565 /* lp.bibi.mxo */,
				040C336F0B9358BF0088CD19 /* lp.cuthbert.mxo */,
			);
			name = Products;
			sourceTree = "<group>";
		};
		352E288220398D12001E716F /* LitterLib */ = {
			isa = PBXGroup;
			children = (
				352E28C22039A067001E716F /* IChingCore.c */,
				352E28C32039A067001E716F /* IChingCore.h */,
				352E288320398D57001E716F /* LitterLib.c */,
				352E288420398D57001E716F /* LitterLib.h */,
				352E288520398D57001E716F /* MaxUtils.c */,
				352E288720398D57001E716F /* MiscUtils.c */,
				352E288620398D57001E716F /* MaxUtils.h */,
				352E288820398D57001E716F /* MiscUtils.h */,
				352E288920398D57001E716F /* MoreMath.c */,
				352E288A20398D57001E716F /* MoreMath.h */,
				352E288B20398D57001E716F /* RNGBinomial.c */,
				352E288C20398D57001E716F /* RNGBinomial.h */,
				352E288D20398D57001E716F /* RNGDistBeta.c */,
				352E288E20398D57001E716F /* RNGDistBeta.h */,
				352E288F20398D57001E716F /* RNGPoisson.c */,
				352E289020398D57001E716F /* RNGPoisson.h */,
				352E289120398D57001E716F /* Taus88.c */,
				352E289220398D57001E716F /* Taus88.h */,
				352E289320398D57001E716F /* TT800.c */,
				352E289420398D57001E716F /* TT800.h */,
				352E289520398D57001E716F /* UniformExpectations.c */,
				352E289620398D57001E716F /* UniformExpectations.h */,
			);
			name = LitterLib;
			sourceTree = "<group>";
		};
/* End PBXGroup section */

/* Begin PBXHeadersBuildPhase section */
		040C335C0B9358BF0088CD19 /* Headers */ = {
			isa = PBXHeadersBuildPhase;
			buildActionMask = 2147483647;
			files = (
			);
			runOnlyForDeploymentPostprocessing = 0;
		};
		041D501D0B344092006AA565 /* Headers */ = {
			isa = PBXHeadersBuildPhase;
			buildActionMask = 2147483647;
			files = (
			);
			runOnlyForDeploymentPostprocessing = 0;
		};
		042BE1190A94770D0008B638 /* Headers */ = {
			isa = PBXHeadersBuildPhase;
			buildActionMask = 2147483647;
			files = (
				352E28AA20398D57001E716F /* UniformExpectations.h in Headers */,
				352E28A820398D57001E716F /* TT800.h in Headers */,
				352E28A220398D57001E716F /* RNGDistBeta.h in Headers */,
				352E289820398D57001E716F /* LitterLib.h in Headers */,
				352E28A420398D57001E716F /* RNGPoisson.h in Headers */,
				352E28A620398D57001E716F /* Taus88.h in Headers */,
				352E28A020398D57001E716F /* RNGBinomial.h in Headers */,
				352E28C52039A067001E716F /* IChingCore.h in Headers */,
				352E289E20398D57001E716F /* MoreMath.h in Headers */,
				352E289A20398D57001E716F /* MaxUtils.h in Headers */,
				352E289C20398D57001E716F /* MiscUtils.h in Headers */,
			);
			runOnlyForDeploymentPostprocessing = 0;
		};
		042BE1360A9478260008B638 /* Headers */ = {
			isa = PBXHeadersBuildPhase;
			buildActionMask = 2147483647;
			files = (
			);
			runOnlyForDeploymentPostprocessing = 0;
		};
		042BE1530A9478D90008B638 /* Headers */ = {
			isa = PBXHeadersBuildPhase;
			buildActionMask = 2147483647;
			files = (
			);
			runOnlyForDeploymentPostprocessing = 0;
		};
		042BE1700A94795D0008B638 /* Headers */ = {
			isa = PBXHeadersBuildPhase;
			buildActionMask = 2147483647;
			files = (
			);
			runOnlyForDeploymentPostprocessing = 0;
		};
		042BE18D0A9479D00008B638 /* Headers */ = {
			isa = PBXHeadersBuildPhase;
			buildActionMask = 2147483647;
			files = (
			);
			runOnlyForDeploymentPostprocessing = 0;
		};
		042BE1A70A947AE70008B638 /* Headers */ = {
			isa = PBXHeadersBuildPhase;
			buildActionMask = 2147483647;
			files = (
			);
			runOnlyForDeploymentPostprocessing = 0;
		};
		042BE1C60A947B990008B638 /* Headers */ = {
			isa = PBXHeadersBuildPhase;
			buildActionMask = 2147483647;
			files = (
			);
			runOnlyForDeploymentPostprocessing = 0;
		};
		042BE1E00A947BDB0008B638 /* Headers */ = {
			isa = PBXHeadersBuildPhase;
			buildActionMask = 2147483647;
			files = (
			);
			runOnlyForDeploymentPostprocessing = 0;
		};
		042BE1FA0A947C210008B638 /* Headers */ = {
			isa = PBXHeadersBuildPhase;
			buildActionMask = 2147483647;
			files = (
			);
			runOnlyForDeploymentPostprocessing = 0;
		};
		042BE2140A947C700008B638 /* Headers */ = {
			isa = PBXHeadersBuildPhase;
			buildActionMask = 2147483647;
			files = (
			);
			runOnlyForDeploymentPostprocessing = 0;
		};
		8D01CCC70486CAD60068D4B7 /* Headers */ = {
			isa = PBXHeadersBuildPhase;
			buildActionMask = 2147483647;
			files = (
			);
			runOnlyForDeploymentPostprocessing = 0;
		};
/* End PBXHeadersBuildPhase section */

/* Begin PBXNativeTarget section */
		040C335A0B9358BF0088CD19 /* X-Negative Markov (UB) */ = {
			isa = PBXNativeTarget;
			buildConfigurationList = 040C336B0B9358BF0088CD19 /* Build configuration list for PBXNativeTarget "X-Negative Markov (UB)" */;
			buildPhases = (
				040C335C0B9358BF0088CD19 /* Headers */,
				040C335D0B9358BF0088CD19 /* Resources */,
				040C335E0B9358BF0088CD19 /* Sources */,
				040C33650B9358BF0088CD19 /* Frameworks */,
			);
			buildRules = (
			);
			dependencies = (
			);
			name = "X-Negative Markov (UB)";
			productInstallPath = "$(HOME)/Library/Bundles";
			productName = MaxExternal;
			productReference = 040C336F0B9358BF0088CD19 /* lp.cuthbert.mxo */;
			productType = "com.apple.product-type.bundle";
		};
		041D501B0B344092006AA565 /* Beta Binomial Model (UB) */ = {
			isa = PBXNativeTarget;
			buildConfigurationList = 041D502C0B344092006AA565 /* Build configuration list for PBXNativeTarget "Beta Binomial Model (UB)" */;
			buildPhases = (
				041D501D0B344092006AA565 /* Headers */,
				041D501E0B344092006AA565 /* Resources */,
				041D501F0B344092006AA565 /* Sources */,
				041D50260B344092006AA565 /* Frameworks */,
			);
			buildRules = (
			);
			dependencies = (
			);
			name = "Beta Binomial Model (UB)";
			productInstallPath = "$(HOME)/Library/Bundles";
			productName = MaxExternal;
			productReference = 041D50300B344092006AA565 /* lp.bibi.mxo */;
			productType = "com.apple.product-type.bundle";
		};
		042BE1170A94770D0008B638 /* Taus88 (UB) */ = {
			isa = PBXNativeTarget;
			buildConfigurationList = 042BE1290A94770D0008B638 /* Build configuration list for PBXNativeTarget "Taus88 (UB)" */;
			buildPhases = (
				042BE1190A94770D0008B638 /* Headers */,
				042BE11A0A94770D0008B638 /* Resources */,
				042BE11B0A94770D0008B638 /* Sources */,
				042BE1220A94770D0008B638 /* Frameworks */,
				042BE1260A94770D0008B638 /* Rez */,
			);
			buildRules = (
			);
			dependencies = (
			);
			name = "Taus88 (UB)";
			productInstallPath = "$(HOME)/Library/Bundles";
			productName = MaxExternal;
			productReference = 042BE12D0A94770D0008B638 /* lp.tata.mxo */;
			productType = "com.apple.product-type.bundle";
		};
		042BE1340A9478260008B638 /* Marsiglia Mother (UB) */ = {
			isa = PBXNativeTarget;
			buildConfigurationList = 042BE1450A9478260008B638 /* Build configuration list for PBXNativeTarget "Marsiglia Mother (UB)" */;
			buildPhases = (
				042BE1360A9478260008B638 /* Headers */,
				042BE1370A9478260008B638 /* Resources */,
				042BE1380A9478260008B638 /* Sources */,
				042BE13E0A9478260008B638 /* Frameworks */,
			);
			buildRules = (
			);
			dependencies = (
			);
			name = "Marsiglia Mother (UB)";
			productInstallPath = "$(HOME)/Library/Bundles";
			productName = MaxExternal;
			productReference = 042BE1490A9478260008B638 /* lp.mama.mxo */;
			productType = "com.apple.product-type.bundle";
		};
		042BE1510A9478D90008B638 /* TT800 (UB) */ = {
			isa = PBXNativeTarget;
			buildConfigurationList = 042BE1620A9478D90008B638 /* Build configuration list for PBXNativeTarget "TT800 (UB)" */;
			buildPhases = (
				042BE1530A9478D90008B638 /* Headers */,
				042BE1540A9478D90008B638 /* Resources */,
				042BE1550A9478D90008B638 /* Sources */,
				042BE15B0A9478D90008B638 /* Frameworks */,
			);
			buildRules = (
			);
			dependencies = (
			);
			name = "TT800 (UB)";
			productInstallPath = "$(HOME)/Library/Bundles";
			productName = MaxExternal;
			productReference = 042BE1660A9478D90008B638 /* lp.titi.mxo */;
			productType = "com.apple.product-type.bundle";
		};
		042BE16E0A94795D0008B638 /* Mersenne Twister (UB) */ = {
			isa = PBXNativeTarget;
			buildConfigurationList = 042BE17F0A94795D0008B638 /* Build configuration list for PBXNativeTarget "Mersenne Twister (UB)" */;
			buildPhases = (
				042BE1700A94795D0008B638 /* Headers */,
				042BE1710A94795D0008B638 /* Resources */,
				042BE1720A94795D0008B638 /* Sources */,
				042BE1780A94795D0008B638 /* Frameworks */,
				042BE17C0A94795D0008B638 /* Rez */,
			);
			buildRules = (
			);
			dependencies = (
			);
			name = "Mersenne Twister (UB)";
			productInstallPath = "$(HOME)/Library/Bundles";
			productName = MaxExternal;
			productReference = 042BE1830A94795D0008B638 /* lp.mrmr.mxo */;
			productType = "com.apple.product-type.bundle";
		};
		042BE18B0A9479D00008B638 /* Parametric LC (UB) */ = {
			isa = PBXNativeTarget;
			buildConfigurationList = 042BE19D0A9479D00008B638 /* Build configuration list for PBXNativeTarget "Parametric LC (UB)" */;
			buildPhases = (
				042BE18D0A9479D00008B638 /* Headers */,
				042BE18E0A9479D00008B638 /* Resources */,
				042BE18F0A9479D00008B638 /* Sources */,
				042BE1960A9479D00008B638 /* Frameworks */,
			);
			buildRules = (
			);
			dependencies = (
			);
			name = "Parametric LC (UB)";
			productInstallPath = "$(HOME)/Library/Bundles";
			productName = MaxExternal;
			productReference = 042BE1A10A9479D00008B638 /* lp.lili.mxo */;
			productType = "com.apple.product-type.bundle";
		};
		042BE1A50A947AE70008B638 /* I Ching (UB) */ = {
			isa = PBXNativeTarget;
			buildConfigurationList = 042BE1B60A947AE70008B638 /* Build configuration list for PBXNativeTarget "I Ching (UB)" */;
			buildPhases = (
				042BE1A70A947AE70008B638 /* Headers */,
				042BE1A80A947AE70008B638 /* Resources */,
				042BE1A90A947AE70008B638 /* Sources */,
				042BE1AF0A947AE70008B638 /* Frameworks */,
			);
			buildRules = (
			);
			dependencies = (
			);
			name = "I Ching (UB)";
			productInstallPath = "$(HOME)/Library/Bundles";
			productName = MaxExternal;
			productReference = 042BE1BA0A947AE70008B638 /* lp.ginger.mxo */;
			productType = "com.apple.product-type.bundle";
		};
		042BE1C40A947B990008B638 /* Dice (UB) */ = {
			isa = PBXNativeTarget;
			buildConfigurationList = 042BE1D60A947B990008B638 /* Build configuration list for PBXNativeTarget "Dice (UB)" */;
			buildPhases = (
				042BE1C60A947B990008B638 /* Headers */,
				042BE1C70A947B990008B638 /* Resources */,
				042BE1C80A947B990008B638 /* Sources */,
				042BE1CF0A947B990008B638 /* Frameworks */,
			);
			buildRules = (
			);
			dependencies = (
			);
			name = "Dice (UB)";
			productInstallPath = "$(HOME)/Library/Bundles";
			productName = MaxExternal;
			productReference = 042BE1DA0A947B990008B638 /* lp.dicey.mxo */;
			productType = "com.apple.product-type.bundle";
		};
		042BE1DE0A947BDB0008B638 /* Poisson (UB) */ = {
			isa = PBXNativeTarget;
			buildConfigurationList = 042BE1EF0A947BDB0008B638 /* Build configuration list for PBXNativeTarget "Poisson (UB)" */;
			buildPhases = (
				042BE1E00A947BDB0008B638 /* Headers */,
				042BE1E10A947BDB0008B638 /* Resources */,
				042BE1E20A947BDB0008B638 /* Sources */,
				042BE1E80A947BDB0008B638 /* Frameworks */,
			);
			buildRules = (
			);
			dependencies = (
			);
			name = "Poisson (UB)";
			productInstallPath = "$(HOME)/Library/Bundles";
			productName = MaxExternal;
			productReference = 042BE1F30A947BDB0008B638 /* lp.pfishie.mxo */;
			productType = "com.apple.product-type.bundle";
		};
		042BE1F80A947C210008B638 /* Urn Model (UB) */ = {
			isa = PBXNativeTarget;
			buildConfigurationList = 042BE20A0A947C210008B638 /* Build configuration list for PBXNativeTarget "Urn Model (UB)" */;
			buildPhases = (
				042BE1FA0A947C210008B638 /* Headers */,
				042BE1FB0A947C210008B638 /* Resources */,
				042BE1FC0A947C210008B638 /* Sources */,
				042BE2030A947C210008B638 /* Frameworks */,
			);
			buildRules = (
			);
			dependencies = (
			);
			name = "Urn Model (UB)";
			productInstallPath = "$(HOME)/Library/Bundles";
			productName = MaxExternal;
			productReference = 042BE20E0A947C210008B638 /* lp.ernie.mxo */;
			productType = "com.apple.product-type.bundle";
		};
		042BE2120A947C700008B638 /* Zipf (UB) */ = {
			isa = PBXNativeTarget;
			buildConfigurationList = 042BE2240A947C700008B638 /* Build configuration list for PBXNativeTarget "Zipf (UB)" */;
			buildPhases = (
				042BE2140A947C700008B638 /* Headers */,
				042BE2150A947C700008B638 /* Resources */,
				042BE2160A947C700008B638 /* Sources */,
				042BE21D0A947C700008B638 /* Frameworks */,
			);
			buildRules = (
			);
			dependencies = (
			);
			name = "Zipf (UB)";
			productInstallPath = "$(HOME)/Library/Bundles";
			productName = MaxExternal;
			productReference = 042BE2280A947C700008B638 /* lp.zippie.mxo */;
			productType = "com.apple.product-type.bundle";
		};
		8D01CCC60486CAD60068D4B7 /* Bernoulli Trials (UB) */ = {
			isa = PBXNativeTarget;
			buildConfigurationList = 0FF6670A096B494E00E9E0B4 /* Build configuration list for PBXNativeTarget "Bernoulli Trials (UB)" */;
			buildPhases = (
				8D01CCC70486CAD60068D4B7 /* Headers */,
				8D01CCC90486CAD60068D4B7 /* Resources */,
				8D01CCCB0486CAD60068D4B7 /* Sources */,
				8D01CCCD0486CAD60068D4B7 /* Frameworks */,
			);
			buildRules = (
			);
			dependencies = (
			);
			name = "Bernoulli Trials (UB)";
			productInstallPath = "$(HOME)/Library/Bundles";
			productName = MaxExternal;
			productReference = 8D01CCD20486CAD60068D4B7 /* lp.bernie.mxo */;
			productType = "com.apple.product-type.bundle";
		};
/* End PBXNativeTarget section */

/* Begin PBXProject section */
		089C1669FE841209C02AAC07 /* Project object */ = {
			isa = PBXProject;
			attributes = {
				LastUpgradeCheck = 0820;
			};
			buildConfigurationList = 0FF6670E096B494E00E9E0B4 /* Build configuration list for PBXProject "LitterDiscrete" */;
			compatibilityVersion = "Xcode 3.2";
			developmentRegion = English;
			hasScannedForEncodings = 1;
			knownRegions = (
				en,
			);
			mainGroup = 089C166AFE841209C02AAC07 /* maximum */;
			projectDirPath = "";
			projectRoot = "";
			targets = (
				042BE1170A94770D0008B638 /* Taus88 (UB) */,
				042BE1340A9478260008B638 /* Marsiglia Mother (UB) */,
				042BE1510A9478D90008B638 /* TT800 (UB) */,
				042BE16E0A94795D0008B638 /* Mersenne Twister (UB) */,
				042BE18B0A9479D00008B638 /* Parametric LC (UB) */,
				042BE1A50A947AE70008B638 /* I Ching (UB) */,
				8D01CCC60486CAD60068D4B7 /* Bernoulli Trials (UB) */,
				041D501B0B344092006AA565 /* Beta Binomial Model (UB) */,
				042BE1C40A947B990008B638 /* Dice (UB) */,
				042BE1DE0A947BDB0008B638 /* Poisson (UB) */,
				042BE1F80A947C210008B638 /* Urn Model (UB) */,
				042BE2120A947C700008B638 /* Zipf (UB) */,
				040C335A0B9358BF0088CD19 /* X-Negative Markov (UB) */,
			);
		};
/* End PBXProject section */

/* Begin PBXResourcesBuildPhase section */
		040C335D0B9358BF0088CD19 /* Resources */ = {
			isa = PBXResourcesBuildPhase;
			buildActionMask = 2147483647;
			files = (
			);
			runOnlyForDeploymentPostprocessing = 0;
		};
		041D501E0B344092006AA565 /* Resources */ = {
			isa = PBXResourcesBuildPhase;
			buildActionMask = 2147483647;
			files = (
			);
			runOnlyForDeploymentPostprocessing = 0;
		};
		042BE11A0A94770D0008B638 /* Resources */ = {
			isa = PBXResourcesBuildPhase;
			buildActionMask = 2147483647;
			files = (
			);
			runOnlyForDeploymentPostprocessing = 0;
		};
		042BE1370A9478260008B638 /* Resources */ = {
			isa = PBXResourcesBuildPhase;
			buildActionMask = 2147483647;
			files = (
			);
			runOnlyForDeploymentPostprocessing = 0;
		};
		042BE1540A9478D90008B638 /* Resources */ = {
			isa = PBXResourcesBuildPhase;
			buildActionMask = 2147483647;
			files = (
			);
			runOnlyForDeploymentPostprocessing = 0;
		};
		042BE1710A94795D0008B638 /* Resources */ = {
			isa = PBXResourcesBuildPhase;
			buildActionMask = 2147483647;
			files = (
			);
			runOnlyForDeploymentPostprocessing = 0;
		};
		042BE18E0A9479D00008B638 /* Resources */ = {
			isa = PBXResourcesBuildPhase;
			buildActionMask = 2147483647;
			files = (
			);
			runOnlyForDeploymentPostprocessing = 0;
		};
		042BE1A80A947AE70008B638 /* Resources */ = {
			isa = PBXResourcesBuildPhase;
			buildActionMask = 2147483647;
			files = (
			);
			runOnlyForDeploymentPostprocessing = 0;
		};
		042BE1C70A947B990008B638 /* Resources */ = {
			isa = PBXResourcesBuildPhase;
			buildActionMask = 2147483647;
			files = (
			);
			runOnlyForDeploymentPostprocessing = 0;
		};
		042BE1E10A947BDB0008B638 /* Resources */ = {
			isa = PBXResourcesBuildPhase;
			buildActionMask = 2147483647;
			files = (
			);
			runOnlyForDeploymentPostprocessing = 0;
		};
		042BE1FB0A947C210008B638 /* Resources */ = {
			isa = PBXResourcesBuildPhase;
			buildActionMask = 2147483647;
			files = (
			);
			runOnlyForDeploymentPostprocessing = 0;
		};
		042BE2150A947C700008B638 /* Resources */ = {
			isa = PBXResourcesBuildPhase;
			buildActionMask = 2147483647;
			files = (
			);
			runOnlyForDeploymentPostprocessing = 0;
		};
		8D01CCC90486CAD60068D4B7 /* Resources */ = {
			isa = PBXResourcesBuildPhase;
			buildActionMask = 2147483647;
			files = (
			);
			runOnlyForDeploymentPostprocessing = 0;
		};
/* End PBXResourcesBuildPhase section */

/* Begin PBXRezBuildPhase section */
		042BE1260A94770D0008B638 /* Rez */ = {
			isa = PBXRezBuildPhase;
			buildActionMask = 2147483647;
			files = (
			);
			runOnlyForDeploymentPostprocessing = 0;
		};
		042BE17C0A94795D0008B638 /* Rez */ = {
			isa = PBXRezBuildPhase;
			buildActionMask = 2147483647;
			files = (
			);
			runOnlyForDeploymentPostprocessing = 0;
		};
/* End PBXRezBuildPhase section */

/* Begin PBXSourcesBuildPhase section */
		040C335E0B9358BF0088CD19 /* Sources */ = {
			isa = PBXSourcesBuildPhase;
			buildActionMask = 2147483647;
			files = (
				040C339E0B9359420088CD19 /* cuthbert.c in Sources */,
				040C33640B9358BF0088CD19 /* ernie.c in Sources */,
				3522FBAA220DF69A00AFA127 /* MaxUtils.c in Sources */,
				3522FBAB220DF69E00AFA127 /* Taus88.c in Sources */,
				3522FBA9220DF69600AFA127 /* MiscUtils.c in Sources */,
				3522FBAC220DF6A300AFA127 /* RNGPoisson.c in Sources */,
				3522FBA8220DF69300AFA127 /* LitterLib.c in Sources */,
			);
			runOnlyForDeploymentPostprocessing = 0;
		};
		041D501F0B344092006AA565 /* Sources */ = {
			isa = PBXSourcesBuildPhase;
			buildActionMask = 2147483647;
			files = (
				041D50360B3440F2006AA565 /* bibi.c in Sources */,
				3522FB8C220DE7EF00AFA127 /* LitterLib.c in Sources */,
				3522FB8E220DE7F800AFA127 /* MaxUtils.c in Sources */,
				3522FB8F220DE7FE00AFA127 /* RNGBinomial.c in Sources */,
				3522FB90220DE80200AFA127 /* Taus88.c in Sources */,
				3522FB91220DE80800AFA127 /* RNGDistBeta.c in Sources */,
				3522FB8D220DE7F400AFA127 /* MiscUtils.c in Sources */,
			);
			runOnlyForDeploymentPostprocessing = 0;
		};
		042BE11B0A94770D0008B638 /* Sources */ = {
			isa = PBXSourcesBuildPhase;
			buildActionMask = 2147483647;
			files = (
				352E28AB203990BB001E716F /* UniformExpectations.c in Sources */,
				352E28C42039A067001E716F /* IChingCore.c in Sources */,
				042BE1BD0A947B180008B638 /* tata.c in Sources */,
				352E289B20398D57001E716F /* MiscUtils.c in Sources */,
				352E289920398D57001E716F /* MaxUtils.c in Sources */,
				352E289720398D57001E716F /* LitterLib.c in Sources */,
				352E28A520398D57001E716F /* Taus88.c in Sources */,
			);
			runOnlyForDeploymentPostprocessing = 0;
		};
		042BE1380A9478260008B638 /* Sources */ = {
			isa = PBXSourcesBuildPhase;
			buildActionMask = 2147483647;
			files = (
				042BE14F0A9478790008B638 /* mama.c in Sources */,
				352E28AC20399119001E716F /* LitterLib.c in Sources */,
				352E28AF20399121001E716F /* UniformExpectations.c in Sources */,
				352E28AE2039911D001E716F /* MiscUtils.c in Sources */,
				352E28AD2039911B001E716F /* MaxUtils.c in Sources */,
			);
			runOnlyForDeploymentPostprocessing = 0;
		};
		042BE1550A9478D90008B638 /* Sources */ = {
			isa = PBXSourcesBuildPhase;
			buildActionMask = 2147483647;
			files = (
				042BE16A0A94791F0008B638 /* titi.c in Sources */,
				352E28B020399283001E716F /* LitterLib.c in Sources */,
				352E28B32039928D001E716F /* UniformExpectations.c in Sources */,
				352E28B220399289001E716F /* MiscUtils.c in Sources */,
				352E28B420399394001E716F /* TT800.c in Sources */,
				352E28B120399286001E716F /* MaxUtils.c in Sources */,
			);
			runOnlyForDeploymentPostprocessing = 0;
		};
		042BE1720A94795D0008B638 /* Sources */ = {
			isa = PBXSourcesBuildPhase;
			buildActionMask = 2147483647;
			files = (
				042BE1880A9479B10008B638 /* mrmr.c in Sources */,
				352E28B5203993E8001E716F /* LitterLib.c in Sources */,
				352E28B7203993F3001E716F /* MiscUtils.c in Sources */,
				352E28B8203993F9001E716F /* UniformExpectations.c in Sources */,
				352E28B6203993EB001E716F /* MaxUtils.c in Sources */,
			);
			runOnlyForDeploymentPostprocessing = 0;
		};
		042BE18F0A9479D00008B638 /* Sources */ = {
			isa = PBXSourcesBuildPhase;
			buildActionMask = 2147483647;
			files = (
				042BE1C00A947B320008B638 /* lili.c in Sources */,
				352E28B920399D3D001E716F /* LitterLib.c in Sources */,
				352E28BC20399D43001E716F /* UniformExpectations.c in Sources */,
				352E28BB20399D40001E716F /* MiscUtils.c in Sources */,
				352E28BA20399D3E001E716F /* MaxUtils.c in Sources */,
			);
			runOnlyForDeploymentPostprocessing = 0;
		};
		042BE1A90A947AE70008B638 /* Sources */ = {
			isa = PBXSourcesBuildPhase;
			buildActionMask = 2147483647;
			files = (
				042BE1C20A947B5A0008B638 /* ginger.c in Sources */,
				352E28BD20399FC8001E716F /* LitterLib.c in Sources */,
				352E28C020399FD3001E716F /* UniformExpectations.c in Sources */,
				352E28C120399FDA001E716F /* Taus88.c in Sources */,
				352E28C62039A06D001E716F /* IChingCore.c in Sources */,
				352E28BF20399FCE001E716F /* MiscUtils.c in Sources */,
				352E28BE20399FCA001E716F /* MaxUtils.c in Sources */,
			);
			runOnlyForDeploymentPostprocessing = 0;
		};
		042BE1C80A947B990008B638 /* Sources */ = {
			isa = PBXSourcesBuildPhase;
			buildActionMask = 2147483647;
			files = (
				042BE1DC0A947BB90008B638 /* dicey.c in Sources */,
				3522FB92220DEACF00AFA127 /* LitterLib.c in Sources */,
				3522FB95220DEADB00AFA127 /* Taus88.c in Sources */,
				3522FB96220DEAE200AFA127 /* UniformExpectations.c in Sources */,
				3522FB94220DEAD700AFA127 /* MiscUtils.c in Sources */,
				3522FB93220DEAD400AFA127 /* MaxUtils.c in Sources */,
			);
			runOnlyForDeploymentPostprocessing = 0;
		};
		042BE1E20A947BDB0008B638 /* Sources */ = {
			isa = PBXSourcesBuildPhase;
			buildActionMask = 2147483647;
			files = (
				042BE3940A949CCE0008B638 /* pfishie.c in Sources */,
				3522FB97220DF00500AFA127 /* MoreMath.c in Sources */,
				3522FB9A220DF00B00AFA127 /* MiscUtils.c in Sources */,
				3522FB9B220DF00F00AFA127 /* Taus88.c in Sources */,
				3522FB9C220DF01500AFA127 /* RNGPoisson.c in Sources */,
				3522FB98220DF00700AFA127 /* LitterLib.c in Sources */,
				3522FB99220DF00900AFA127 /* MaxUtils.c in Sources */,
			);
			runOnlyForDeploymentPostprocessing = 0;
		};
		042BE1FC0A947C210008B638 /* Sources */ = {
			isa = PBXSourcesBuildPhase;
			buildActionMask = 2147483647;
			files = (
				042BE3920A949CC00008B638 /* ernie.c in Sources */,
				3522FB9D220DF13900AFA127 /* LitterLib.c in Sources */,
				3522FB9F220DF13D00AFA127 /* MiscUtils.c in Sources */,
				3522FBA1220DF14800AFA127 /* Taus88.c in Sources */,
				3522FBA0220DF14200AFA127 /* RNGPoisson.c in Sources */,
				3522FB9E220DF13B00AFA127 /* MaxUtils.c in Sources */,
			);
			runOnlyForDeploymentPostprocessing = 0;
		};
		042BE2160A947C700008B638 /* Sources */ = {
			isa = PBXSourcesBuildPhase;
			buildActionMask = 2147483647;
			files = (
				3522FBA4220DF52000AFA127 /* MiscUtils.c in Sources */,
				042BE3960A949D020008B638 /* zippie.c in Sources */,
				3522FBA7220DF64100AFA127 /* Taus88.c in Sources */,
				3522FBA3220DF51E00AFA127 /* MaxUtils.c in Sources */,
				3522FBA5220DF52100AFA127 /* MoreMath.c in Sources */,
				3522FBA2220DF51900AFA127 /* LitterLib.c in Sources */,
			);
			runOnlyForDeploymentPostprocessing = 0;
		};
		8D01CCCB0486CAD60068D4B7 /* Sources */ = {
			isa = PBXSourcesBuildPhase;
			buildActionMask = 2147483647;
			files = (
				042BE14D0A9478610008B638 /* bernie.c in Sources */,
				3522FB87220DE54900AFA127 /* LitterLib.c in Sources */,
				3522FB8A220DE55E00AFA127 /* MiscUtils.c in Sources */,
				3522FB8B220DE65A00AFA127 /* MaxUtils.c in Sources */,
				3522FB89220DE55800AFA127 /* RNGBinomial.c in Sources */,
				3522FB88220DE54F00AFA127 /* Taus88.c in Sources */,
			);
			runOnlyForDeploymentPostprocessing = 0;
		};
/* End PBXSourcesBuildPhase section */

/* Begin XCBuildConfiguration section */
		040C336C0B9358BF0088CD19 /* Development */ = {
			isa = XCBuildConfiguration;
			buildSettings = {
				COMBINE_HIDPI_IMAGES = YES;
				GCC_VERSION = com.apple.compilers.llvm.clang.1_0;
				INFOPLIST_PREFIX_HEADER = "Resources/Discrete/$(PRODUCT_NAME).versioninfo.h";
				PRODUCT_NAME = "lp.$(PRODUCT_SHORT_NAME)";
				PRODUCT_SHORT_NAME = cuthbert;
				SDKROOT = macosx;
			};
			name = Development;
		};
		040C336D0B9358BF0088CD19 /* Deployment */ = {
			isa = XCBuildConfiguration;
			buildSettings = {
				COMBINE_HIDPI_IMAGES = YES;
				GCC_VERSION = com.apple.compilers.llvm.clang.1_0;
				INFOPLIST_PREFIX_HEADER = "Resources/Discrete/$(PRODUCT_NAME).versioninfo.h";
				PRODUCT_NAME = "lp.$(PRODUCT_SHORT_NAME)";
				PRODUCT_SHORT_NAME = cuthbert;
				SDKROOT = macosx;
			};
			name = Deployment;
		};
		040C336E0B9358BF0088CD19 /* Default */ = {
			isa = XCBuildConfiguration;
			buildSettings = {
				COMBINE_HIDPI_IMAGES = YES;
				GCC_VERSION = com.apple.compilers.llvm.clang.1_0;
				INFOPLIST_PREFIX_HEADER = "Resources/Discrete/$(PRODUCT_NAME).versioninfo.h";
				PRODUCT_NAME = "lp.$(PRODUCT_SHORT_NAME)";
				PRODUCT_SHORT_NAME = cuthbert;
				SDKROOT = macosx;
			};
			name = Default;
		};
		041D502D0B344092006AA565 /* Development */ = {
			isa = XCBuildConfiguration;
			buildSettings = {
				COMBINE_HIDPI_IMAGES = YES;
				GCC_VERSION = com.apple.compilers.llvm.clang.1_0;
				INFOPLIST_PREFIX_HEADER = "Resources/Discrete/$(PRODUCT_NAME).versioninfo.h";
				PRODUCT_NAME = "lp.$(PRODUCT_SHORT_NAME)";
				PRODUCT_SHORT_NAME = bibi;
				SDKROOT = macosx;
			};
			name = Development;
		};
		041D502E0B344092006AA565 /* Deployment */ = {
			isa = XCBuildConfiguration;
			buildSettings = {
				COMBINE_HIDPI_IMAGES = YES;
				GCC_VERSION = com.apple.compilers.llvm.clang.1_0;
				INFOPLIST_PREFIX_HEADER = "Resources/Discrete/$(PRODUCT_NAME).versioninfo.h";
				PRODUCT_NAME = "lp.$(PRODUCT_SHORT_NAME)";
				PRODUCT_SHORT_NAME = bibi;
				SDKROOT = macosx;
			};
			name = Deployment;
		};
		041D502F0B344092006AA565 /* Default */ = {
			isa = XCBuildConfiguration;
			buildSettings = {
				COMBINE_HIDPI_IMAGES = YES;
				GCC_VERSION = com.apple.compilers.llvm.clang.1_0;
				INFOPLIST_PREFIX_HEADER = "Resources/Discrete/$(PRODUCT_NAME).versioninfo.h";
				PRODUCT_NAME = "lp.$(PRODUCT_SHORT_NAME)";
				PRODUCT_SHORT_NAME = bibi;
				SDKROOT = macosx;
			};
			name = Default;
		};
		042BE12A0A94770D0008B638 /* Development */ = {
			isa = XCBuildConfiguration;
			buildSettings = {
				COMBINE_HIDPI_IMAGES = YES;
				GCC_PREPROCESSOR_DEFINITIONS = (
					"__LITTER_UB__=1",
					"$(inherited)",
				);
				GCC_VERSION = com.apple.compilers.llvm.clang.1_0;
				INFOPLIST_PREFIX_HEADER = "Resources/Discrete/$(PRODUCT_NAME).versioninfo.h";
				PRODUCT_NAME = "lp.$(PRODUCT_SHORT_NAME)";
				PRODUCT_SHORT_NAME = tata;
				SDKROOT = macosx;
			};
			name = Development;
		};
		042BE12B0A94770D0008B638 /* Deployment */ = {
			isa = XCBuildConfiguration;
			buildSettings = {
				COMBINE_HIDPI_IMAGES = YES;
				GCC_PREPROCESSOR_DEFINITIONS = (
					"__LITTER_UB__=1",
					"$(inherited)",
				);
				GCC_VERSION = com.apple.compilers.llvm.clang.1_0;
				INFOPLIST_PREFIX_HEADER = "Resources/Discrete/$(PRODUCT_NAME).versioninfo.h";
				PRODUCT_NAME = "lp.$(PRODUCT_SHORT_NAME)";
				PRODUCT_SHORT_NAME = tata;
				SDKROOT = macosx;
			};
			name = Deployment;
		};
		042BE12C0A94770D0008B638 /* Default */ = {
			isa = XCBuildConfiguration;
			buildSettings = {
				COMBINE_HIDPI_IMAGES = YES;
				GCC_PREPROCESSOR_DEFINITIONS = (
					"__LITTER_UB__=1",
					"$(inherited)",
				);
				GCC_VERSION = com.apple.compilers.llvm.clang.1_0;
				INFOPLIST_PREFIX_HEADER = "Resources/Discrete/$(PRODUCT_NAME).versioninfo.h";
				PRODUCT_NAME = "lp.$(PRODUCT_SHORT_NAME)";
				PRODUCT_SHORT_NAME = tata;
				SDKROOT = macosx;
			};
			name = Default;
		};
		042BE1460A9478260008B638 /* Development */ = {
			isa = XCBuildConfiguration;
			buildSettings = {
				COMBINE_HIDPI_IMAGES = YES;
				GCC_VERSION = com.apple.compilers.llvm.clang.1_0;
				INFOPLIST_PREFIX_HEADER = "Resources/Discrete/$(PRODUCT_NAME).versioninfo.h";
				PRODUCT_NAME = "lp.$(PRODUCT_SHORT_NAME)";
				PRODUCT_SHORT_NAME = mama;
				SDKROOT = macosx;
			};
			name = Development;
		};
		042BE1470A9478260008B638 /* Deployment */ = {
			isa = XCBuildConfiguration;
			buildSettings = {
				COMBINE_HIDPI_IMAGES = YES;
				GCC_VERSION = com.apple.compilers.llvm.clang.1_0;
				INFOPLIST_PREFIX_HEADER = "Resources/Discrete/$(PRODUCT_NAME).versioninfo.h";
				PRODUCT_NAME = "lp.$(PRODUCT_SHORT_NAME)";
				PRODUCT_SHORT_NAME = mama;
				SDKROOT = macosx;
			};
			name = Deployment;
		};
		042BE1480A9478260008B638 /* Default */ = {
			isa = XCBuildConfiguration;
			buildSettings = {
				COMBINE_HIDPI_IMAGES = YES;
				GCC_VERSION = com.apple.compilers.llvm.clang.1_0;
				INFOPLIST_PREFIX_HEADER = "Resources/Discrete/$(PRODUCT_NAME).versioninfo.h";
				PRODUCT_NAME = "lp.$(PRODUCT_SHORT_NAME)";
				PRODUCT_SHORT_NAME = mama;
				SDKROOT = macosx;
			};
			name = Default;
		};
		042BE1630A9478D90008B638 /* Development */ = {
			isa = XCBuildConfiguration;
			buildSettings = {
				COMBINE_HIDPI_IMAGES = YES;
				GCC_VERSION = com.apple.compilers.llvm.clang.1_0;
				INFOPLIST_PREFIX_HEADER = "Resources/Discrete/$(PRODUCT_NAME).versioninfo.h";
				PRODUCT_NAME = "lp.$(PRODUCT_SHORT_NAME)";
				PRODUCT_SHORT_NAME = titi;
				SDKROOT = macosx;
			};
			name = Development;
		};
		042BE1640A9478D90008B638 /* Deployment */ = {
			isa = XCBuildConfiguration;
			buildSettings = {
				COMBINE_HIDPI_IMAGES = YES;
				GCC_VERSION = com.apple.compilers.llvm.clang.1_0;
				INFOPLIST_PREFIX_HEADER = "Resources/Discrete/$(PRODUCT_NAME).versioninfo.h";
				PRODUCT_NAME = "lp.$(PRODUCT_SHORT_NAME)";
				PRODUCT_SHORT_NAME = titi;
				SDKROOT = macosx;
			};
			name = Deployment;
		};
		042BE1650A9478D90008B638 /* Default */ = {
			isa = XCBuildConfiguration;
			buildSettings = {
				COMBINE_HIDPI_IMAGES = YES;
				GCC_VERSION = com.apple.compilers.llvm.clang.1_0;
				INFOPLIST_PREFIX_HEADER = "Resources/Discrete/$(PRODUCT_NAME).versioninfo.h";
				PRODUCT_NAME = "lp.$(PRODUCT_SHORT_NAME)";
				PRODUCT_SHORT_NAME = titi;
				SDKROOT = macosx;
			};
			name = Default;
		};
		042BE1800A94795D0008B638 /* Development */ = {
			isa = XCBuildConfiguration;
			buildSettings = {
				COMBINE_HIDPI_IMAGES = YES;
				GCC_VERSION = com.apple.compilers.llvm.clang.1_0;
				INFOPLIST_PREFIX_HEADER = "Resources/Discrete/$(PRODUCT_NAME).versioninfo.h";
				PRODUCT_NAME = "lp.$(PRODUCT_SHORT_NAME)";
				PRODUCT_SHORT_NAME = mrmr;
				SDKROOT = macosx;
			};
			name = Development;
		};
		042BE1810A94795D0008B638 /* Deployment */ = {
			isa = XCBuildConfiguration;
			buildSettings = {
				COMBINE_HIDPI_IMAGES = YES;
				GCC_VERSION = com.apple.compilers.llvm.clang.1_0;
				INFOPLIST_PREFIX_HEADER = "Resources/Discrete/$(PRODUCT_NAME).versioninfo.h";
				PRODUCT_NAME = "lp.$(PRODUCT_SHORT_NAME)";
				PRODUCT_SHORT_NAME = mrmr;
				SDKROOT = macosx;
			};
			name = Deployment;
		};
		042BE1820A94795D0008B638 /* Default */ = {
			isa = XCBuildConfiguration;
			buildSettings = {
				COMBINE_HIDPI_IMAGES = YES;
				GCC_VERSION = com.apple.compilers.llvm.clang.1_0;
				INFOPLIST_PREFIX_HEADER = "Resources/Discrete/$(PRODUCT_NAME).versioninfo.h";
				PRODUCT_NAME = "lp.$(PRODUCT_SHORT_NAME)";
				PRODUCT_SHORT_NAME = mrmr;
				SDKROOT = macosx;
			};
			name = Default;
		};
		042BE19E0A9479D00008B638 /* Development */ = {
			isa = XCBuildConfiguration;
			buildSettings = {
				COMBINE_HIDPI_IMAGES = YES;
				GCC_VERSION = com.apple.compilers.llvm.clang.1_0;
				INFOPLIST_PREFIX_HEADER = "Resources/Discrete/$(PRODUCT_NAME).versioninfo.h";
				PRODUCT_NAME = "lp.$(PRODUCT_SHORT_NAME)";
				PRODUCT_SHORT_NAME = lili;
				SDKROOT = macosx;
			};
			name = Development;
		};
		042BE19F0A9479D00008B638 /* Deployment */ = {
			isa = XCBuildConfiguration;
			buildSettings = {
				COMBINE_HIDPI_IMAGES = YES;
				GCC_VERSION = com.apple.compilers.llvm.clang.1_0;
				INFOPLIST_PREFIX_HEADER = "Resources/Discrete/$(PRODUCT_NAME).versioninfo.h";
				PRODUCT_NAME = "lp.$(PRODUCT_SHORT_NAME)";
				PRODUCT_SHORT_NAME = lili;
				SDKROOT = macosx;
			};
			name = Deployment;
		};
		042BE1A00A9479D00008B638 /* Default */ = {
			isa = XCBuildConfiguration;
			buildSettings = {
				COMBINE_HIDPI_IMAGES = YES;
				GCC_VERSION = com.apple.compilers.llvm.clang.1_0;
				INFOPLIST_PREFIX_HEADER = "Resources/Discrete/$(PRODUCT_NAME).versioninfo.h";
				PRODUCT_NAME = "lp.$(PRODUCT_SHORT_NAME)";
				PRODUCT_SHORT_NAME = lili;
				SDKROOT = macosx;
			};
			name = Default;
		};
		042BE1B70A947AE70008B638 /* Development */ = {
			isa = XCBuildConfiguration;
			buildSettings = {
				COMBINE_HIDPI_IMAGES = YES;
				GCC_PREPROCESSOR_DEFINITIONS = (
					"LITTER_USE_OBEX=1",
					"__LITTER_UB__=1",
					"\"NO_TRANSLATION_SUPPORT = 1\"",
					"\"DENORM_WANT_FIX = 1\"",
				);
				GCC_VERSION = com.apple.compilers.llvm.clang.1_0;
				GCC_WARN_ABOUT_DEPRECATED_FUNCTIONS = YES;
				HEADER_SEARCH_PATHS = (
					"\"$(C74SUPPORT)/jit-includes\"",
					"\"$(C74SUPPORT)/msp-includes\"",
					"\"$(C74SUPPORT)/max-includes\"",
					"$(SRCROOT)/../LitterLib",
				);
				INFOPLIST_PREFIX_HEADER = "Resources/Discrete/$(PRODUCT_NAME).versioninfo.h";
				PRODUCT_NAME = "lp.$(PRODUCT_SHORT_NAME)";
				PRODUCT_SHORT_NAME = ginger;
				REZ_PREPROCESSOR_DEFINITIONS = "";
				SDKROOT = macosx;
			};
			name = Development;
		};
		042BE1B80A947AE70008B638 /* Deployment */ = {
			isa = XCBuildConfiguration;
			buildSettings = {
				COMBINE_HIDPI_IMAGES = YES;
				GCC_PREPROCESSOR_DEFINITIONS = (
					"LITTER_USE_OBEX=1",
					"__LITTER_UB__=1",
					"\"NO_TRANSLATION_SUPPORT = 1\"",
					"\"DENORM_WANT_FIX = 1\"",
				);
				GCC_VERSION = com.apple.compilers.llvm.clang.1_0;
				GCC_WARN_ABOUT_DEPRECATED_FUNCTIONS = YES;
				HEADER_SEARCH_PATHS = (
					"\"$(C74SUPPORT)/jit-includes\"",
					"\"$(C74SUPPORT)/msp-includes\"",
					"\"$(C74SUPPORT)/max-includes\"",
					"$(SRCROOT)/../LitterLib",
				);
				INFOPLIST_PREFIX_HEADER = "Resources/Discrete/$(PRODUCT_NAME).versioninfo.h";
				PRODUCT_NAME = "lp.$(PRODUCT_SHORT_NAME)";
				PRODUCT_SHORT_NAME = ginger;
				REZ_PREPROCESSOR_DEFINITIONS = "";
				SDKROOT = macosx;
			};
			name = Deployment;
		};
		042BE1B90A947AE70008B638 /* Default */ = {
			isa = XCBuildConfiguration;
			buildSettings = {
				COMBINE_HIDPI_IMAGES = YES;
				GCC_PREPROCESSOR_DEFINITIONS = (
					"LITTER_USE_OBEX=1",
					"__LITTER_UB__=1",
					"\"NO_TRANSLATION_SUPPORT = 1\"",
					"\"DENORM_WANT_FIX = 1\"",
				);
				GCC_VERSION = com.apple.compilers.llvm.clang.1_0;
				GCC_WARN_ABOUT_DEPRECATED_FUNCTIONS = YES;
				HEADER_SEARCH_PATHS = (
					"\"$(C74SUPPORT)/jit-includes\"",
					"\"$(C74SUPPORT)/msp-includes\"",
					"\"$(C74SUPPORT)/max-includes\"",
					"$(SRCROOT)/../LitterLib",
				);
				INFOPLIST_PREFIX_HEADER = "Resources/Discrete/$(PRODUCT_NAME).versioninfo.h";
				PRODUCT_NAME = "lp.$(PRODUCT_SHORT_NAME)";
				PRODUCT_SHORT_NAME = ginger;
				REZ_PREPROCESSOR_DEFINITIONS = "";
				SDKROOT = macosx;
			};
			name = Default;
		};
		042BE1D70A947B990008B638 /* Development */ = {
			isa = XCBuildConfiguration;
			buildSettings = {
				COMBINE_HIDPI_IMAGES = YES;
				GCC_VERSION = com.apple.compilers.llvm.clang.1_0;
				INFOPLIST_PREFIX_HEADER = "Resources/Discrete/$(PRODUCT_NAME).versioninfo.h";
				PRODUCT_NAME = "lp.$(PRODUCT_SHORT_NAME)";
				PRODUCT_SHORT_NAME = dicey;
				SDKROOT = macosx;
			};
			name = Development;
		};
		042BE1D80A947B990008B638 /* Deployment */ = {
			isa = XCBuildConfiguration;
			buildSettings = {
				COMBINE_HIDPI_IMAGES = YES;
				GCC_VERSION = com.apple.compilers.llvm.clang.1_0;
				INFOPLIST_PREFIX_HEADER = "Resources/Discrete/$(PRODUCT_NAME).versioninfo.h";
				PRODUCT_NAME = "lp.$(PRODUCT_SHORT_NAME)";
				PRODUCT_SHORT_NAME = dicey;
				SDKROOT = macosx;
			};
			name = Deployment;
		};
		042BE1D90A947B990008B638 /* Default */ = {
			isa = XCBuildConfiguration;
			buildSettings = {
				COMBINE_HIDPI_IMAGES = YES;
				GCC_VERSION = com.apple.compilers.llvm.clang.1_0;
				INFOPLIST_PREFIX_HEADER = "Resources/Discrete/$(PRODUCT_NAME).versioninfo.h";
				PRODUCT_NAME = "lp.$(PRODUCT_SHORT_NAME)";
				PRODUCT_SHORT_NAME = dicey;
				SDKROOT = macosx;
			};
			name = Default;
		};
		042BE1F00A947BDB0008B638 /* Development */ = {
			isa = XCBuildConfiguration;
			buildSettings = {
				COMBINE_HIDPI_IMAGES = YES;
				GCC_VERSION = com.apple.compilers.llvm.clang.1_0;
				INFOPLIST_PREFIX_HEADER = "Resources/Discrete/$(PRODUCT_NAME).versioninfo.h";
				PRODUCT_NAME = "lp.$(PRODUCT_SHORT_NAME)";
				PRODUCT_SHORT_NAME = pfishie;
				SDKROOT = macosx;
			};
			name = Development;
		};
		042BE1F10A947BDB0008B638 /* Deployment */ = {
			isa = XCBuildConfiguration;
			buildSettings = {
				COMBINE_HIDPI_IMAGES = YES;
				GCC_VERSION = com.apple.compilers.llvm.clang.1_0;
				INFOPLIST_PREFIX_HEADER = "Resources/Discrete/$(PRODUCT_NAME).versioninfo.h";
				PRODUCT_NAME = "lp.$(PRODUCT_SHORT_NAME)";
				PRODUCT_SHORT_NAME = pfishie;
				SDKROOT = macosx;
			};
			name = Deployment;
		};
		042BE1F20A947BDB0008B638 /* Default */ = {
			isa = XCBuildConfiguration;
			buildSettings = {
				COMBINE_HIDPI_IMAGES = YES;
				GCC_VERSION = com.apple.compilers.llvm.clang.1_0;
				INFOPLIST_PREFIX_HEADER = "Resources/Discrete/$(PRODUCT_NAME).versioninfo.h";
				PRODUCT_NAME = "lp.$(PRODUCT_SHORT_NAME)";
				PRODUCT_SHORT_NAME = pfishie;
				SDKROOT = macosx;
			};
			name = Default;
		};
		042BE20B0A947C210008B638 /* Development */ = {
			isa = XCBuildConfiguration;
			buildSettings = {
				COMBINE_HIDPI_IMAGES = YES;
				GCC_VERSION = com.apple.compilers.llvm.clang.1_0;
				INFOPLIST_PREFIX_HEADER = "Resources/Discrete/$(PRODUCT_NAME).versioninfo.h";
				PRODUCT_NAME = "lp.$(PRODUCT_SHORT_NAME)";
				PRODUCT_SHORT_NAME = ernie;
				SDKROOT = macosx;
			};
			name = Development;
		};
		042BE20C0A947C210008B638 /* Deployment */ = {
			isa = XCBuildConfiguration;
			buildSettings = {
				COMBINE_HIDPI_IMAGES = YES;
				GCC_VERSION = com.apple.compilers.llvm.clang.1_0;
				INFOPLIST_PREFIX_HEADER = "Resources/Discrete/$(PRODUCT_NAME).versioninfo.h";
				PRODUCT_NAME = "lp.$(PRODUCT_SHORT_NAME)";
				PRODUCT_SHORT_NAME = ernie;
				SDKROOT = macosx;
			};
			name = Deployment;
		};
		042BE20D0A947C210008B638 /* Default */ = {
			isa = XCBuildConfiguration;
			buildSettings = {
				COMBINE_HIDPI_IMAGES = YES;
				GCC_VERSION = com.apple.compilers.llvm.clang.1_0;
				INFOPLIST_PREFIX_HEADER = "Resources/Discrete/$(PRODUCT_NAME).versioninfo.h";
				PRODUCT_NAME = "lp.$(PRODUCT_SHORT_NAME)";
				PRODUCT_SHORT_NAME = ernie;
				SDKROOT = macosx;
			};
			name = Default;
		};
		042BE2250A947C700008B638 /* Development */ = {
			isa = XCBuildConfiguration;
			buildSettings = {
				COMBINE_HIDPI_IMAGES = YES;
				GCC_VERSION = com.apple.compilers.llvm.clang.1_0;
				INFOPLIST_PREFIX_HEADER = "Resources/Discrete/$(PRODUCT_NAME).versioninfo.h";
				PRODUCT_NAME = "lp.$(PRODUCT_SHORT_NAME)";
				PRODUCT_SHORT_NAME = zippie;
				SDKROOT = macosx;
			};
			name = Development;
		};
		042BE2260A947C700008B638 /* Deployment */ = {
			isa = XCBuildConfiguration;
			buildSettings = {
				COMBINE_HIDPI_IMAGES = YES;
				GCC_VERSION = com.apple.compilers.llvm.clang.1_0;
				INFOPLIST_PREFIX_HEADER = "Resources/Discrete/$(PRODUCT_NAME).versioninfo.h";
				PRODUCT_NAME = "lp.$(PRODUCT_SHORT_NAME)";
				PRODUCT_SHORT_NAME = zippie;
				SDKROOT = macosx;
			};
			name = Deployment;
		};
		042BE2270A947C700008B638 /* Default */ = {
			isa = XCBuildConfiguration;
			buildSettings = {
				COMBINE_HIDPI_IMAGES = YES;
				GCC_VERSION = com.apple.compilers.llvm.clang.1_0;
				INFOPLIST_PREFIX_HEADER = "Resources/Discrete/$(PRODUCT_NAME).versioninfo.h";
				PRODUCT_NAME = "lp.$(PRODUCT_SHORT_NAME)";
				PRODUCT_SHORT_NAME = zippie;
				SDKROOT = macosx;
			};
			name = Default;
		};
		0FF6670B096B494E00E9E0B4 /* Development */ = {
			isa = XCBuildConfiguration;
			buildSettings = {
				COMBINE_HIDPI_IMAGES = YES;
				GCC_PREPROCESSOR_DEFINITIONS = "$(inherited)";
				GCC_VERSION = com.apple.compilers.llvm.clang.1_0;
				INFOPLIST_PREFIX_HEADER = "Resources/Discrete/$(PRODUCT_NAME).versioninfo.h";
				PRODUCT_NAME = "lp.$(PRODUCT_SHORT_NAME)";
				PRODUCT_SHORT_NAME = bernie;
				SDKROOT = macosx;
			};
			name = Development;
		};
		0FF6670C096B494E00E9E0B4 /* Deployment */ = {
			isa = XCBuildConfiguration;
			buildSettings = {
				COMBINE_HIDPI_IMAGES = YES;
				GCC_PREPROCESSOR_DEFINITIONS = "$(inherited)";
				GCC_VERSION = com.apple.compilers.llvm.clang.1_0;
				INFOPLIST_PREFIX_HEADER = "Resources/Discrete/$(PRODUCT_NAME).versioninfo.h";
				PRODUCT_NAME = "lp.$(PRODUCT_SHORT_NAME)";
				PRODUCT_SHORT_NAME = bernie;
				SDKROOT = macosx;
			};
			name = Deployment;
		};
		0FF6670D096B494E00E9E0B4 /* Default */ = {
			isa = XCBuildConfiguration;
			buildSettings = {
				COMBINE_HIDPI_IMAGES = YES;
				GCC_PREPROCESSOR_DEFINITIONS = "$(inherited)";
				GCC_VERSION = com.apple.compilers.llvm.clang.1_0;
				INFOPLIST_PREFIX_HEADER = "Resources/Discrete/$(PRODUCT_NAME).versioninfo.h";
				PRODUCT_NAME = "lp.$(PRODUCT_SHORT_NAME)";
				PRODUCT_SHORT_NAME = bernie;
				SDKROOT = macosx;
			};
			name = Default;
		};
		0FF6670F096B494E00E9E0B4 /* Development */ = {
			isa = XCBuildConfiguration;
			buildSettings = {
				C74SUPPORT = "$(SRCROOT)/../c74support";
				C74_SYM_LINKER_FLAGS = "@$(C74SUPPORT)/max-includes/c74_linker_flags.txt";
				CLANG_WARN_BOOL_CONVERSION = YES;
				CLANG_WARN_CONSTANT_CONVERSION = YES;
				CLANG_WARN_EMPTY_BODY = YES;
				CLANG_WARN_ENUM_CONVERSION = YES;
				CLANG_WARN_INFINITE_RECURSION = YES;
				CLANG_WARN_INT_CONVERSION = YES;
				CLANG_WARN_SUSPICIOUS_MOVE = YES;
				CLANG_WARN_UNREACHABLE_CODE = YES;
				CLANG_WARN__DUPLICATE_METHOD_MATCH = YES;
				COPY_PHASE_STRIP = NO;
				DEPLOYMENT_LOCATION = YES;
				DSTROOT = "$(PROJECT_DIR)";
				ENABLE_STRICT_OBJC_MSGSEND = YES;
				ENABLE_TESTABILITY = YES;
				FRAMEWORK_SEARCH_PATHS = (
					"\"$(C74SUPPORT)/max-includes\"",
					"\"$(C74SUPPORT)/jit-includes\"",
					"\"$(C74SUPPORT)/msp-includes\"",
				);
				GCC_NO_COMMON_BLOCKS = YES;
				GCC_OPTIMIZATION_LEVEL = 0;
				GCC_PRECOMPILE_PREFIX_HEADER = YES;
				GCC_PREFIX_HEADER = "$(C74SUPPORT)/max-includes/macho-prefix.pch";
				GCC_PREPROCESSOR_DEFINITIONS = (
					"LITTER_USE_OBEX=1",
					"__LITTER_UB__=1",
					"$(inherited)",
					"\"NO_TRANSLATION_SUPPORT = 1\"",
					"\"DENORM_WANT_FIX = 1\"",
				);
				GCC_VERSION = "";
				GCC_WARN_64_TO_32_BIT_CONVERSION = YES;
				GCC_WARN_ABOUT_DEPRECATED_FUNCTIONS = YES;
				GCC_WARN_ABOUT_RETURN_TYPE = YES;
				GCC_WARN_UNDECLARED_SELECTOR = YES;
				GCC_WARN_UNINITIALIZED_AUTOS = YES;
				GCC_WARN_UNUSED_FUNCTION = YES;
				GCC_WARN_UNUSED_VARIABLE = YES;
				GENERATE_PKGINFO_FILE = YES;
				HEADER_SEARCH_PATHS = (
					"\"$(C74SUPPORT)/jit-includes\"",
					"\"$(C74SUPPORT)/msp-includes\"",
					"\"$(C74SUPPORT)/max-includes\"",
					"\"$(SRCROOT)/../LitterLib\"",
				);
				INFOPLIST_FILE = "$(SRCROOT)/../Resources/Info.plist";
				INFOPLIST_PREFIX_HEADER = "$(inherited)";
				INFOPLIST_PREPROCESS = NO;
				INSTALL_PATH = "/../sysbuild/$(CONFIGURATION)/$(PROJECT)";
				LIBRARY_STYLE = Bundle;
				ONLY_ACTIVE_ARCH = YES;
				OTHER_LDFLAGS = (
					"-framework",
					MaxAudioAPI,
					"-framework",
					JitterAPI,
					"$(C74_SYM_LINKER_FLAGS)",
				);
				REZ_PREFIX_FILE = "";
				REZ_PREPROCESSOR_DEFINITIONS = "";
				REZ_SEARCH_PATHS = "";
				SDKROOT = macosx;
				STRIP_INSTALLED_PRODUCT = NO;
				STRIP_STYLE = "non-global";
				SYMROOT = "$(PROJECT_DIR)/xcodebuild";
				USER_HEADER_SEARCH_PATHS = "$(inherited) Sources/**";
				WARNING_CFLAGS = (
					"-Wmost",
					"-Wno-four-char-constants",
					"-Wno-unknown-pragmas",
				);
				WRAPPER_EXTENSION = mxo;
				ZERO_LINK = YES;
			};
			name = Development;
		};
		0FF66710096B494E00E9E0B4 /* Deployment */ = {
			isa = XCBuildConfiguration;
			buildSettings = {
				C74SUPPORT = "$(SRCROOT)/../c74support";
				C74_SYM_LINKER_FLAGS = "@$(C74SUPPORT)/max-includes/c74_linker_flags.txt";
				CLANG_WARN_BOOL_CONVERSION = YES;
				CLANG_WARN_CONSTANT_CONVERSION = YES;
				CLANG_WARN_EMPTY_BODY = YES;
				CLANG_WARN_ENUM_CONVERSION = YES;
				CLANG_WARN_INFINITE_RECURSION = YES;
				CLANG_WARN_INT_CONVERSION = YES;
				CLANG_WARN_SUSPICIOUS_MOVE = YES;
				CLANG_WARN_UNREACHABLE_CODE = YES;
				CLANG_WARN__DUPLICATE_METHOD_MATCH = YES;
				DEPLOYMENT_LOCATION = YES;
				DSTROOT = "$(PROJECT_DIR)";
				ENABLE_STRICT_OBJC_MSGSEND = YES;
				FRAMEWORK_SEARCH_PATHS = (
					"\"$(C74SUPPORT)/max-includes\"",
					"\"$(C74SUPPORT)/jit-includes\"",
					"\"$(C74SUPPORT)/msp-includes\"",
				);
				GCC_GENERATE_DEBUGGING_SYMBOLS = NO;
				GCC_NO_COMMON_BLOCKS = YES;
				GCC_PRECOMPILE_PREFIX_HEADER = YES;
				GCC_PREFIX_HEADER = "$(C74SUPPORT)/max-includes/macho-prefix.pch";
				GCC_PREPROCESSOR_DEFINITIONS = (
					"LITTER_USE_OBEX=1",
					"__LITTER_UB__=1",
					"$(inherited)",
					"\"NO_TRANSLATION_SUPPORT = 1\"",
					"\"DENORM_WANT_FIX = 1\"",
				);
				GCC_WARN_64_TO_32_BIT_CONVERSION = YES;
				GCC_WARN_ABOUT_DEPRECATED_FUNCTIONS = YES;
				GCC_WARN_ABOUT_RETURN_TYPE = YES;
				GCC_WARN_UNDECLARED_SELECTOR = YES;
				GCC_WARN_UNINITIALIZED_AUTOS = YES;
				GCC_WARN_UNUSED_FUNCTION = YES;
				GCC_WARN_UNUSED_VARIABLE = YES;
				GENERATE_PKGINFO_FILE = YES;
				HEADER_SEARCH_PATHS = (
					"\"$(C74SUPPORT)/jit-includes\"",
					"\"$(C74SUPPORT)/msp-includes\"",
					"\"$(C74SUPPORT)/max-includes\"",
					"\"$(SRCROOT)/../LitterLib\"",
				);
				INFOPLIST_FILE = "$(SRCROOT)/../Resources/Info.plist";
				INFOPLIST_PREFIX_HEADER = "$(inherited)";
				INFOPLIST_PREPROCESS = NO;
				INSTALL_PATH = "/../sysbuild/$(CONFIGURATION)/$(PROJECT)";
				LIBRARY_STYLE = Bundle;
				OTHER_LDFLAGS = (
					"-framework",
					MaxAudioAPI,
					"-framework",
					JitterAPI,
					"$(C74_SYM_LINKER_FLAGS)",
				);
				REZ_PREFIX_FILE = "";
				REZ_PREPROCESSOR_DEFINITIONS = "";
				REZ_SEARCH_PATHS = "";
				SDKROOT = macosx;
				STRIP_STYLE = "non-global";
				SYMROOT = "$(PROJECT_DIR)/xcodebuild";
				USER_HEADER_SEARCH_PATHS = "$(inherited) Sources/**";
				WRAPPER_EXTENSION = mxo;
			};
			name = Deployment;
		};
		0FF66711096B494E00E9E0B4 /* Default */ = {
			isa = XCBuildConfiguration;
			buildSettings = {
				C74SUPPORT = "$(SRCROOT)/../c74support";
				C74_SYM_LINKER_FLAGS = "@$(C74SUPPORT)/max-includes/c74_linker_flags.txt";
				CLANG_WARN_BOOL_CONVERSION = YES;
				CLANG_WARN_CONSTANT_CONVERSION = YES;
				CLANG_WARN_EMPTY_BODY = YES;
				CLANG_WARN_ENUM_CONVERSION = YES;
				CLANG_WARN_INFINITE_RECURSION = YES;
				CLANG_WARN_INT_CONVERSION = YES;
				CLANG_WARN_SUSPICIOUS_MOVE = YES;
				CLANG_WARN_UNREACHABLE_CODE = YES;
				CLANG_WARN__DUPLICATE_METHOD_MATCH = YES;
				DEPLOYMENT_LOCATION = YES;
				DSTROOT = "$(PROJECT_DIR)";
				ENABLE_STRICT_OBJC_MSGSEND = YES;
				FRAMEWORK_SEARCH_PATHS = (
					"\"$(C74SUPPORT)/max-includes\"",
					"\"$(C74SUPPORT)/jit-includes\"",
					"\"$(C74SUPPORT)/msp-includes\"",
				);
				GCC_NO_COMMON_BLOCKS = YES;
				GCC_PRECOMPILE_PREFIX_HEADER = YES;
				GCC_PREFIX_HEADER = "$(C74SUPPORT)/max-includes/macho-prefix.pch";
				GCC_PREPROCESSOR_DEFINITIONS = (
					"LITTER_USE_OBEX=1",
					"__LITTER_UB__=1",
					"$(inherited)",
					"\"NO_TRANSLATION_SUPPORT = 1\"",
					"\"DENORM_WANT_FIX = 1\"",
				);
				GCC_WARN_64_TO_32_BIT_CONVERSION = YES;
				GCC_WARN_ABOUT_DEPRECATED_FUNCTIONS = YES;
				GCC_WARN_ABOUT_RETURN_TYPE = YES;
				GCC_WARN_UNDECLARED_SELECTOR = YES;
				GCC_WARN_UNINITIALIZED_AUTOS = YES;
				GCC_WARN_UNUSED_FUNCTION = YES;
				GCC_WARN_UNUSED_VARIABLE = YES;
				GENERATE_PKGINFO_FILE = YES;
				HEADER_SEARCH_PATHS = (
					"\"$(C74SUPPORT)/jit-includes\"",
					"\"$(C74SUPPORT)/msp-includes\"",
					"\"$(C74SUPPORT)/max-includes\"",
					"\"$(SRCROOT)/../LitterLib\"",
				);
				INFOPLIST_FILE = "$(SRCROOT)/../Resources/Info.plist";
				INFOPLIST_PREFIX_HEADER = "$(inherited)";
				INFOPLIST_PREPROCESS = NO;
				INSTALL_PATH = "/../sysbuild/$(CONFIGURATION)/$(PROJECT)";
				LIBRARY_STYLE = Bundle;
				OTHER_LDFLAGS = (
					"-framework",
					MaxAudioAPI,
					"-framework",
					JitterAPI,
					"$(C74_SYM_LINKER_FLAGS)",
				);
				REZ_PREFIX_FILE = "";
				REZ_PREPROCESSOR_DEFINITIONS = "";
				REZ_SEARCH_PATHS = "";
				SDKROOT = macosx;
				STRIP_STYLE = "non-global";
				SYMROOT = "$(PROJECT_DIR)/xcodebuild";
				USER_HEADER_SEARCH_PATHS = "$(inherited) Sources/**";
				WRAPPER_EXTENSION = mxo;
			};
			name = Default;
		};
/* End XCBuildConfiguration section */

/* Begin XCConfigurationList section */
		040C336B0B9358BF0088CD19 /* Build configuration list for PBXNativeTarget "X-Negative Markov (UB)" */ = {
			isa = XCConfigurationList;
			buildConfigurations = (
				040C336C0B9358BF0088CD19 /* Development */,
				040C336D0B9358BF0088CD19 /* Deployment */,
				040C336E0B9358BF0088CD19 /* Default */,
			);
			defaultConfigurationIsVisible = 0;
			defaultConfigurationName = Default;
		};
		041D502C0B344092006AA565 /* Build configuration list for PBXNativeTarget "Beta Binomial Model (UB)" */ = {
			isa = XCConfigurationList;
			buildConfigurations = (
				041D502D0B344092006AA565 /* Development */,
				041D502E0B344092006AA565 /* Deployment */,
				041D502F0B344092006AA565 /* Default */,
			);
			defaultConfigurationIsVisible = 0;
			defaultConfigurationName = Default;
		};
		042BE1290A94770D0008B638 /* Build configuration list for PBXNativeTarget "Taus88 (UB)" */ = {
			isa = XCConfigurationList;
			buildConfigurations = (
				042BE12A0A94770D0008B638 /* Development */,
				042BE12B0A94770D0008B638 /* Deployment */,
				042BE12C0A94770D0008B638 /* Default */,
			);
			defaultConfigurationIsVisible = 0;
			defaultConfigurationName = Default;
		};
		042BE1450A9478260008B638 /* Build configuration list for PBXNativeTarget "Marsiglia Mother (UB)" */ = {
			isa = XCConfigurationList;
			buildConfigurations = (
				042BE1460A9478260008B638 /* Development */,
				042BE1470A9478260008B638 /* Deployment */,
				042BE1480A9478260008B638 /* Default */,
			);
			defaultConfigurationIsVisible = 0;
			defaultConfigurationName = Default;
		};
		042BE1620A9478D90008B638 /* Build configuration list for PBXNativeTarget "TT800 (UB)" */ = {
			isa = XCConfigurationList;
			buildConfigurations = (
				042BE1630A9478D90008B638 /* Development */,
				042BE1640A9478D90008B638 /* Deployment */,
				042BE1650A9478D90008B638 /* Default */,
			);
			defaultConfigurationIsVisible = 0;
			defaultConfigurationName = Default;
		};
		042BE17F0A94795D0008B638 /* Build configuration list for PBXNativeTarget "Mersenne Twister (UB)" */ = {
			isa = XCConfigurationList;
			buildConfigurations = (
				042BE1800A94795D0008B638 /* Development */,
				042BE1810A94795D0008B638 /* Deployment */,
				042BE1820A94795D0008B638 /* Default */,
			);
			defaultConfigurationIsVisible = 0;
			defaultConfigurationName = Default;
		};
		042BE19D0A9479D00008B638 /* Build configuration list for PBXNativeTarget "Parametric LC (UB)" */ = {
			isa = XCConfigurationList;
			buildConfigurations = (
				042BE19E0A9479D00008B638 /* Development */,
				042BE19F0A9479D00008B638 /* Deployment */,
				042BE1A00A9479D00008B638 /* Default */,
			);
			defaultConfigurationIsVisible = 0;
			defaultConfigurationName = Default;
		};
		042BE1B60A947AE70008B638 /* Build configuration list for PBXNativeTarget "I Ching (UB)" */ = {
			isa = XCConfigurationList;
			buildConfigurations = (
				042BE1B70A947AE70008B638 /* Development */,
				042BE1B80A947AE70008B638 /* Deployment */,
				042BE1B90A947AE70008B638 /* Default */,
			);
			defaultConfigurationIsVisible = 0;
			defaultConfigurationName = Default;
		};
		042BE1D60A947B990008B638 /* Build configuration list for PBXNativeTarget "Dice (UB)" */ = {
			isa = XCConfigurationList;
			buildConfigurations = (
				042BE1D70A947B990008B638 /* Development */,
				042BE1D80A947B990008B638 /* Deployment */,
				042BE1D90A947B990008B638 /* Default */,
			);
			defaultConfigurationIsVisible = 0;
			defaultConfigurationName = Default;
		};
		042BE1EF0A947BDB0008B638 /* Build configuration list for PBXNativeTarget "Poisson (UB)" */ = {
			isa = XCConfigurationList;
			buildConfigurations = (
				042BE1F00A947BDB0008B638 /* Development */,
				042BE1F10A947BDB0008B638 /* Deployment */,
				042BE1F20A947BDB0008B638 /* Default */,
			);
			defaultConfigurationIsVisible = 0;
			defaultConfigurationName = Default;
		};
		042BE20A0A947C210008B638 /* Build configuration list for PBXNativeTarget "Urn Model (UB)" */ = {
			isa = XCConfigurationList;
			buildConfigurations = (
				042BE20B0A947C210008B638 /* Development */,
				042BE20C0A947C210008B638 /* Deployment */,
				042BE20D0A947C210008B638 /* Default */,
			);
			defaultConfigurationIsVisible = 0;
			defaultConfigurationName = Default;
		};
		042BE2240A947C700008B638 /* Build configuration list for PBXNativeTarget "Zipf (UB)" */ = {
			isa = XCConfigurationList;
			buildConfigurations = (
				042BE2250A947C700008B638 /* Development */,
				042BE2260A947C700008B638 /* Deployment */,
				042BE2270A947C700008B638 /* Default */,
			);
			defaultConfigurationIsVisible = 0;
			defaultConfigurationName = Default;
		};
		0FF6670A096B494E00E9E0B4 /* Build configuration list for PBXNativeTarget "Bernoulli Trials (UB)" */ = {
			isa = XCConfigurationList;
			buildConfigurations = (
				0FF6670B096B494E00E9E0B4 /* Development */,
				0FF6670C096B494E00E9E0B4 /* Deployment */,
				0FF6670D096B494E00E9E0B4 /* Default */,
			);
			defaultConfigurationIsVisible = 0;
			defaultConfigurationName = Default;
		};
		0FF6670E096B494E00E9E0B4 /* Build configuration list for PBXProject "LitterDiscrete" */ = {
			isa = XCConfigurationList;
			buildConfigurations = (
				0FF6670F096B494E00E9E0B4 /* Development */,
				0FF66710096B494E00E9E0B4 /* Deployment */,
				0FF66711096B494E00E9E0B4 /* Default */,
			);
			defaultConfigurationIsVisible = 0;
			defaultConfigurationName = Default;
		};
/* End XCConfigurationList section */
	};
	rootObject = 089C1669FE841209C02AAC07 /* Project object */;
}
